// !$*UTF8*$!
{
	archiveVersion = 1;
	classes = {
	};
	objectVersion = 48;
	objects = {

/* Begin PBXBuildFile section */
		651D7C9D21DA1BBC00DE3EBB /* ConditionFunctionEditor.storyboard in Resources */ = {isa = PBXBuildFile; fileRef = 651D7C9C21DA1BBC00DE3EBB /* ConditionFunctionEditor.storyboard */; };
		651D7C9F21DA1EF300DE3EBB /* ConditionFunctionEditorViewController.swift in Sources */ = {isa = PBXBuildFile; fileRef = 651D7C9E21DA1EF300DE3EBB /* ConditionFunctionEditorViewController.swift */; };
		651DEED822462AA60010173F /* Document+fromJSON.swift in Sources */ = {isa = PBXBuildFile; fileRef = 651DEED722462AA60010173F /* Document+fromJSON.swift */; };
		65308BB621CF888E00830115 /* sizeFontToFillFrame.swift in Sources */ = {isa = PBXBuildFile; fileRef = 65308BB521CF888E00830115 /* sizeFontToFillFrame.swift */; };
		6532644E21C055B5009C0ED8 /* CurveHelper.swift in Sources */ = {isa = PBXBuildFile; fileRef = 6532644D21C055B5009C0ED8 /* CurveHelper.swift */; };
		653E69642244C2030006BE5D /* NVStoryJSON.swift in Sources */ = {isa = PBXBuildFile; fileRef = 653E69632244C2030006BE5D /* NVStoryJSON.swift */; };
		6550AA6D224415570032232A /* NVStoryObserver.swift in Sources */ = {isa = PBXBuildFile; fileRef = 6550AA6C224415570032232A /* NVStoryObserver.swift */; };
		6550AA6F224424950032232A /* NVSelector.swift in Sources */ = {isa = PBXBuildFile; fileRef = 6550AA6E224424950032232A /* NVSelector.swift */; };
		655864E621C7F6D40080EDFB /* NSRect+Center.swift in Sources */ = {isa = PBXBuildFile; fileRef = 655864E521C7F6D40080EDFB /* NSRect+Center.swift */; };
		655F41B921C3B16F00F7E7D8 /* PropertyViews.swift in Sources */ = {isa = PBXBuildFile; fileRef = 655F41B821C3B16F00F7E7D8 /* PropertyViews.swift */; };
		657DBAAF2142587B00C7CF17 /* Highlightr.framework in Frameworks */ = {isa = PBXBuildFile; fileRef = 657DBAAE2142587B00C7CF17 /* Highlightr.framework */; };
		6587583B222D7B3400EAD491 /* Properties.storyboard in Resources */ = {isa = PBXBuildFile; fileRef = 6587583A222D7B3400EAD491 /* Properties.storyboard */; };
		6587583D222D7BAD00EAD491 /* PropertiesViewController.swift in Sources */ = {isa = PBXBuildFile; fileRef = 6587583C222D7BAD00EAD491 /* PropertiesViewController.swift */; };
		658C2449222D7CAA00E1FE32 /* PropertyTransformView.xib in Resources */ = {isa = PBXBuildFile; fileRef = 658C2448222D7CAA00E1FE32 /* PropertyTransformView.xib */; };
		658C244B222D7DBB00E1FE32 /* PropertiesViews.swift in Sources */ = {isa = PBXBuildFile; fileRef = 658C244A222D7DBB00E1FE32 /* PropertiesViews.swift */; };
		658C244D222DE0AA00E1FE32 /* PropertyGroupView.xib in Resources */ = {isa = PBXBuildFile; fileRef = 658C244C222DE0AA00E1FE32 /* PropertyGroupView.xib */; };
		658C244F222DE2A700E1FE32 /* PropertySequenceView.xib in Resources */ = {isa = PBXBuildFile; fileRef = 658C244E222DE2A700E1FE32 /* PropertySequenceView.xib */; };
		658C2451222DE37100E1FE32 /* PropertyEventView.xib in Resources */ = {isa = PBXBuildFile; fileRef = 658C2450222DE37100E1FE32 /* PropertyEventView.xib */; };
		65AE3DB521C3B8B10026DDE1 /* NSView+Nib.swift in Sources */ = {isa = PBXBuildFile; fileRef = 65AE3DB421C3B8B10026DDE1 /* NSView+Nib.swift */; };
		65AE3DB721C3C3130026DDE1 /* CustomNotifications.swift in Sources */ = {isa = PBXBuildFile; fileRef = 65AE3DB621C3C3130026DDE1 /* CustomNotifications.swift */; };
		65AEA63F21BEEC1800D288F0 /* CanvasBench.swift in Sources */ = {isa = PBXBuildFile; fileRef = 65AEA63E21BEEC1800D288F0 /* CanvasBench.swift */; };
		65BB18EC21CE269C00DCB05E /* LinkParker.swift in Sources */ = {isa = PBXBuildFile; fileRef = 65BB18EB21CE269C00DCB05E /* LinkParker.swift */; };
		65BB18EE21CE318B00DCB05E /* NSView+ViewAt.swift in Sources */ = {isa = PBXBuildFile; fileRef = 65BB18ED21CE318B00DCB05E /* NSView+ViewAt.swift */; };
		65BFD9AD212575A900FDA31B /* SwiftyJSON.framework in Frameworks */ = {isa = PBXBuildFile; fileRef = 65BFD9AC212575A900FDA31B /* SwiftyJSON.framework */; };
		65CC99A621C23F63008CD7BA /* CustomTables.swift in Sources */ = {isa = PBXBuildFile; fileRef = 65CC99A521C23F63008CD7BA /* CustomTables.swift */; };
		65CC99AA21C26876008CD7BA /* Assets.xcassets in Resources */ = {isa = PBXBuildFile; fileRef = 65CC99A921C26876008CD7BA /* Assets.xcassets */; };
		65FDF7A821C1CB4F00A8EFAA /* Outliner.storyboard in Resources */ = {isa = PBXBuildFile; fileRef = 65FDF7A721C1CB4F00A8EFAA /* Outliner.storyboard */; };
		65FDF7AA21C1D01C00A8EFAA /* OutlinerViewController.swift in Sources */ = {isa = PBXBuildFile; fileRef = 65FDF7A921C1D01C00A8EFAA /* OutlinerViewController.swift */; };
		DF22E9EC211DA6DE00606D97 /* MainViewController.swift in Sources */ = {isa = PBXBuildFile; fileRef = DF22E9EB211DA6DE00606D97 /* MainViewController.swift */; };
		DF93F60221BD07C000CF5B03 /* NSBezierPath+CGPath.swift in Sources */ = {isa = PBXBuildFile; fileRef = DF93F60121BD07C000CF5B03 /* NSBezierPath+CGPath.swift */; };
		DF93F60921BD976E00CF5B03 /* NSView+Extra.swift in Sources */ = {isa = PBXBuildFile; fileRef = DF93F60821BD976E00CF5B03 /* NSView+Extra.swift */; };
		DF93F60B21BD992D00CF5B03 /* CanvasLink.swift in Sources */ = {isa = PBXBuildFile; fileRef = DF93F60A21BD992D00CF5B03 /* CanvasLink.swift */; };
		DF93F60D21BD99C100CF5B03 /* CanvasSequenceLink.swift in Sources */ = {isa = PBXBuildFile; fileRef = DF93F60C21BD99C100CF5B03 /* CanvasSequenceLink.swift */; };
		DF93F60F21BD99D200CF5B03 /* CanvasEventLink.swift in Sources */ = {isa = PBXBuildFile; fileRef = DF93F60E21BD99D200CF5B03 /* CanvasEventLink.swift */; };
		DF94927D21B96D6F00BC8AB0 /* NVUtil.swift in Sources */ = {isa = PBXBuildFile; fileRef = DF94926E21B96D6E00BC8AB0 /* NVUtil.swift */; };
		DF94927E21B96D6F00BC8AB0 /* NVEntity.swift in Sources */ = {isa = PBXBuildFile; fileRef = DF94926F21B96D6E00BC8AB0 /* NVEntity.swift */; };
		DF94927F21B96D6F00BC8AB0 /* NVLink.swift in Sources */ = {isa = PBXBuildFile; fileRef = DF94927021B96D6E00BC8AB0 /* NVLink.swift */; };
		DF94928021B96D6F00BC8AB0 /* NVCondition.swift in Sources */ = {isa = PBXBuildFile; fileRef = DF94927121B96D6E00BC8AB0 /* NVCondition.swift */; };
		DF94928121B96D6F00BC8AB0 /* NVSequence.swift in Sources */ = {isa = PBXBuildFile; fileRef = DF94927221B96D6E00BC8AB0 /* NVSequence.swift */; };
		DF94928221B96D6F00BC8AB0 /* NVValue.swift in Sources */ = {isa = PBXBuildFile; fileRef = DF94927321B96D6F00BC8AB0 /* NVValue.swift */; };
		DF94928421B96D6F00BC8AB0 /* NVEvent.swift in Sources */ = {isa = PBXBuildFile; fileRef = DF94927521B96D6F00BC8AB0 /* NVEvent.swift */; };
		DF94928521B96D6F00BC8AB0 /* NVFunction.swift in Sources */ = {isa = PBXBuildFile; fileRef = DF94927621B96D6F00BC8AB0 /* NVFunction.swift */; };
		DF94928621B96D6F00BC8AB0 /* NVIdentifiable.swift in Sources */ = {isa = PBXBuildFile; fileRef = DF94927721B96D6F00BC8AB0 /* NVIdentifiable.swift */; };
		DF94928721B96D6F00BC8AB0 /* NVLog.swift in Sources */ = {isa = PBXBuildFile; fileRef = DF94927821B96D6F00BC8AB0 /* NVLog.swift */; };
		DF94928821B96D6F00BC8AB0 /* NVGroup.swift in Sources */ = {isa = PBXBuildFile; fileRef = DF94927921B96D6F00BC8AB0 /* NVGroup.swift */; };
		DF94928921B96D6F00BC8AB0 /* NVDiscoverableSequence.swift in Sources */ = {isa = PBXBuildFile; fileRef = DF94927A21B96D6F00BC8AB0 /* NVDiscoverableSequence.swift */; };
		DF94928A21B96D6F00BC8AB0 /* NVStory.swift in Sources */ = {isa = PBXBuildFile; fileRef = DF94927B21B96D6F00BC8AB0 /* NVStory.swift */; };
		DF94928B21B96D6F00BC8AB0 /* NVVariable.swift in Sources */ = {isa = PBXBuildFile; fileRef = DF94927C21B96D6F00BC8AB0 /* NVVariable.swift */; };
		DF94928E21B96F8C00BC8AB0 /* Canvas.swift in Sources */ = {isa = PBXBuildFile; fileRef = DF94928D21B96F8C00BC8AB0 /* Canvas.swift */; };
		DF94929021B96F9F00BC8AB0 /* CanvasBackground.swift in Sources */ = {isa = PBXBuildFile; fileRef = DF94928F21B96F9F00BC8AB0 /* CanvasBackground.swift */; };
		DF94929321B9705400BC8AB0 /* NSColor+Extras.swift in Sources */ = {isa = PBXBuildFile; fileRef = DF94929221B9705400BC8AB0 /* NSColor+Extras.swift */; };
		DF94929521B9716E00BC8AB0 /* Graph.storyboard in Resources */ = {isa = PBXBuildFile; fileRef = DF94929421B9716E00BC8AB0 /* Graph.storyboard */; };
		DF94929721B9723900BC8AB0 /* GraphViewController.swift in Sources */ = {isa = PBXBuildFile; fileRef = DF94929621B9723900BC8AB0 /* GraphViewController.swift */; };
		DF94929921B9838F00BC8AB0 /* CanvasObject.swift in Sources */ = {isa = PBXBuildFile; fileRef = DF94929821B9838F00BC8AB0 /* CanvasObject.swift */; };
		DF94929B21B9848E00BC8AB0 /* CanvasMarquee.swift in Sources */ = {isa = PBXBuildFile; fileRef = DF94929A21B9848E00BC8AB0 /* CanvasMarquee.swift */; };
		DF94929D21B98A9100BC8AB0 /* CanvasGroup.swift in Sources */ = {isa = PBXBuildFile; fileRef = DF94929C21B98A9100BC8AB0 /* CanvasGroup.swift */; };
		DF94929F21B98A9A00BC8AB0 /* CanvasSequence.swift in Sources */ = {isa = PBXBuildFile; fileRef = DF94929E21B98A9A00BC8AB0 /* CanvasSequence.swift */; };
		DF9492A121B98AA100BC8AB0 /* CanvasEvent.swift in Sources */ = {isa = PBXBuildFile; fileRef = DF9492A021B98AA100BC8AB0 /* CanvasEvent.swift */; };
		DF9492A321BA573600BC8AB0 /* NVPath.swift in Sources */ = {isa = PBXBuildFile; fileRef = DF9492A221BA573600BC8AB0 /* NVPath.swift */; };
		DF9492A721BA825D00BC8AB0 /* CGPoint+Math.swift in Sources */ = {isa = PBXBuildFile; fileRef = DF9492A621BA825D00BC8AB0 /* CGPoint+Math.swift */; };
		DF9492A921BA82ED00BC8AB0 /* CanvasSelection.swift in Sources */ = {isa = PBXBuildFile; fileRef = DF9492A821BA82ED00BC8AB0 /* CanvasSelection.swift */; };
		DFCE6041211C3D20005900D8 /* AppDelegate.swift in Sources */ = {isa = PBXBuildFile; fileRef = DFCE6040211C3D20005900D8 /* AppDelegate.swift */; };
		DFCE6045211C3D20005900D8 /* Document.swift in Sources */ = {isa = PBXBuildFile; fileRef = DFCE6044211C3D20005900D8 /* Document.swift */; };
		DFCE604A211C3D20005900D8 /* Main.storyboard in Resources */ = {isa = PBXBuildFile; fileRef = DFCE6048211C3D20005900D8 /* Main.storyboard */; };
/* End PBXBuildFile section */

/* Begin PBXFileReference section */
		651D7C9C21DA1BBC00DE3EBB /* ConditionFunctionEditor.storyboard */ = {isa = PBXFileReference; lastKnownFileType = file.storyboard; path = ConditionFunctionEditor.storyboard; sourceTree = "<group>"; };
		651D7C9E21DA1EF300DE3EBB /* ConditionFunctionEditorViewController.swift */ = {isa = PBXFileReference; lastKnownFileType = sourcecode.swift; path = ConditionFunctionEditorViewController.swift; sourceTree = "<group>"; };
		651DEED722462AA60010173F /* Document+fromJSON.swift */ = {isa = PBXFileReference; lastKnownFileType = sourcecode.swift; path = "Document+fromJSON.swift"; sourceTree = "<group>"; };
		65308BB521CF888E00830115 /* sizeFontToFillFrame.swift */ = {isa = PBXFileReference; lastKnownFileType = sourcecode.swift; path = sizeFontToFillFrame.swift; sourceTree = "<group>"; };
		6532644D21C055B5009C0ED8 /* CurveHelper.swift */ = {isa = PBXFileReference; lastKnownFileType = sourcecode.swift; path = CurveHelper.swift; sourceTree = "<group>"; };
		653E69632244C2030006BE5D /* NVStoryJSON.swift */ = {isa = PBXFileReference; lastKnownFileType = sourcecode.swift; path = NVStoryJSON.swift; sourceTree = "<group>"; };
		6550AA6C224415570032232A /* NVStoryObserver.swift */ = {isa = PBXFileReference; lastKnownFileType = sourcecode.swift; path = NVStoryObserver.swift; sourceTree = "<group>"; };
		6550AA6E224424950032232A /* NVSelector.swift */ = {isa = PBXFileReference; lastKnownFileType = sourcecode.swift; path = NVSelector.swift; sourceTree = "<group>"; };
		655864E521C7F6D40080EDFB /* NSRect+Center.swift */ = {isa = PBXFileReference; lastKnownFileType = sourcecode.swift; path = "NSRect+Center.swift"; sourceTree = "<group>"; };
		655F41B821C3B16F00F7E7D8 /* PropertyViews.swift */ = {isa = PBXFileReference; lastKnownFileType = sourcecode.swift; path = PropertyViews.swift; sourceTree = "<group>"; };
		657DBAAE2142587B00C7CF17 /* Highlightr.framework */ = {isa = PBXFileReference; lastKnownFileType = wrapper.framework; name = Highlightr.framework; path = Carthage/Build/Mac/Highlightr.framework; sourceTree = "<group>"; };
		6587583A222D7B3400EAD491 /* Properties.storyboard */ = {isa = PBXFileReference; lastKnownFileType = file.storyboard; path = Properties.storyboard; sourceTree = "<group>"; };
		6587583C222D7BAD00EAD491 /* PropertiesViewController.swift */ = {isa = PBXFileReference; lastKnownFileType = sourcecode.swift; path = PropertiesViewController.swift; sourceTree = "<group>"; };
		658C2448222D7CAA00E1FE32 /* PropertyTransformView.xib */ = {isa = PBXFileReference; lastKnownFileType = file.xib; path = PropertyTransformView.xib; sourceTree = "<group>"; };
		658C244A222D7DBB00E1FE32 /* PropertiesViews.swift */ = {isa = PBXFileReference; lastKnownFileType = sourcecode.swift; path = PropertiesViews.swift; sourceTree = "<group>"; };
		658C244C222DE0AA00E1FE32 /* PropertyGroupView.xib */ = {isa = PBXFileReference; lastKnownFileType = file.xib; path = PropertyGroupView.xib; sourceTree = "<group>"; };
		658C244E222DE2A700E1FE32 /* PropertySequenceView.xib */ = {isa = PBXFileReference; lastKnownFileType = file.xib; path = PropertySequenceView.xib; sourceTree = "<group>"; };
		658C2450222DE37100E1FE32 /* PropertyEventView.xib */ = {isa = PBXFileReference; lastKnownFileType = file.xib; path = PropertyEventView.xib; sourceTree = "<group>"; };
		65AE3DB421C3B8B10026DDE1 /* NSView+Nib.swift */ = {isa = PBXFileReference; lastKnownFileType = sourcecode.swift; path = "NSView+Nib.swift"; sourceTree = "<group>"; };
		65AE3DB621C3C3130026DDE1 /* CustomNotifications.swift */ = {isa = PBXFileReference; lastKnownFileType = sourcecode.swift; path = CustomNotifications.swift; sourceTree = "<group>"; };
		65AEA63E21BEEC1800D288F0 /* CanvasBench.swift */ = {isa = PBXFileReference; lastKnownFileType = sourcecode.swift; path = CanvasBench.swift; sourceTree = "<group>"; };
		65BB18EB21CE269C00DCB05E /* LinkParker.swift */ = {isa = PBXFileReference; lastKnownFileType = sourcecode.swift; path = LinkParker.swift; sourceTree = "<group>"; };
		65BB18ED21CE318B00DCB05E /* NSView+ViewAt.swift */ = {isa = PBXFileReference; lastKnownFileType = sourcecode.swift; path = "NSView+ViewAt.swift"; sourceTree = "<group>"; };
		65BFD9AC212575A900FDA31B /* SwiftyJSON.framework */ = {isa = PBXFileReference; lastKnownFileType = wrapper.framework; name = SwiftyJSON.framework; path = Carthage/Build/Mac/SwiftyJSON.framework; sourceTree = "<group>"; };
		65CC99A521C23F63008CD7BA /* CustomTables.swift */ = {isa = PBXFileReference; lastKnownFileType = sourcecode.swift; path = CustomTables.swift; sourceTree = "<group>"; };
		65CC99A921C26876008CD7BA /* Assets.xcassets */ = {isa = PBXFileReference; lastKnownFileType = folder.assetcatalog; path = Assets.xcassets; sourceTree = "<group>"; };
		65FDF7A721C1CB4F00A8EFAA /* Outliner.storyboard */ = {isa = PBXFileReference; lastKnownFileType = file.storyboard; path = Outliner.storyboard; sourceTree = "<group>"; };
		65FDF7A921C1D01C00A8EFAA /* OutlinerViewController.swift */ = {isa = PBXFileReference; lastKnownFileType = sourcecode.swift; path = OutlinerViewController.swift; sourceTree = "<group>"; };
		DF22E9EB211DA6DE00606D97 /* MainViewController.swift */ = {isa = PBXFileReference; lastKnownFileType = sourcecode.swift; path = MainViewController.swift; sourceTree = "<group>"; };
		DF93F60121BD07C000CF5B03 /* NSBezierPath+CGPath.swift */ = {isa = PBXFileReference; lastKnownFileType = sourcecode.swift; path = "NSBezierPath+CGPath.swift"; sourceTree = "<group>"; };
		DF93F60821BD976E00CF5B03 /* NSView+Extra.swift */ = {isa = PBXFileReference; lastKnownFileType = sourcecode.swift; path = "NSView+Extra.swift"; sourceTree = "<group>"; };
		DF93F60A21BD992D00CF5B03 /* CanvasLink.swift */ = {isa = PBXFileReference; lastKnownFileType = sourcecode.swift; path = CanvasLink.swift; sourceTree = "<group>"; };
		DF93F60C21BD99C100CF5B03 /* CanvasSequenceLink.swift */ = {isa = PBXFileReference; lastKnownFileType = sourcecode.swift; path = CanvasSequenceLink.swift; sourceTree = "<group>"; };
		DF93F60E21BD99D200CF5B03 /* CanvasEventLink.swift */ = {isa = PBXFileReference; lastKnownFileType = sourcecode.swift; path = CanvasEventLink.swift; sourceTree = "<group>"; };
		DF94926E21B96D6E00BC8AB0 /* NVUtil.swift */ = {isa = PBXFileReference; fileEncoding = 4; lastKnownFileType = sourcecode.swift; path = NVUtil.swift; sourceTree = "<group>"; };
		DF94926F21B96D6E00BC8AB0 /* NVEntity.swift */ = {isa = PBXFileReference; fileEncoding = 4; lastKnownFileType = sourcecode.swift; path = NVEntity.swift; sourceTree = "<group>"; };
		DF94927021B96D6E00BC8AB0 /* NVLink.swift */ = {isa = PBXFileReference; fileEncoding = 4; lastKnownFileType = sourcecode.swift; path = NVLink.swift; sourceTree = "<group>"; };
		DF94927121B96D6E00BC8AB0 /* NVCondition.swift */ = {isa = PBXFileReference; fileEncoding = 4; lastKnownFileType = sourcecode.swift; path = NVCondition.swift; sourceTree = "<group>"; };
		DF94927221B96D6E00BC8AB0 /* NVSequence.swift */ = {isa = PBXFileReference; fileEncoding = 4; lastKnownFileType = sourcecode.swift; path = NVSequence.swift; sourceTree = "<group>"; };
		DF94927321B96D6F00BC8AB0 /* NVValue.swift */ = {isa = PBXFileReference; fileEncoding = 4; lastKnownFileType = sourcecode.swift; path = NVValue.swift; sourceTree = "<group>"; };
		DF94927521B96D6F00BC8AB0 /* NVEvent.swift */ = {isa = PBXFileReference; fileEncoding = 4; lastKnownFileType = sourcecode.swift; path = NVEvent.swift; sourceTree = "<group>"; };
		DF94927621B96D6F00BC8AB0 /* NVFunction.swift */ = {isa = PBXFileReference; fileEncoding = 4; lastKnownFileType = sourcecode.swift; path = NVFunction.swift; sourceTree = "<group>"; };
		DF94927721B96D6F00BC8AB0 /* NVIdentifiable.swift */ = {isa = PBXFileReference; fileEncoding = 4; lastKnownFileType = sourcecode.swift; path = NVIdentifiable.swift; sourceTree = "<group>"; };
		DF94927821B96D6F00BC8AB0 /* NVLog.swift */ = {isa = PBXFileReference; fileEncoding = 4; lastKnownFileType = sourcecode.swift; path = NVLog.swift; sourceTree = "<group>"; };
		DF94927921B96D6F00BC8AB0 /* NVGroup.swift */ = {isa = PBXFileReference; fileEncoding = 4; lastKnownFileType = sourcecode.swift; path = NVGroup.swift; sourceTree = "<group>"; };
		DF94927A21B96D6F00BC8AB0 /* NVDiscoverableSequence.swift */ = {isa = PBXFileReference; fileEncoding = 4; lastKnownFileType = sourcecode.swift; path = NVDiscoverableSequence.swift; sourceTree = "<group>"; };
		DF94927B21B96D6F00BC8AB0 /* NVStory.swift */ = {isa = PBXFileReference; fileEncoding = 4; lastKnownFileType = sourcecode.swift; path = NVStory.swift; sourceTree = "<group>"; };
		DF94927C21B96D6F00BC8AB0 /* NVVariable.swift */ = {isa = PBXFileReference; fileEncoding = 4; lastKnownFileType = sourcecode.swift; path = NVVariable.swift; sourceTree = "<group>"; };
		DF94928D21B96F8C00BC8AB0 /* Canvas.swift */ = {isa = PBXFileReference; lastKnownFileType = sourcecode.swift; path = Canvas.swift; sourceTree = "<group>"; };
		DF94928F21B96F9F00BC8AB0 /* CanvasBackground.swift */ = {isa = PBXFileReference; lastKnownFileType = sourcecode.swift; path = CanvasBackground.swift; sourceTree = "<group>"; };
		DF94929221B9705400BC8AB0 /* NSColor+Extras.swift */ = {isa = PBXFileReference; lastKnownFileType = sourcecode.swift; path = "NSColor+Extras.swift"; sourceTree = "<group>"; };
		DF94929421B9716E00BC8AB0 /* Graph.storyboard */ = {isa = PBXFileReference; lastKnownFileType = file.storyboard; path = Graph.storyboard; sourceTree = "<group>"; };
		DF94929621B9723900BC8AB0 /* GraphViewController.swift */ = {isa = PBXFileReference; lastKnownFileType = sourcecode.swift; path = GraphViewController.swift; sourceTree = "<group>"; };
		DF94929821B9838F00BC8AB0 /* CanvasObject.swift */ = {isa = PBXFileReference; lastKnownFileType = sourcecode.swift; path = CanvasObject.swift; sourceTree = "<group>"; };
		DF94929A21B9848E00BC8AB0 /* CanvasMarquee.swift */ = {isa = PBXFileReference; lastKnownFileType = sourcecode.swift; path = CanvasMarquee.swift; sourceTree = "<group>"; };
		DF94929C21B98A9100BC8AB0 /* CanvasGroup.swift */ = {isa = PBXFileReference; lastKnownFileType = sourcecode.swift; path = CanvasGroup.swift; sourceTree = "<group>"; };
		DF94929E21B98A9A00BC8AB0 /* CanvasSequence.swift */ = {isa = PBXFileReference; lastKnownFileType = sourcecode.swift; path = CanvasSequence.swift; sourceTree = "<group>"; };
		DF9492A021B98AA100BC8AB0 /* CanvasEvent.swift */ = {isa = PBXFileReference; lastKnownFileType = sourcecode.swift; path = CanvasEvent.swift; sourceTree = "<group>"; };
		DF9492A221BA573600BC8AB0 /* NVPath.swift */ = {isa = PBXFileReference; lastKnownFileType = sourcecode.swift; path = NVPath.swift; sourceTree = "<group>"; };
		DF9492A621BA825D00BC8AB0 /* CGPoint+Math.swift */ = {isa = PBXFileReference; lastKnownFileType = sourcecode.swift; path = "CGPoint+Math.swift"; sourceTree = "<group>"; };
		DF9492A821BA82ED00BC8AB0 /* CanvasSelection.swift */ = {isa = PBXFileReference; lastKnownFileType = sourcecode.swift; path = CanvasSelection.swift; sourceTree = "<group>"; };
		DFCE603D211C3D20005900D8 /* novella.app */ = {isa = PBXFileReference; explicitFileType = wrapper.application; includeInIndex = 0; path = novella.app; sourceTree = BUILT_PRODUCTS_DIR; };
		DFCE6040211C3D20005900D8 /* AppDelegate.swift */ = {isa = PBXFileReference; lastKnownFileType = sourcecode.swift; path = AppDelegate.swift; sourceTree = "<group>"; };
		DFCE6044211C3D20005900D8 /* Document.swift */ = {isa = PBXFileReference; lastKnownFileType = sourcecode.swift; path = Document.swift; sourceTree = "<group>"; };
		DFCE6049211C3D20005900D8 /* Base */ = {isa = PBXFileReference; lastKnownFileType = file.storyboard; name = Base; path = Base.lproj/Main.storyboard; sourceTree = "<group>"; };
		DFCE604B211C3D20005900D8 /* Info.plist */ = {isa = PBXFileReference; lastKnownFileType = text.plist.xml; path = Info.plist; sourceTree = "<group>"; };
		DFCE604C211C3D20005900D8 /* novella.entitlements */ = {isa = PBXFileReference; lastKnownFileType = text.plist.entitlements; path = novella.entitlements; sourceTree = "<group>"; };
/* End PBXFileReference section */

/* Begin PBXFrameworksBuildPhase section */
		DFCE603A211C3D20005900D8 /* Frameworks */ = {
			isa = PBXFrameworksBuildPhase;
			buildActionMask = 2147483647;
			files = (
				65BFD9AD212575A900FDA31B /* SwiftyJSON.framework in Frameworks */,
				657DBAAF2142587B00C7CF17 /* Highlightr.framework in Frameworks */,
			);
			runOnlyForDeploymentPostprocessing = 0;
		};
/* End PBXFrameworksBuildPhase section */

/* Begin PBXGroup section */
		658C2447222D7C7B00E1FE32 /* PropertiesPanels */ = {
			isa = PBXGroup;
			children = (
				658C2448222D7CAA00E1FE32 /* PropertyTransformView.xib */,
				658C244C222DE0AA00E1FE32 /* PropertyGroupView.xib */,
				658C244E222DE2A700E1FE32 /* PropertySequenceView.xib */,
				658C2450222DE37100E1FE32 /* PropertyEventView.xib */,
			);
			path = PropertiesPanels;
			sourceTree = "<group>";
		};
		65BFD9AB212575A900FDA31B /* Frameworks */ = {
			isa = PBXGroup;
			children = (
				657DBAAE2142587B00C7CF17 /* Highlightr.framework */,
				65BFD9AC212575A900FDA31B /* SwiftyJSON.framework */,
			);
			name = Frameworks;
			sourceTree = "<group>";
		};
		DF22E9E2211D9F5E00606D97 /* Storyboards */ = {
			isa = PBXGroup;
			children = (
				658C2447222D7C7B00E1FE32 /* PropertiesPanels */,
				DFCE6048211C3D20005900D8 /* Main.storyboard */,
				DF94929421B9716E00BC8AB0 /* Graph.storyboard */,
				65FDF7A721C1CB4F00A8EFAA /* Outliner.storyboard */,
				651D7C9C21DA1BBC00DE3EBB /* ConditionFunctionEditor.storyboard */,
				6587583A222D7B3400EAD491 /* Properties.storyboard */,
			);
			path = Storyboards;
			sourceTree = "<group>";
		};
		DF22E9E5211DA00E00606D97 /* ViewControllers */ = {
			isa = PBXGroup;
			children = (
				DF22E9EB211DA6DE00606D97 /* MainViewController.swift */,
				DF94929621B9723900BC8AB0 /* GraphViewController.swift */,
				65FDF7A921C1D01C00A8EFAA /* OutlinerViewController.swift */,
				655F41B821C3B16F00F7E7D8 /* PropertyViews.swift */,
				651D7C9E21DA1EF300DE3EBB /* ConditionFunctionEditorViewController.swift */,
				6587583C222D7BAD00EAD491 /* PropertiesViewController.swift */,
				658C244A222D7DBB00E1FE32 /* PropertiesViews.swift */,
			);
			path = ViewControllers;
			sourceTree = "<group>";
		};
		DF94926D21B96D3900BC8AB0 /* model */ = {
			isa = PBXGroup;
			children = (
				DF94927221B96D6E00BC8AB0 /* NVSequence.swift */,
				DF94927121B96D6E00BC8AB0 /* NVCondition.swift */,
				DF94927A21B96D6F00BC8AB0 /* NVDiscoverableSequence.swift */,
				DF94926F21B96D6E00BC8AB0 /* NVEntity.swift */,
				DF94927521B96D6F00BC8AB0 /* NVEvent.swift */,
				DF94927621B96D6F00BC8AB0 /* NVFunction.swift */,
				DF94927921B96D6F00BC8AB0 /* NVGroup.swift */,
				DF94927721B96D6F00BC8AB0 /* NVIdentifiable.swift */,
				DF94927021B96D6E00BC8AB0 /* NVLink.swift */,
				DF94927821B96D6F00BC8AB0 /* NVLog.swift */,
				DF94927B21B96D6F00BC8AB0 /* NVStory.swift */,
				DF94926E21B96D6E00BC8AB0 /* NVUtil.swift */,
				DF94927321B96D6F00BC8AB0 /* NVValue.swift */,
				DF94927C21B96D6F00BC8AB0 /* NVVariable.swift */,
				DF9492A221BA573600BC8AB0 /* NVPath.swift */,
				6550AA6C224415570032232A /* NVStoryObserver.swift */,
				6550AA6E224424950032232A /* NVSelector.swift */,
				653E69632244C2030006BE5D /* NVStoryJSON.swift */,
			);
			path = model;
			sourceTree = "<group>";
		};
		DF94928C21B96F7E00BC8AB0 /* canvas */ = {
			isa = PBXGroup;
			children = (
				DF94928D21B96F8C00BC8AB0 /* Canvas.swift */,
				DF94928F21B96F9F00BC8AB0 /* CanvasBackground.swift */,
				DF94929821B9838F00BC8AB0 /* CanvasObject.swift */,
				DF94929A21B9848E00BC8AB0 /* CanvasMarquee.swift */,
				DF94929C21B98A9100BC8AB0 /* CanvasGroup.swift */,
				DF94929E21B98A9A00BC8AB0 /* CanvasSequence.swift */,
				DF9492A021B98AA100BC8AB0 /* CanvasEvent.swift */,
				DF9492A821BA82ED00BC8AB0 /* CanvasSelection.swift */,
				DF93F60A21BD992D00CF5B03 /* CanvasLink.swift */,
				DF93F60C21BD99C100CF5B03 /* CanvasSequenceLink.swift */,
				DF93F60E21BD99D200CF5B03 /* CanvasEventLink.swift */,
				65AEA63E21BEEC1800D288F0 /* CanvasBench.swift */,
			);
			path = canvas;
			sourceTree = "<group>";
		};
		DF94929121B9704000BC8AB0 /* utils */ = {
			isa = PBXGroup;
			children = (
				DF94929221B9705400BC8AB0 /* NSColor+Extras.swift */,
				DF9492A621BA825D00BC8AB0 /* CGPoint+Math.swift */,
				DF93F60121BD07C000CF5B03 /* NSBezierPath+CGPath.swift */,
				DF93F60821BD976E00CF5B03 /* NSView+Extra.swift */,
				6532644D21C055B5009C0ED8 /* CurveHelper.swift */,
				65CC99A521C23F63008CD7BA /* CustomTables.swift */,
				65AE3DB421C3B8B10026DDE1 /* NSView+Nib.swift */,
				65AE3DB621C3C3130026DDE1 /* CustomNotifications.swift */,
				655864E521C7F6D40080EDFB /* NSRect+Center.swift */,
				65BB18ED21CE318B00DCB05E /* NSView+ViewAt.swift */,
				65308BB521CF888E00830115 /* sizeFontToFillFrame.swift */,
			);
			path = utils;
			sourceTree = "<group>";
		};
		DFCE6034211C3D20005900D8 = {
			isa = PBXGroup;
			children = (
				DFCE603F211C3D20005900D8 /* novella */,
				DFCE603E211C3D20005900D8 /* Products */,
				65BFD9AB212575A900FDA31B /* Frameworks */,
			);
			sourceTree = "<group>";
		};
		DFCE603E211C3D20005900D8 /* Products */ = {
			isa = PBXGroup;
			children = (
				DFCE603D211C3D20005900D8 /* novella.app */,
			);
			name = Products;
			sourceTree = "<group>";
		};
		DFCE603F211C3D20005900D8 /* novella */ = {
			isa = PBXGroup;
			children = (
				DF94929121B9704000BC8AB0 /* utils */,
				DF94928C21B96F7E00BC8AB0 /* canvas */,
				DF94926D21B96D3900BC8AB0 /* model */,
				DF22E9E5211DA00E00606D97 /* ViewControllers */,
				DF22E9E2211D9F5E00606D97 /* Storyboards */,
				DFCE6040211C3D20005900D8 /* AppDelegate.swift */,
				DFCE6044211C3D20005900D8 /* Document.swift */,
				DFCE604B211C3D20005900D8 /* Info.plist */,
				DFCE604C211C3D20005900D8 /* novella.entitlements */,
				65CC99A921C26876008CD7BA /* Assets.xcassets */,
				65BB18EB21CE269C00DCB05E /* LinkParker.swift */,
				651DEED722462AA60010173F /* Document+fromJSON.swift */,
			);
			path = novella;
			sourceTree = "<group>";
		};
/* End PBXGroup section */

/* Begin PBXNativeTarget section */
		DFCE603C211C3D20005900D8 /* novella */ = {
			isa = PBXNativeTarget;
			buildConfigurationList = DFCE604F211C3D20005900D8 /* Build configuration list for PBXNativeTarget "novella" */;
			buildPhases = (
				DFCE6039211C3D20005900D8 /* Sources */,
				DFCE603A211C3D20005900D8 /* Frameworks */,
				DFCE603B211C3D20005900D8 /* Resources */,
				65BFD9AE212575C500FDA31B /* ShellScript */,
			);
			buildRules = (
			);
			dependencies = (
			);
			name = novella;
			productName = novella;
			productReference = DFCE603D211C3D20005900D8 /* novella.app */;
			productType = "com.apple.product-type.application";
		};
/* End PBXNativeTarget section */

/* Begin PBXProject section */
		DFCE6035211C3D20005900D8 /* Project object */ = {
			isa = PBXProject;
			attributes = {
				LastSwiftUpdateCheck = 0920;
				LastUpgradeCheck = 0940;
				ORGANIZATIONNAME = dgreen;
				TargetAttributes = {
					DFCE603C211C3D20005900D8 = {
						CreatedOnToolsVersion = 9.2;
						ProvisioningStyle = Automatic;
					};
				};
			};
			buildConfigurationList = DFCE6038211C3D20005900D8 /* Build configuration list for PBXProject "novella" */;
			compatibilityVersion = "Xcode 8.0";
			developmentRegion = en;
			hasScannedForEncodings = 0;
			knownRegions = (
				en,
				Base,
			);
			mainGroup = DFCE6034211C3D20005900D8;
			productRefGroup = DFCE603E211C3D20005900D8 /* Products */;
			projectDirPath = "";
			projectRoot = "";
			targets = (
				DFCE603C211C3D20005900D8 /* novella */,
			);
		};
/* End PBXProject section */

/* Begin PBXResourcesBuildPhase section */
		DFCE603B211C3D20005900D8 /* Resources */ = {
			isa = PBXResourcesBuildPhase;
			buildActionMask = 2147483647;
			files = (
				658C244D222DE0AA00E1FE32 /* PropertyGroupView.xib in Resources */,
				658C2449222D7CAA00E1FE32 /* PropertyTransformView.xib in Resources */,
				658C244F222DE2A700E1FE32 /* PropertySequenceView.xib in Resources */,
				658C2451222DE37100E1FE32 /* PropertyEventView.xib in Resources */,
				65FDF7A821C1CB4F00A8EFAA /* Outliner.storyboard in Resources */,
				DFCE604A211C3D20005900D8 /* Main.storyboard in Resources */,
				65CC99AA21C26876008CD7BA /* Assets.xcassets in Resources */,
				DF94929521B9716E00BC8AB0 /* Graph.storyboard in Resources */,
				651D7C9D21DA1BBC00DE3EBB /* ConditionFunctionEditor.storyboard in Resources */,
				6587583B222D7B3400EAD491 /* Properties.storyboard in Resources */,
			);
			runOnlyForDeploymentPostprocessing = 0;
		};
/* End PBXResourcesBuildPhase section */

/* Begin PBXShellScriptBuildPhase section */
		65BFD9AE212575C500FDA31B /* ShellScript */ = {
			isa = PBXShellScriptBuildPhase;
			buildActionMask = 2147483647;
			files = (
			);
			inputPaths = (
				"$(SRCROOT)/Carthage/Build/Mac/SwiftyJSON.framework",
				"$(SRCROOT)/Carthage/Build/Mac/Highlightr.framework",
			);
			outputPaths = (
			);
			runOnlyForDeploymentPostprocessing = 0;
			shellPath = /bin/sh;
			shellScript = "/usr/local/bin/carthage copy-frameworks\n";
		};
/* End PBXShellScriptBuildPhase section */

/* Begin PBXSourcesBuildPhase section */
		DFCE6039211C3D20005900D8 /* Sources */ = {
			isa = PBXSourcesBuildPhase;
			buildActionMask = 2147483647;
			files = (
				DF94929D21B98A9100BC8AB0 /* CanvasGroup.swift in Sources */,
				655864E621C7F6D40080EDFB /* NSRect+Center.swift in Sources */,
				65308BB621CF888E00830115 /* sizeFontToFillFrame.swift in Sources */,
				DF94928721B96D6F00BC8AB0 /* NVLog.swift in Sources */,
				DF94929321B9705400BC8AB0 /* NSColor+Extras.swift in Sources */,
				65AE3DB721C3C3130026DDE1 /* CustomNotifications.swift in Sources */,
				DF94929B21B9848E00BC8AB0 /* CanvasMarquee.swift in Sources */,
				DF94929021B96F9F00BC8AB0 /* CanvasBackground.swift in Sources */,
				DFCE6041211C3D20005900D8 /* AppDelegate.swift in Sources */,
				65FDF7AA21C1D01C00A8EFAA /* OutlinerViewController.swift in Sources */,
				65AEA63F21BEEC1800D288F0 /* CanvasBench.swift in Sources */,
				DF94928521B96D6F00BC8AB0 /* NVFunction.swift in Sources */,
				DF94928821B96D6F00BC8AB0 /* NVGroup.swift in Sources */,
				DF94927D21B96D6F00BC8AB0 /* NVUtil.swift in Sources */,
				DFCE6045211C3D20005900D8 /* Document.swift in Sources */,
				DF94928A21B96D6F00BC8AB0 /* NVStory.swift in Sources */,
				6587583D222D7BAD00EAD491 /* PropertiesViewController.swift in Sources */,
				DF93F60F21BD99D200CF5B03 /* CanvasEventLink.swift in Sources */,
				DF94928E21B96F8C00BC8AB0 /* Canvas.swift in Sources */,
				655F41B921C3B16F00F7E7D8 /* PropertyViews.swift in Sources */,
				DF93F60221BD07C000CF5B03 /* NSBezierPath+CGPath.swift in Sources */,
				DF9492A321BA573600BC8AB0 /* NVPath.swift in Sources */,
				DF94928921B96D6F00BC8AB0 /* NVDiscoverableSequence.swift in Sources */,
				DF94927F21B96D6F00BC8AB0 /* NVLink.swift in Sources */,
				DF94928B21B96D6F00BC8AB0 /* NVVariable.swift in Sources */,
				651D7C9F21DA1EF300DE3EBB /* ConditionFunctionEditorViewController.swift in Sources */,
				658C244B222D7DBB00E1FE32 /* PropertiesViews.swift in Sources */,
				65BB18EC21CE269C00DCB05E /* LinkParker.swift in Sources */,
				DF9492A921BA82ED00BC8AB0 /* CanvasSelection.swift in Sources */,
				6550AA6D224415570032232A /* NVStoryObserver.swift in Sources */,
				DF93F60B21BD992D00CF5B03 /* CanvasLink.swift in Sources */,
				DF94929F21B98A9A00BC8AB0 /* CanvasSequence.swift in Sources */,
				DF94927E21B96D6F00BC8AB0 /* NVEntity.swift in Sources */,
				DF94928021B96D6F00BC8AB0 /* NVCondition.swift in Sources */,
				DF94928621B96D6F00BC8AB0 /* NVIdentifiable.swift in Sources */,
				DF22E9EC211DA6DE00606D97 /* MainViewController.swift in Sources */,
				DF94929921B9838F00BC8AB0 /* CanvasObject.swift in Sources */,
				DF94928221B96D6F00BC8AB0 /* NVValue.swift in Sources */,
				65AE3DB521C3B8B10026DDE1 /* NSView+Nib.swift in Sources */,
				DF94928421B96D6F00BC8AB0 /* NVEvent.swift in Sources */,
				6550AA6F224424950032232A /* NVSelector.swift in Sources */,
				DF94929721B9723900BC8AB0 /* GraphViewController.swift in Sources */,
				651DEED822462AA60010173F /* Document+fromJSON.swift in Sources */,
				653E69642244C2030006BE5D /* NVStoryJSON.swift in Sources */,
				6532644E21C055B5009C0ED8 /* CurveHelper.swift in Sources */,
				65CC99A621C23F63008CD7BA /* CustomTables.swift in Sources */,
				DF93F60921BD976E00CF5B03 /* NSView+Extra.swift in Sources */,
				DF94928121B96D6F00BC8AB0 /* NVSequence.swift in Sources */,
				DF9492A121B98AA100BC8AB0 /* CanvasEvent.swift in Sources */,
				DF9492A721BA825D00BC8AB0 /* CGPoint+Math.swift in Sources */,
				DF93F60D21BD99C100CF5B03 /* CanvasSequenceLink.swift in Sources */,
				65BB18EE21CE318B00DCB05E /* NSView+ViewAt.swift in Sources */,
			);
			runOnlyForDeploymentPostprocessing = 0;
		};
/* End PBXSourcesBuildPhase section */

/* Begin PBXVariantGroup section */
		DFCE6048211C3D20005900D8 /* Main.storyboard */ = {
			isa = PBXVariantGroup;
			children = (
				DFCE6049211C3D20005900D8 /* Base */,
			);
			name = Main.storyboard;
			sourceTree = "<group>";
		};
/* End PBXVariantGroup section */

/* Begin XCBuildConfiguration section */
		DFCE604D211C3D20005900D8 /* Debug */ = {
			isa = XCBuildConfiguration;
			buildSettings = {
				ALWAYS_SEARCH_USER_PATHS = NO;
				CLANG_ANALYZER_NONNULL = YES;
				CLANG_ANALYZER_NUMBER_OBJECT_CONVERSION = YES_AGGRESSIVE;
				CLANG_CXX_LANGUAGE_STANDARD = "gnu++14";
				CLANG_CXX_LIBRARY = "libc++";
				CLANG_ENABLE_MODULES = YES;
				CLANG_ENABLE_OBJC_ARC = YES;
				CLANG_WARN_BLOCK_CAPTURE_AUTORELEASING = YES;
				CLANG_WARN_BOOL_CONVERSION = YES;
				CLANG_WARN_COMMA = YES;
				CLANG_WARN_CONSTANT_CONVERSION = YES;
				CLANG_WARN_DEPRECATED_OBJC_IMPLEMENTATIONS = YES;
				CLANG_WARN_DIRECT_OBJC_ISA_USAGE = YES_ERROR;
				CLANG_WARN_DOCUMENTATION_COMMENTS = YES;
				CLANG_WARN_EMPTY_BODY = YES;
				CLANG_WARN_ENUM_CONVERSION = YES;
				CLANG_WARN_INFINITE_RECURSION = YES;
				CLANG_WARN_INT_CONVERSION = YES;
				CLANG_WARN_NON_LITERAL_NULL_CONVERSION = YES;
				CLANG_WARN_OBJC_IMPLICIT_RETAIN_SELF = YES;
				CLANG_WARN_OBJC_LITERAL_CONVERSION = YES;
				CLANG_WARN_OBJC_ROOT_CLASS = YES_ERROR;
				CLANG_WARN_RANGE_LOOP_ANALYSIS = YES;
				CLANG_WARN_STRICT_PROTOTYPES = YES;
				CLANG_WARN_SUSPICIOUS_MOVE = YES;
				CLANG_WARN_UNGUARDED_AVAILABILITY = YES_AGGRESSIVE;
				CLANG_WARN_UNREACHABLE_CODE = YES;
				CLANG_WARN__DUPLICATE_METHOD_MATCH = YES;
				CODE_SIGN_IDENTITY = "Mac Developer";
				COPY_PHASE_STRIP = NO;
				DEBUG_INFORMATION_FORMAT = dwarf;
				ENABLE_STRICT_OBJC_MSGSEND = YES;
				ENABLE_TESTABILITY = YES;
				GCC_C_LANGUAGE_STANDARD = gnu11;
				GCC_DYNAMIC_NO_PIC = NO;
				GCC_NO_COMMON_BLOCKS = YES;
				GCC_OPTIMIZATION_LEVEL = 0;
				GCC_PREPROCESSOR_DEFINITIONS = (
					"DEBUG=1",
					"$(inherited)",
				);
				GCC_WARN_64_TO_32_BIT_CONVERSION = YES;
				GCC_WARN_ABOUT_RETURN_TYPE = YES_ERROR;
				GCC_WARN_UNDECLARED_SELECTOR = YES;
				GCC_WARN_UNINITIALIZED_AUTOS = YES_AGGRESSIVE;
				GCC_WARN_UNUSED_FUNCTION = YES;
				GCC_WARN_UNUSED_VARIABLE = YES;
				LD_RUNPATH_SEARCH_PATHS = "@loader_path/../Frameworks $(CONFIGURATION_BUILD_DIR)";
				MACOSX_DEPLOYMENT_TARGET = 10.13;
				MTL_ENABLE_DEBUG_INFO = YES;
				ONLY_ACTIVE_ARCH = YES;
				SDKROOT = macosx;
				SWIFT_ACTIVE_COMPILATION_CONDITIONS = DEBUG;
				SWIFT_OPTIMIZATION_LEVEL = "-Onone";
			};
			name = Debug;
		};
		DFCE604E211C3D20005900D8 /* Release */ = {
			isa = XCBuildConfiguration;
			buildSettings = {
				ALWAYS_SEARCH_USER_PATHS = NO;
				CLANG_ANALYZER_NONNULL = YES;
				CLANG_ANALYZER_NUMBER_OBJECT_CONVERSION = YES_AGGRESSIVE;
				CLANG_CXX_LANGUAGE_STANDARD = "gnu++14";
				CLANG_CXX_LIBRARY = "libc++";
				CLANG_ENABLE_MODULES = YES;
				CLANG_ENABLE_OBJC_ARC = YES;
				CLANG_WARN_BLOCK_CAPTURE_AUTORELEASING = YES;
				CLANG_WARN_BOOL_CONVERSION = YES;
				CLANG_WARN_COMMA = YES;
				CLANG_WARN_CONSTANT_CONVERSION = YES;
				CLANG_WARN_DEPRECATED_OBJC_IMPLEMENTATIONS = YES;
				CLANG_WARN_DIRECT_OBJC_ISA_USAGE = YES_ERROR;
				CLANG_WARN_DOCUMENTATION_COMMENTS = YES;
				CLANG_WARN_EMPTY_BODY = YES;
				CLANG_WARN_ENUM_CONVERSION = YES;
				CLANG_WARN_INFINITE_RECURSION = YES;
				CLANG_WARN_INT_CONVERSION = YES;
				CLANG_WARN_NON_LITERAL_NULL_CONVERSION = YES;
				CLANG_WARN_OBJC_IMPLICIT_RETAIN_SELF = YES;
				CLANG_WARN_OBJC_LITERAL_CONVERSION = YES;
				CLANG_WARN_OBJC_ROOT_CLASS = YES_ERROR;
				CLANG_WARN_RANGE_LOOP_ANALYSIS = YES;
				CLANG_WARN_STRICT_PROTOTYPES = YES;
				CLANG_WARN_SUSPICIOUS_MOVE = YES;
				CLANG_WARN_UNGUARDED_AVAILABILITY = YES_AGGRESSIVE;
				CLANG_WARN_UNREACHABLE_CODE = YES;
				CLANG_WARN__DUPLICATE_METHOD_MATCH = YES;
				CODE_SIGN_IDENTITY = "Mac Developer";
				COPY_PHASE_STRIP = NO;
				DEBUG_INFORMATION_FORMAT = "dwarf-with-dsym";
				ENABLE_NS_ASSERTIONS = NO;
				ENABLE_STRICT_OBJC_MSGSEND = YES;
				GCC_C_LANGUAGE_STANDARD = gnu11;
				GCC_NO_COMMON_BLOCKS = YES;
				GCC_WARN_64_TO_32_BIT_CONVERSION = YES;
				GCC_WARN_ABOUT_RETURN_TYPE = YES_ERROR;
				GCC_WARN_UNDECLARED_SELECTOR = YES;
				GCC_WARN_UNINITIALIZED_AUTOS = YES_AGGRESSIVE;
				GCC_WARN_UNUSED_FUNCTION = YES;
				GCC_WARN_UNUSED_VARIABLE = YES;
				LD_RUNPATH_SEARCH_PATHS = "@loader_path/../Frameworks $(CONFIGURATION_BUILD_DIR)";
				MACOSX_DEPLOYMENT_TARGET = 10.13;
				MTL_ENABLE_DEBUG_INFO = NO;
				SDKROOT = macosx;
				SWIFT_OPTIMIZATION_LEVEL = "-Owholemodule";
			};
			name = Release;
		};
		DFCE6050211C3D20005900D8 /* Debug */ = {
			isa = XCBuildConfiguration;
			buildSettings = {
				ASSETCATALOG_COMPILER_APPICON_NAME = AppIcon;
				CODE_SIGN_STYLE = Automatic;
				COMBINE_HIDPI_IMAGES = YES;
				DEVELOPMENT_TEAM = 59LJ6Z4X2Z;
				FRAMEWORK_SEARCH_PATHS = (
					"$(inherited)",
					"$(PROJECT_DIR)/Carthage/Build/Mac",
				);
				INFOPLIST_FILE = novella/Info.plist;
				LD_RUNPATH_SEARCH_PATHS = "$(inherited) @executable_path/../Frameworks";
				PRODUCT_BUNDLE_IDENTIFIER = dgreen.me.novella;
				PRODUCT_NAME = "$(TARGET_NAME)";
				SWIFT_VERSION = 4.2;
			};
			name = Debug;
		};
		DFCE6051211C3D20005900D8 /* Release */ = {
			isa = XCBuildConfiguration;
			buildSettings = {
				ASSETCATALOG_COMPILER_APPICON_NAME = AppIcon;
				CODE_SIGN_STYLE = Automatic;
				COMBINE_HIDPI_IMAGES = YES;
				DEVELOPMENT_TEAM = 59LJ6Z4X2Z;
				FRAMEWORK_SEARCH_PATHS = (
					"$(inherited)",
					"$(PROJECT_DIR)/Carthage/Build/Mac",
				);
				INFOPLIST_FILE = novella/Info.plist;
				LD_RUNPATH_SEARCH_PATHS = "$(inherited) @executable_path/../Frameworks";
				PRODUCT_BUNDLE_IDENTIFIER = dgreen.me.novella;
				PRODUCT_NAME = "$(TARGET_NAME)";
				SWIFT_VERSION = 4.2;
			};
			name = Release;
		};
/* End XCBuildConfiguration section */

/* Begin XCConfigurationList section */
		DFCE6038211C3D20005900D8 /* Build configuration list for PBXProject "novella" */ = {
			isa = XCConfigurationList;
			buildConfigurations = (
				DFCE604D211C3D20005900D8 /* Debug */,
				DFCE604E211C3D20005900D8 /* Release */,
			);
			defaultConfigurationIsVisible = 0;
			defaultConfigurationName = Release;
		};
		DFCE604F211C3D20005900D8 /* Build configuration list for PBXNativeTarget "novella" */ = {
			isa = XCConfigurationList;
			buildConfigurations = (
				DFCE6050211C3D20005900D8 /* Debug */,
				DFCE6051211C3D20005900D8 /* Release */,
			);
			defaultConfigurationIsVisible = 0;
			defaultConfigurationName = Release;
		};
/* End XCConfigurationList section */
	};
	rootObject = DFCE6035211C3D20005900D8 /* Project object */;
}
