// !$*UTF8*$!
{
	archiveVersion = 1;
	classes = {
	};
	objectVersion = 50;
	objects = {

/* Begin PBXBuildFile section */
		652102522083BD390028212B /* StoryTestViewController.swift in Sources */ = {isa = PBXBuildFile; fileRef = 652102512083BD390028212B /* StoryTestViewController.swift */; };
		6522C5B02083906300F76DC8 /* Tests.storyboard in Resources */ = {isa = PBXBuildFile; fileRef = 6522C5AF2083906300F76DC8 /* Tests.storyboard */; };
		65264CAB20A7641B002BF136 /* GraphViewCommands.swift in Sources */ = {isa = PBXBuildFile; fileRef = 65264CAA20A7641B002BF136 /* GraphViewCommands.swift */; };
		65264CAD20A76DA8002BF136 /* PinView.swift in Sources */ = {isa = PBXBuildFile; fileRef = 65264CAC20A76DA8002BF136 /* PinView.swift */; };
		65264CAF20A76EC3002BF136 /* PinViewLink.swift in Sources */ = {isa = PBXBuildFile; fileRef = 65264CAE20A76EC3002BF136 /* PinViewLink.swift */; };
		65264CB120A7742F002BF136 /* PinViewBranch.swift in Sources */ = {isa = PBXBuildFile; fileRef = 65264CB020A7742F002BF136 /* PinViewBranch.swift */; };
		6546805220A45D740036B770 /* NVFolder.swift in Sources */ = {isa = PBXBuildFile; fileRef = 6546804F20A45D740036B770 /* NVFolder.swift */; };
		6546805320A45D740036B770 /* NVDataType.swift in Sources */ = {isa = PBXBuildFile; fileRef = 6546805020A45D740036B770 /* NVDataType.swift */; };
		6546805420A45D740036B770 /* NVVariable.swift in Sources */ = {isa = PBXBuildFile; fileRef = 6546805120A45D740036B770 /* NVVariable.swift */; };
		6546805720A45D8E0036B770 /* NVSimulator.swift in Sources */ = {isa = PBXBuildFile; fileRef = 6546805520A45D8E0036B770 /* NVSimulator.swift */; };
		6546805820A45D8E0036B770 /* NVSimulation.swift in Sources */ = {isa = PBXBuildFile; fileRef = 6546805620A45D8E0036B770 /* NVSimulation.swift */; };
		6546805E20A45DAE0036B770 /* NVDelivery.swift in Sources */ = {isa = PBXBuildFile; fileRef = 6546805920A45DAE0036B770 /* NVDelivery.swift */; };
		6546805F20A45DAE0036B770 /* NVDialog.swift in Sources */ = {isa = PBXBuildFile; fileRef = 6546805A20A45DAE0036B770 /* NVDialog.swift */; };
		6546806020A45DAE0036B770 /* NVContext.swift in Sources */ = {isa = PBXBuildFile; fileRef = 6546805B20A45DAE0036B770 /* NVContext.swift */; };
		6546806120A45DAE0036B770 /* NVNode.swift in Sources */ = {isa = PBXBuildFile; fileRef = 6546805C20A45DAE0036B770 /* NVNode.swift */; };
		6546806220A45DAE0036B770 /* NVCutscene.swift in Sources */ = {isa = PBXBuildFile; fileRef = 6546805D20A45DAE0036B770 /* NVCutscene.swift */; };
		6546806B20A45DDB0036B770 /* NVLinkable.swift in Sources */ = {isa = PBXBuildFile; fileRef = 6546806320A45DDA0036B770 /* NVLinkable.swift */; };
		6546806C20A45DDB0036B770 /* NVTransfer.swift in Sources */ = {isa = PBXBuildFile; fileRef = 6546806420A45DDA0036B770 /* NVTransfer.swift */; };
		6546806D20A45DDB0036B770 /* NVBranch.swift in Sources */ = {isa = PBXBuildFile; fileRef = 6546806520A45DDB0036B770 /* NVBranch.swift */; };
		6546806E20A45DDB0036B770 /* NVCondition.swift in Sources */ = {isa = PBXBuildFile; fileRef = 6546806620A45DDB0036B770 /* NVCondition.swift */; };
		6546806F20A45DDB0036B770 /* NVFunction.swift in Sources */ = {isa = PBXBuildFile; fileRef = 6546806720A45DDB0036B770 /* NVFunction.swift */; };
		6546807020A45DDB0036B770 /* NVBaseLink.swift in Sources */ = {isa = PBXBuildFile; fileRef = 6546806820A45DDB0036B770 /* NVBaseLink.swift */; };
		6546807120A45DDB0036B770 /* NVLink.swift in Sources */ = {isa = PBXBuildFile; fileRef = 6546806920A45DDB0036B770 /* NVLink.swift */; };
		6546807220A45DDB0036B770 /* NVSwitch.swift in Sources */ = {isa = PBXBuildFile; fileRef = 6546806A20A45DDB0036B770 /* NVSwitch.swift */; };
		6546807620A45DE90036B770 /* NVListener.swift in Sources */ = {isa = PBXBuildFile; fileRef = 6546807320A45DE90036B770 /* NVListener.swift */; };
		6546807720A45DE90036B770 /* NVGraph.swift in Sources */ = {isa = PBXBuildFile; fileRef = 6546807420A45DE90036B770 /* NVGraph.swift */; };
		6546807820A45DE90036B770 /* NVExitNode.swift in Sources */ = {isa = PBXBuildFile; fileRef = 6546807520A45DE90036B770 /* NVExitNode.swift */; };
		6546807E20A45E050036B770 /* NVIdentifiable.swift in Sources */ = {isa = PBXBuildFile; fileRef = 6546807920A45E050036B770 /* NVIdentifiable.swift */; };
		6546807F20A45E050036B770 /* NVPath.swift in Sources */ = {isa = PBXBuildFile; fileRef = 6546807A20A45E050036B770 /* NVPath.swift */; };
		6546808020A45E050036B770 /* NVStory.swift in Sources */ = {isa = PBXBuildFile; fileRef = 6546807B20A45E050036B770 /* NVStory.swift */; };
		6546808120A45E050036B770 /* NVStory+JSON.swift in Sources */ = {isa = PBXBuildFile; fileRef = 6546807C20A45E050036B770 /* NVStory+JSON.swift */; };
		6546808220A45E050036B770 /* NVError.swift in Sources */ = {isa = PBXBuildFile; fileRef = 6546807D20A45E050036B770 /* NVError.swift */; };
		654A155D20AA110500C99141 /* GraphBoundsView.swift in Sources */ = {isa = PBXBuildFile; fileRef = 654A155C20AA110500C99141 /* GraphBoundsView.swift */; };
		6553C95E2092723A00E6737B /* Reader.storyboard in Resources */ = {isa = PBXBuildFile; fileRef = 6553C95D2092723A00E6737B /* Reader.storyboard */; };
		6553C96220927D6E00E6737B /* ReaderViewController.swift in Sources */ = {isa = PBXBuildFile; fileRef = 6553C96120927D6E00E6737B /* ReaderViewController.swift */; };
		65588384209C6295004C412F /* CommandSystem.swift in Sources */ = {isa = PBXBuildFile; fileRef = 65588383209C6295004C412F /* CommandSystem.swift */; };
		6558838A209C8C19004C412F /* CurveHelper.swift in Sources */ = {isa = PBXBuildFile; fileRef = 65588389209C8C19004C412F /* CurveHelper.swift */; };
		6558838C209C915D004C412F /* NSBezierPath+CGPath.swift in Sources */ = {isa = PBXBuildFile; fileRef = 6558838B209C915D004C412F /* NSBezierPath+CGPath.swift */; };
		65711AD220873A23005E44AF /* JSONTestViewController.swift in Sources */ = {isa = PBXBuildFile; fileRef = 65711AD120873A23005E44AF /* JSONTestViewController.swift */; };
		658C7CAC207E7E6500E2B46B /* AppDelegate.swift in Sources */ = {isa = PBXBuildFile; fileRef = 658C7CAB207E7E6500E2B46B /* AppDelegate.swift */; };
		658C7CB0207E7E6600E2B46B /* Assets.xcassets in Resources */ = {isa = PBXBuildFile; fileRef = 658C7CAF207E7E6600E2B46B /* Assets.xcassets */; };
		658C7CB3207E7E6600E2B46B /* Main.storyboard in Resources */ = {isa = PBXBuildFile; fileRef = 658C7CB1207E7E6600E2B46B /* Main.storyboard */; };
		658C7CBF207E7E6600E2B46B /* NovellaTests.swift in Sources */ = {isa = PBXBuildFile; fileRef = 658C7CBE207E7E6600E2B46B /* NovellaTests.swift */; };
		658C7CCA207E7E6600E2B46B /* NovellaUITests.swift in Sources */ = {isa = PBXBuildFile; fileRef = 658C7CC9207E7E6600E2B46B /* NovellaUITests.swift */; };
		65ADB3D220A4836A007938C2 /* SwiftyJSON.framework in Frameworks */ = {isa = PBXBuildFile; fileRef = 65ADB3D020A4836A007938C2 /* SwiftyJSON.framework */; };
		65ADB3D320A4836A007938C2 /* JSONSchema.framework in Frameworks */ = {isa = PBXBuildFile; fileRef = 65ADB3D120A4836A007938C2 /* JSONSchema.framework */; };
		65AFA6A120A7166900B9C5E5 /* GraphView.swift in Sources */ = {isa = PBXBuildFile; fileRef = 65AFA6A020A7166900B9C5E5 /* GraphView.swift */; };
		65AFA6A820A7230500B9C5E5 /* GraphBGView.swift in Sources */ = {isa = PBXBuildFile; fileRef = 65AFA6A720A7230500B9C5E5 /* GraphBGView.swift */; };
		65AFA6AA20A736F500B9C5E5 /* LinkableView.swift in Sources */ = {isa = PBXBuildFile; fileRef = 65AFA6A920A736F500B9C5E5 /* LinkableView.swift */; };
		65AFA6AC20A739E200B9C5E5 /* MarqueeView.swift in Sources */ = {isa = PBXBuildFile; fileRef = 65AFA6AB20A739E200B9C5E5 /* MarqueeView.swift */; };
		65AFA6AE20A748B000B9C5E5 /* DialogView.swift in Sources */ = {isa = PBXBuildFile; fileRef = 65AFA6AD20A748B000B9C5E5 /* DialogView.swift */; };
		65C8C06620A83C7D00CDEDD9 /* MainViewController.swift in Sources */ = {isa = PBXBuildFile; fileRef = 65C8C06520A83C7D00CDEDD9 /* MainViewController.swift */; };
		65CEA213209FB412008C49AE /* MainWindowController.swift in Sources */ = {isa = PBXBuildFile; fileRef = 65CEA212209FB412008C49AE /* MainWindowController.swift */; };
		65E67DCF20A458A500ED7BED /* NovellaModel.h in Headers */ = {isa = PBXBuildFile; fileRef = 65E67DCD20A458A500ED7BED /* NovellaModel.h */; settings = {ATTRIBUTES = (Public, ); }; };
		65E67DD220A458A500ED7BED /* NovellaModel.framework in Frameworks */ = {isa = PBXBuildFile; fileRef = 65E67DCB20A458A500ED7BED /* NovellaModel.framework */; };
		65E67DD320A458A500ED7BED /* NovellaModel.framework in Embed Frameworks */ = {isa = PBXBuildFile; fileRef = 65E67DCB20A458A500ED7BED /* NovellaModel.framework */; settings = {ATTRIBUTES = (CodeSignOnCopy, RemoveHeadersOnCopy, ); }; };
		65F5DFA9207EC1090041FB0D /* VariableFolderTestViewController.swift in Sources */ = {isa = PBXBuildFile; fileRef = 65F5DFA8207EC1090041FB0D /* VariableFolderTestViewController.swift */; };
		65F85487209E61850067A95C /* NSColor+Hex.swift in Sources */ = {isa = PBXBuildFile; fileRef = 65F85486209E61850067A95C /* NSColor+Hex.swift */; };
/* End PBXBuildFile section */

/* Begin PBXContainerItemProxy section */
		658C7CBB207E7E6600E2B46B /* PBXContainerItemProxy */ = {
			isa = PBXContainerItemProxy;
			containerPortal = 658C7CA0207E7E6500E2B46B /* Project object */;
			proxyType = 1;
			remoteGlobalIDString = 658C7CA7207E7E6500E2B46B;
			remoteInfo = Novella;
		};
		658C7CC6207E7E6600E2B46B /* PBXContainerItemProxy */ = {
			isa = PBXContainerItemProxy;
			containerPortal = 658C7CA0207E7E6500E2B46B /* Project object */;
			proxyType = 1;
			remoteGlobalIDString = 658C7CA7207E7E6500E2B46B;
			remoteInfo = Novella;
		};
		65E67DD020A458A500ED7BED /* PBXContainerItemProxy */ = {
			isa = PBXContainerItemProxy;
			containerPortal = 658C7CA0207E7E6500E2B46B /* Project object */;
			proxyType = 1;
			remoteGlobalIDString = 65E67DCA20A458A500ED7BED;
			remoteInfo = NovellaModel;
		};
/* End PBXContainerItemProxy section */

/* Begin PBXCopyFilesBuildPhase section */
		65E67DD720A458A500ED7BED /* Embed Frameworks */ = {
			isa = PBXCopyFilesBuildPhase;
			buildActionMask = 2147483647;
			dstPath = "";
			dstSubfolderSpec = 10;
			files = (
				65E67DD320A458A500ED7BED /* NovellaModel.framework in Embed Frameworks */,
			);
			name = "Embed Frameworks";
			runOnlyForDeploymentPostprocessing = 0;
		};
/* End PBXCopyFilesBuildPhase section */

/* Begin PBXFileReference section */
		652102512083BD390028212B /* StoryTestViewController.swift */ = {isa = PBXFileReference; lastKnownFileType = sourcecode.swift; path = StoryTestViewController.swift; sourceTree = "<group>"; };
		6522C5AF2083906300F76DC8 /* Tests.storyboard */ = {isa = PBXFileReference; lastKnownFileType = file.storyboard; path = Tests.storyboard; sourceTree = "<group>"; };
		65264CAA20A7641B002BF136 /* GraphViewCommands.swift */ = {isa = PBXFileReference; lastKnownFileType = sourcecode.swift; path = GraphViewCommands.swift; sourceTree = "<group>"; };
		65264CAC20A76DA8002BF136 /* PinView.swift */ = {isa = PBXFileReference; lastKnownFileType = sourcecode.swift; path = PinView.swift; sourceTree = "<group>"; };
		65264CAE20A76EC3002BF136 /* PinViewLink.swift */ = {isa = PBXFileReference; lastKnownFileType = sourcecode.swift; path = PinViewLink.swift; sourceTree = "<group>"; };
		65264CB020A7742F002BF136 /* PinViewBranch.swift */ = {isa = PBXFileReference; lastKnownFileType = sourcecode.swift; path = PinViewBranch.swift; sourceTree = "<group>"; };
		6546804F20A45D740036B770 /* NVFolder.swift */ = {isa = PBXFileReference; fileEncoding = 4; lastKnownFileType = sourcecode.swift; path = NVFolder.swift; sourceTree = "<group>"; };
		6546805020A45D740036B770 /* NVDataType.swift */ = {isa = PBXFileReference; fileEncoding = 4; lastKnownFileType = sourcecode.swift; path = NVDataType.swift; sourceTree = "<group>"; };
		6546805120A45D740036B770 /* NVVariable.swift */ = {isa = PBXFileReference; fileEncoding = 4; lastKnownFileType = sourcecode.swift; path = NVVariable.swift; sourceTree = "<group>"; };
		6546805520A45D8E0036B770 /* NVSimulator.swift */ = {isa = PBXFileReference; fileEncoding = 4; lastKnownFileType = sourcecode.swift; path = NVSimulator.swift; sourceTree = "<group>"; };
		6546805620A45D8E0036B770 /* NVSimulation.swift */ = {isa = PBXFileReference; fileEncoding = 4; lastKnownFileType = sourcecode.swift; path = NVSimulation.swift; sourceTree = "<group>"; };
		6546805920A45DAE0036B770 /* NVDelivery.swift */ = {isa = PBXFileReference; fileEncoding = 4; lastKnownFileType = sourcecode.swift; path = NVDelivery.swift; sourceTree = "<group>"; };
		6546805A20A45DAE0036B770 /* NVDialog.swift */ = {isa = PBXFileReference; fileEncoding = 4; lastKnownFileType = sourcecode.swift; path = NVDialog.swift; sourceTree = "<group>"; };
		6546805B20A45DAE0036B770 /* NVContext.swift */ = {isa = PBXFileReference; fileEncoding = 4; lastKnownFileType = sourcecode.swift; path = NVContext.swift; sourceTree = "<group>"; };
		6546805C20A45DAE0036B770 /* NVNode.swift */ = {isa = PBXFileReference; fileEncoding = 4; lastKnownFileType = sourcecode.swift; path = NVNode.swift; sourceTree = "<group>"; };
		6546805D20A45DAE0036B770 /* NVCutscene.swift */ = {isa = PBXFileReference; fileEncoding = 4; lastKnownFileType = sourcecode.swift; path = NVCutscene.swift; sourceTree = "<group>"; };
		6546806320A45DDA0036B770 /* NVLinkable.swift */ = {isa = PBXFileReference; fileEncoding = 4; lastKnownFileType = sourcecode.swift; path = NVLinkable.swift; sourceTree = "<group>"; };
		6546806420A45DDA0036B770 /* NVTransfer.swift */ = {isa = PBXFileReference; fileEncoding = 4; lastKnownFileType = sourcecode.swift; path = NVTransfer.swift; sourceTree = "<group>"; };
		6546806520A45DDB0036B770 /* NVBranch.swift */ = {isa = PBXFileReference; fileEncoding = 4; lastKnownFileType = sourcecode.swift; path = NVBranch.swift; sourceTree = "<group>"; };
		6546806620A45DDB0036B770 /* NVCondition.swift */ = {isa = PBXFileReference; fileEncoding = 4; lastKnownFileType = sourcecode.swift; path = NVCondition.swift; sourceTree = "<group>"; };
		6546806720A45DDB0036B770 /* NVFunction.swift */ = {isa = PBXFileReference; fileEncoding = 4; lastKnownFileType = sourcecode.swift; path = NVFunction.swift; sourceTree = "<group>"; };
		6546806820A45DDB0036B770 /* NVBaseLink.swift */ = {isa = PBXFileReference; fileEncoding = 4; lastKnownFileType = sourcecode.swift; path = NVBaseLink.swift; sourceTree = "<group>"; };
		6546806920A45DDB0036B770 /* NVLink.swift */ = {isa = PBXFileReference; fileEncoding = 4; lastKnownFileType = sourcecode.swift; path = NVLink.swift; sourceTree = "<group>"; };
		6546806A20A45DDB0036B770 /* NVSwitch.swift */ = {isa = PBXFileReference; fileEncoding = 4; lastKnownFileType = sourcecode.swift; path = NVSwitch.swift; sourceTree = "<group>"; };
		6546807320A45DE90036B770 /* NVListener.swift */ = {isa = PBXFileReference; fileEncoding = 4; lastKnownFileType = sourcecode.swift; path = NVListener.swift; sourceTree = "<group>"; };
		6546807420A45DE90036B770 /* NVGraph.swift */ = {isa = PBXFileReference; fileEncoding = 4; lastKnownFileType = sourcecode.swift; path = NVGraph.swift; sourceTree = "<group>"; };
		6546807520A45DE90036B770 /* NVExitNode.swift */ = {isa = PBXFileReference; fileEncoding = 4; lastKnownFileType = sourcecode.swift; path = NVExitNode.swift; sourceTree = "<group>"; };
		6546807920A45E050036B770 /* NVIdentifiable.swift */ = {isa = PBXFileReference; fileEncoding = 4; lastKnownFileType = sourcecode.swift; path = NVIdentifiable.swift; sourceTree = "<group>"; };
		6546807A20A45E050036B770 /* NVPath.swift */ = {isa = PBXFileReference; fileEncoding = 4; lastKnownFileType = sourcecode.swift; path = NVPath.swift; sourceTree = "<group>"; };
		6546807B20A45E050036B770 /* NVStory.swift */ = {isa = PBXFileReference; fileEncoding = 4; lastKnownFileType = sourcecode.swift; path = NVStory.swift; sourceTree = "<group>"; };
		6546807C20A45E050036B770 /* NVStory+JSON.swift */ = {isa = PBXFileReference; fileEncoding = 4; lastKnownFileType = sourcecode.swift; path = "NVStory+JSON.swift"; sourceTree = "<group>"; };
		6546807D20A45E050036B770 /* NVError.swift */ = {isa = PBXFileReference; fileEncoding = 4; lastKnownFileType = sourcecode.swift; path = NVError.swift; sourceTree = "<group>"; };
		654A155C20AA110500C99141 /* GraphBoundsView.swift */ = {isa = PBXFileReference; lastKnownFileType = sourcecode.swift; path = GraphBoundsView.swift; sourceTree = "<group>"; };
		6553C95D2092723A00E6737B /* Reader.storyboard */ = {isa = PBXFileReference; lastKnownFileType = file.storyboard; path = Reader.storyboard; sourceTree = "<group>"; };
		6553C96120927D6E00E6737B /* ReaderViewController.swift */ = {isa = PBXFileReference; lastKnownFileType = sourcecode.swift; path = ReaderViewController.swift; sourceTree = "<group>"; };
		65588383209C6295004C412F /* CommandSystem.swift */ = {isa = PBXFileReference; lastKnownFileType = sourcecode.swift; path = CommandSystem.swift; sourceTree = "<group>"; };
		65588389209C8C19004C412F /* CurveHelper.swift */ = {isa = PBXFileReference; lastKnownFileType = sourcecode.swift; path = CurveHelper.swift; sourceTree = "<group>"; };
		6558838B209C915D004C412F /* NSBezierPath+CGPath.swift */ = {isa = PBXFileReference; lastKnownFileType = sourcecode.swift; path = "NSBezierPath+CGPath.swift"; sourceTree = "<group>"; };
		65711AD120873A23005E44AF /* JSONTestViewController.swift */ = {isa = PBXFileReference; lastKnownFileType = sourcecode.swift; path = JSONTestViewController.swift; sourceTree = "<group>"; };
		658C7CA8207E7E6500E2B46B /* Novella.app */ = {isa = PBXFileReference; explicitFileType = wrapper.application; includeInIndex = 0; path = Novella.app; sourceTree = BUILT_PRODUCTS_DIR; };
		658C7CAB207E7E6500E2B46B /* AppDelegate.swift */ = {isa = PBXFileReference; lastKnownFileType = sourcecode.swift; path = AppDelegate.swift; sourceTree = "<group>"; };
		658C7CAF207E7E6600E2B46B /* Assets.xcassets */ = {isa = PBXFileReference; lastKnownFileType = folder.assetcatalog; path = Assets.xcassets; sourceTree = "<group>"; };
		658C7CB2207E7E6600E2B46B /* Base */ = {isa = PBXFileReference; lastKnownFileType = file.storyboard; name = Base; path = Base.lproj/Main.storyboard; sourceTree = "<group>"; };
		658C7CB4207E7E6600E2B46B /* Info.plist */ = {isa = PBXFileReference; lastKnownFileType = text.plist.xml; path = Info.plist; sourceTree = "<group>"; };
		658C7CB5207E7E6600E2B46B /* Novella.entitlements */ = {isa = PBXFileReference; lastKnownFileType = text.plist.entitlements; path = Novella.entitlements; sourceTree = "<group>"; };
		658C7CBA207E7E6600E2B46B /* NovellaTests.xctest */ = {isa = PBXFileReference; explicitFileType = wrapper.cfbundle; includeInIndex = 0; path = NovellaTests.xctest; sourceTree = BUILT_PRODUCTS_DIR; };
		658C7CBE207E7E6600E2B46B /* NovellaTests.swift */ = {isa = PBXFileReference; lastKnownFileType = sourcecode.swift; path = NovellaTests.swift; sourceTree = "<group>"; };
		658C7CC0207E7E6600E2B46B /* Info.plist */ = {isa = PBXFileReference; lastKnownFileType = text.plist.xml; path = Info.plist; sourceTree = "<group>"; };
		658C7CC5207E7E6600E2B46B /* NovellaUITests.xctest */ = {isa = PBXFileReference; explicitFileType = wrapper.cfbundle; includeInIndex = 0; path = NovellaUITests.xctest; sourceTree = BUILT_PRODUCTS_DIR; };
		658C7CC9207E7E6600E2B46B /* NovellaUITests.swift */ = {isa = PBXFileReference; lastKnownFileType = sourcecode.swift; path = NovellaUITests.swift; sourceTree = "<group>"; };
		658C7CCB207E7E6600E2B46B /* Info.plist */ = {isa = PBXFileReference; lastKnownFileType = text.plist.xml; path = Info.plist; sourceTree = "<group>"; };
		65ADB3D020A4836A007938C2 /* SwiftyJSON.framework */ = {isa = PBXFileReference; lastKnownFileType = wrapper.framework; name = SwiftyJSON.framework; path = Carthage/Build/Mac/SwiftyJSON.framework; sourceTree = "<group>"; };
		65ADB3D120A4836A007938C2 /* JSONSchema.framework */ = {isa = PBXFileReference; lastKnownFileType = wrapper.framework; name = JSONSchema.framework; path = Carthage/Build/Mac/JSONSchema.framework; sourceTree = "<group>"; };
		65AFA6A020A7166900B9C5E5 /* GraphView.swift */ = {isa = PBXFileReference; lastKnownFileType = sourcecode.swift; path = GraphView.swift; sourceTree = "<group>"; };
		65AFA6A720A7230500B9C5E5 /* GraphBGView.swift */ = {isa = PBXFileReference; lastKnownFileType = sourcecode.swift; path = GraphBGView.swift; sourceTree = "<group>"; };
		65AFA6A920A736F500B9C5E5 /* LinkableView.swift */ = {isa = PBXFileReference; lastKnownFileType = sourcecode.swift; path = LinkableView.swift; sourceTree = "<group>"; };
		65AFA6AB20A739E200B9C5E5 /* MarqueeView.swift */ = {isa = PBXFileReference; lastKnownFileType = sourcecode.swift; path = MarqueeView.swift; sourceTree = "<group>"; };
		65AFA6AD20A748B000B9C5E5 /* DialogView.swift */ = {isa = PBXFileReference; lastKnownFileType = sourcecode.swift; path = DialogView.swift; sourceTree = "<group>"; };
		65C8C06520A83C7D00CDEDD9 /* MainViewController.swift */ = {isa = PBXFileReference; fileEncoding = 4; lastKnownFileType = sourcecode.swift; path = MainViewController.swift; sourceTree = "<group>"; };
		65CEA212209FB412008C49AE /* MainWindowController.swift */ = {isa = PBXFileReference; lastKnownFileType = sourcecode.swift; path = MainWindowController.swift; sourceTree = "<group>"; };
		65E67DCB20A458A500ED7BED /* NovellaModel.framework */ = {isa = PBXFileReference; explicitFileType = wrapper.framework; includeInIndex = 0; path = NovellaModel.framework; sourceTree = BUILT_PRODUCTS_DIR; };
		65E67DCD20A458A500ED7BED /* NovellaModel.h */ = {isa = PBXFileReference; lastKnownFileType = sourcecode.c.h; path = NovellaModel.h; sourceTree = "<group>"; };
		65E67DCE20A458A500ED7BED /* Info.plist */ = {isa = PBXFileReference; lastKnownFileType = text.plist.xml; path = Info.plist; sourceTree = "<group>"; };
		65F5DFA8207EC1090041FB0D /* VariableFolderTestViewController.swift */ = {isa = PBXFileReference; lastKnownFileType = sourcecode.swift; path = VariableFolderTestViewController.swift; sourceTree = "<group>"; };
		65F85486209E61850067A95C /* NSColor+Hex.swift */ = {isa = PBXFileReference; lastKnownFileType = sourcecode.swift; path = "NSColor+Hex.swift"; sourceTree = "<group>"; };
/* End PBXFileReference section */

/* Begin PBXFrameworksBuildPhase section */
		658C7CA5207E7E6500E2B46B /* Frameworks */ = {
			isa = PBXFrameworksBuildPhase;
			buildActionMask = 2147483647;
			files = (
				65E67DD220A458A500ED7BED /* NovellaModel.framework in Frameworks */,
			);
			runOnlyForDeploymentPostprocessing = 0;
		};
		658C7CB7207E7E6600E2B46B /* Frameworks */ = {
			isa = PBXFrameworksBuildPhase;
			buildActionMask = 2147483647;
			files = (
			);
			runOnlyForDeploymentPostprocessing = 0;
		};
		658C7CC2207E7E6600E2B46B /* Frameworks */ = {
			isa = PBXFrameworksBuildPhase;
			buildActionMask = 2147483647;
			files = (
			);
			runOnlyForDeploymentPostprocessing = 0;
		};
		65E67DC720A458A500ED7BED /* Frameworks */ = {
			isa = PBXFrameworksBuildPhase;
			buildActionMask = 2147483647;
			files = (
				65ADB3D220A4836A007938C2 /* SwiftyJSON.framework in Frameworks */,
				65ADB3D320A4836A007938C2 /* JSONSchema.framework in Frameworks */,
			);
			runOnlyForDeploymentPostprocessing = 0;
		};
/* End PBXFrameworksBuildPhase section */

/* Begin PBXGroup section */
		652102502083BC6C0028212B /* Tests */ = {
			isa = PBXGroup;
			children = (
				65F5DFA8207EC1090041FB0D /* VariableFolderTestViewController.swift */,
				652102512083BD390028212B /* StoryTestViewController.swift */,
				65711AD120873A23005E44AF /* JSONTestViewController.swift */,
			);
			path = Tests;
			sourceTree = "<group>";
		};
		6522C5AE2083903900F76DC8 /* Storyboards */ = {
			isa = PBXGroup;
			children = (
				658C7CB1207E7E6600E2B46B /* Main.storyboard */,
				6553C95D2092723A00E6737B /* Reader.storyboard */,
				6522C5AF2083906300F76DC8 /* Tests.storyboard */,
			);
			path = Storyboards;
			sourceTree = "<group>";
		};
		6556937420A45C8F00E6105B /* Graphs */ = {
			isa = PBXGroup;
			children = (
				6546807520A45DE90036B770 /* NVExitNode.swift */,
				6546807420A45DE90036B770 /* NVGraph.swift */,
				6546807320A45DE90036B770 /* NVListener.swift */,
			);
			name = Graphs;
			sourceTree = "<group>";
		};
		6556937620A45CA500E6105B /* Nodes */ = {
			isa = PBXGroup;
			children = (
				6546805B20A45DAE0036B770 /* NVContext.swift */,
				6546805D20A45DAE0036B770 /* NVCutscene.swift */,
				6546805920A45DAE0036B770 /* NVDelivery.swift */,
				6546805A20A45DAE0036B770 /* NVDialog.swift */,
				6546805C20A45DAE0036B770 /* NVNode.swift */,
			);
			name = Nodes;
			sourceTree = "<group>";
		};
		656AFB28208BEEC6007E6426 /* Frameworks */ = {
			isa = PBXGroup;
			children = (
				65ADB3D120A4836A007938C2 /* JSONSchema.framework */,
				65ADB3D020A4836A007938C2 /* SwiftyJSON.framework */,
			);
			name = Frameworks;
			sourceTree = "<group>";
		};
		6581AF5E20A1099300BE71A4 /* Extensions */ = {
			isa = PBXGroup;
			children = (
				6558838B209C915D004C412F /* NSBezierPath+CGPath.swift */,
				65F85486209E61850067A95C /* NSColor+Hex.swift */,
			);
			path = Extensions;
			sourceTree = "<group>";
		};
		658C7C9F207E7E6500E2B46B = {
			isa = PBXGroup;
			children = (
				658C7CAA207E7E6500E2B46B /* Novella */,
				658C7CBD207E7E6600E2B46B /* NovellaTests */,
				658C7CC8207E7E6600E2B46B /* NovellaUITests */,
				65E67DCC20A458A500ED7BED /* NovellaModel */,
				658C7CA9207E7E6500E2B46B /* Products */,
				656AFB28208BEEC6007E6426 /* Frameworks */,
			);
			sourceTree = "<group>";
		};
		658C7CA9207E7E6500E2B46B /* Products */ = {
			isa = PBXGroup;
			children = (
				658C7CA8207E7E6500E2B46B /* Novella.app */,
				658C7CBA207E7E6600E2B46B /* NovellaTests.xctest */,
				658C7CC5207E7E6600E2B46B /* NovellaUITests.xctest */,
				65E67DCB20A458A500ED7BED /* NovellaModel.framework */,
			);
			name = Products;
			sourceTree = "<group>";
		};
		658C7CAA207E7E6500E2B46B /* Novella */ = {
			isa = PBXGroup;
			children = (
				658C7CAB207E7E6500E2B46B /* AppDelegate.swift */,
				65CEA212209FB412008C49AE /* MainWindowController.swift */,
				65588383209C6295004C412F /* CommandSystem.swift */,
				658C7CAF207E7E6600E2B46B /* Assets.xcassets */,
				658C7CB4207E7E6600E2B46B /* Info.plist */,
				658C7CB5207E7E6600E2B46B /* Novella.entitlements */,
				6581AF5E20A1099300BE71A4 /* Extensions */,
				65AFA6A220A7181C00B9C5E5 /* GraphSystem */,
				6522C5AE2083903900F76DC8 /* Storyboards */,
				65F5DFA7207EBD960041FB0D /* ViewControllers */,
			);
			path = Novella;
			sourceTree = "<group>";
		};
		658C7CBD207E7E6600E2B46B /* NovellaTests */ = {
			isa = PBXGroup;
			children = (
				658C7CBE207E7E6600E2B46B /* NovellaTests.swift */,
				658C7CC0207E7E6600E2B46B /* Info.plist */,
			);
			path = NovellaTests;
			sourceTree = "<group>";
		};
		658C7CC8207E7E6600E2B46B /* NovellaUITests */ = {
			isa = PBXGroup;
			children = (
				658C7CC9207E7E6600E2B46B /* NovellaUITests.swift */,
				658C7CCB207E7E6600E2B46B /* Info.plist */,
			);
			path = NovellaUITests;
			sourceTree = "<group>";
		};
		65AFA6A220A7181C00B9C5E5 /* GraphSystem */ = {
			isa = PBXGroup;
			children = (
				65588389209C8C19004C412F /* CurveHelper.swift */,
				65AFA6AD20A748B000B9C5E5 /* DialogView.swift */,
				65AFA6A720A7230500B9C5E5 /* GraphBGView.swift */,
				65AFA6A020A7166900B9C5E5 /* GraphView.swift */,
				65264CAA20A7641B002BF136 /* GraphViewCommands.swift */,
				65AFA6A920A736F500B9C5E5 /* LinkableView.swift */,
				65AFA6AB20A739E200B9C5E5 /* MarqueeView.swift */,
				65264CAC20A76DA8002BF136 /* PinView.swift */,
				65264CB020A7742F002BF136 /* PinViewBranch.swift */,
				65264CAE20A76EC3002BF136 /* PinViewLink.swift */,
				654A155C20AA110500C99141 /* GraphBoundsView.swift */,
			);
			path = GraphSystem;
			sourceTree = "<group>";
		};
		65C2DDAE20A45CB900D79DF9 /* Variables */ = {
			isa = PBXGroup;
			children = (
				6546805020A45D740036B770 /* NVDataType.swift */,
				6546804F20A45D740036B770 /* NVFolder.swift */,
				6546805120A45D740036B770 /* NVVariable.swift */,
			);
			name = Variables;
			sourceTree = "<group>";
		};
		65C2DDB020A45CDF00D79DF9 /* Links */ = {
			isa = PBXGroup;
			children = (
				6546806820A45DDB0036B770 /* NVBaseLink.swift */,
				6546806520A45DDB0036B770 /* NVBranch.swift */,
				6546806620A45DDB0036B770 /* NVCondition.swift */,
				6546806720A45DDB0036B770 /* NVFunction.swift */,
				6546806920A45DDB0036B770 /* NVLink.swift */,
				6546806320A45DDA0036B770 /* NVLinkable.swift */,
				6546806A20A45DDB0036B770 /* NVSwitch.swift */,
				6546806420A45DDA0036B770 /* NVTransfer.swift */,
			);
			name = Links;
			sourceTree = "<group>";
		};
		65C2DDB120A45CE600D79DF9 /* Simulation */ = {
			isa = PBXGroup;
			children = (
				6546805620A45D8E0036B770 /* NVSimulation.swift */,
				6546805520A45D8E0036B770 /* NVSimulator.swift */,
			);
			name = Simulation;
			sourceTree = "<group>";
		};
		65E67DCC20A458A500ED7BED /* NovellaModel */ = {
			isa = PBXGroup;
			children = (
				6546807D20A45E050036B770 /* NVError.swift */,
				6546807920A45E050036B770 /* NVIdentifiable.swift */,
				6546807A20A45E050036B770 /* NVPath.swift */,
				6546807B20A45E050036B770 /* NVStory.swift */,
				6546807C20A45E050036B770 /* NVStory+JSON.swift */,
				6556937420A45C8F00E6105B /* Graphs */,
				65C2DDB020A45CDF00D79DF9 /* Links */,
				6556937620A45CA500E6105B /* Nodes */,
				65C2DDB120A45CE600D79DF9 /* Simulation */,
				65C2DDAE20A45CB900D79DF9 /* Variables */,
				65E67DCD20A458A500ED7BED /* NovellaModel.h */,
				65E67DCE20A458A500ED7BED /* Info.plist */,
			);
			path = NovellaModel;
			sourceTree = "<group>";
		};
		65F5DFA7207EBD960041FB0D /* ViewControllers */ = {
			isa = PBXGroup;
			children = (
				6553C96120927D6E00E6737B /* ReaderViewController.swift */,
				65C8C06520A83C7D00CDEDD9 /* MainViewController.swift */,
				652102502083BC6C0028212B /* Tests */,
			);
			path = ViewControllers;
			sourceTree = "<group>";
		};
/* End PBXGroup section */

/* Begin PBXHeadersBuildPhase section */
		65E67DC820A458A500ED7BED /* Headers */ = {
			isa = PBXHeadersBuildPhase;
			buildActionMask = 2147483647;
			files = (
				65E67DCF20A458A500ED7BED /* NovellaModel.h in Headers */,
			);
			runOnlyForDeploymentPostprocessing = 0;
		};
/* End PBXHeadersBuildPhase section */

/* Begin PBXNativeTarget section */
		658C7CA7207E7E6500E2B46B /* Novella */ = {
			isa = PBXNativeTarget;
			buildConfigurationList = 658C7CCE207E7E6600E2B46B /* Build configuration list for PBXNativeTarget "Novella" */;
			buildPhases = (
				650455B32084A8B8004B30D0 /* ShellScript */,
				658C7CA4207E7E6500E2B46B /* Sources */,
				658C7CA5207E7E6500E2B46B /* Frameworks */,
				658C7CA6207E7E6500E2B46B /* Resources */,
				656AFB2B208BEEEE007E6426 /* ShellScript */,
				65E67DD720A458A500ED7BED /* Embed Frameworks */,
			);
			buildRules = (
			);
			dependencies = (
				65E67DD120A458A500ED7BED /* PBXTargetDependency */,
			);
			name = Novella;
			productName = Novella;
			productReference = 658C7CA8207E7E6500E2B46B /* Novella.app */;
			productType = "com.apple.product-type.application";
		};
		658C7CB9207E7E6600E2B46B /* NovellaTests */ = {
			isa = PBXNativeTarget;
			buildConfigurationList = 658C7CD1207E7E6600E2B46B /* Build configuration list for PBXNativeTarget "NovellaTests" */;
			buildPhases = (
				658C7CB6207E7E6600E2B46B /* Sources */,
				658C7CB7207E7E6600E2B46B /* Frameworks */,
				658C7CB8207E7E6600E2B46B /* Resources */,
			);
			buildRules = (
			);
			dependencies = (
				658C7CBC207E7E6600E2B46B /* PBXTargetDependency */,
			);
			name = NovellaTests;
			productName = NovellaTests;
			productReference = 658C7CBA207E7E6600E2B46B /* NovellaTests.xctest */;
			productType = "com.apple.product-type.bundle.unit-test";
		};
		658C7CC4207E7E6600E2B46B /* NovellaUITests */ = {
			isa = PBXNativeTarget;
			buildConfigurationList = 658C7CD4207E7E6600E2B46B /* Build configuration list for PBXNativeTarget "NovellaUITests" */;
			buildPhases = (
				658C7CC1207E7E6600E2B46B /* Sources */,
				658C7CC2207E7E6600E2B46B /* Frameworks */,
				658C7CC3207E7E6600E2B46B /* Resources */,
			);
			buildRules = (
			);
			dependencies = (
				658C7CC7207E7E6600E2B46B /* PBXTargetDependency */,
			);
			name = NovellaUITests;
			productName = NovellaUITests;
			productReference = 658C7CC5207E7E6600E2B46B /* NovellaUITests.xctest */;
			productType = "com.apple.product-type.bundle.ui-testing";
		};
		65E67DCA20A458A500ED7BED /* NovellaModel */ = {
			isa = PBXNativeTarget;
			buildConfigurationList = 65E67DD420A458A500ED7BED /* Build configuration list for PBXNativeTarget "NovellaModel" */;
			buildPhases = (
				65ADB3D420A483C5007938C2 /* ShellScript */,
				65E67DC620A458A500ED7BED /* Sources */,
				65E67DC720A458A500ED7BED /* Frameworks */,
				65E67DC820A458A500ED7BED /* Headers */,
				65E67DC920A458A500ED7BED /* Resources */,
			);
			buildRules = (
			);
			dependencies = (
			);
			name = NovellaModel;
			productName = NovellaModel;
			productReference = 65E67DCB20A458A500ED7BED /* NovellaModel.framework */;
			productType = "com.apple.product-type.framework";
		};
/* End PBXNativeTarget section */

/* Begin PBXProject section */
		658C7CA0207E7E6500E2B46B /* Project object */ = {
			isa = PBXProject;
			attributes = {
				LastSwiftUpdateCheck = 0930;
				LastUpgradeCheck = 0930;
				ORGANIZATIONNAME = "Daniel Green";
				TargetAttributes = {
					658C7CA7207E7E6500E2B46B = {
						CreatedOnToolsVersion = 9.3;
						SystemCapabilities = {
							com.apple.Sandbox = {
								enabled = 1;
							};
						};
					};
					658C7CB9207E7E6600E2B46B = {
						CreatedOnToolsVersion = 9.3;
						TestTargetID = 658C7CA7207E7E6500E2B46B;
					};
					658C7CC4207E7E6600E2B46B = {
						CreatedOnToolsVersion = 9.3;
						TestTargetID = 658C7CA7207E7E6500E2B46B;
					};
					65E67DCA20A458A500ED7BED = {
						CreatedOnToolsVersion = 9.3;
						LastSwiftMigration = 0930;
					};
				};
			};
			buildConfigurationList = 658C7CA3207E7E6500E2B46B /* Build configuration list for PBXProject "Novella" */;
			compatibilityVersion = "Xcode 9.3";
			developmentRegion = en;
			hasScannedForEncodings = 0;
			knownRegions = (
				en,
				Base,
			);
			mainGroup = 658C7C9F207E7E6500E2B46B;
			productRefGroup = 658C7CA9207E7E6500E2B46B /* Products */;
			projectDirPath = "";
			projectRoot = "";
			targets = (
				658C7CA7207E7E6500E2B46B /* Novella */,
				658C7CB9207E7E6600E2B46B /* NovellaTests */,
				658C7CC4207E7E6600E2B46B /* NovellaUITests */,
				65E67DCA20A458A500ED7BED /* NovellaModel */,
			);
		};
/* End PBXProject section */

/* Begin PBXResourcesBuildPhase section */
		658C7CA6207E7E6500E2B46B /* Resources */ = {
			isa = PBXResourcesBuildPhase;
			buildActionMask = 2147483647;
			files = (
				6522C5B02083906300F76DC8 /* Tests.storyboard in Resources */,
				658C7CB0207E7E6600E2B46B /* Assets.xcassets in Resources */,
				658C7CB3207E7E6600E2B46B /* Main.storyboard in Resources */,
				6553C95E2092723A00E6737B /* Reader.storyboard in Resources */,
			);
			runOnlyForDeploymentPostprocessing = 0;
		};
		658C7CB8207E7E6600E2B46B /* Resources */ = {
			isa = PBXResourcesBuildPhase;
			buildActionMask = 2147483647;
			files = (
			);
			runOnlyForDeploymentPostprocessing = 0;
		};
		658C7CC3207E7E6600E2B46B /* Resources */ = {
			isa = PBXResourcesBuildPhase;
			buildActionMask = 2147483647;
			files = (
			);
			runOnlyForDeploymentPostprocessing = 0;
		};
		65E67DC920A458A500ED7BED /* Resources */ = {
			isa = PBXResourcesBuildPhase;
			buildActionMask = 2147483647;
			files = (
			);
			runOnlyForDeploymentPostprocessing = 0;
		};
/* End PBXResourcesBuildPhase section */

/* Begin PBXShellScriptBuildPhase section */
		650455B32084A8B8004B30D0 /* ShellScript */ = {
			isa = PBXShellScriptBuildPhase;
			buildActionMask = 2147483647;
			files = (
			);
			inputPaths = (
			);
			outputPaths = (
			);
			runOnlyForDeploymentPostprocessing = 0;
			shellPath = /bin/sh;
			shellScript = "TAGS=\"TODO:|FIXME:\"\nERRORTAG=\"ERROR:\"\nfind \"${SRCROOT}/\" \\( -name \"*.h\" -or -name \"*.m\" -or -name \"*.swift\" \\) -print0 | xargs -0 egrep --with-filename --line-number --only-matching \"($TAGS).*\\$|($ERRORTAG).*\\$\" | perl -p -e \"s/($TAGS)/ warning: \\$1/\" | perl -p -e \"s/($ERRORTAG)/ error: \\$1/\"";
		};
		656AFB2B208BEEEE007E6426 /* ShellScript */ = {
			isa = PBXShellScriptBuildPhase;
			buildActionMask = 2147483647;
			files = (
			);
			inputPaths = (
				"$(SRCROOT)/Carthage/Build/Mac/SwiftyJSON.framework",
				"$(SRCROOT)/Carthage/Build/Mac/JSONSchema.framework",
			);
			outputPaths = (
			);
			runOnlyForDeploymentPostprocessing = 0;
			shellPath = /bin/sh;
			shellScript = "/usr/local/bin/carthage copy-frameworks";
		};
		65ADB3D420A483C5007938C2 /* ShellScript */ = {
			isa = PBXShellScriptBuildPhase;
			buildActionMask = 2147483647;
			files = (
			);
			inputPaths = (
			);
			outputPaths = (
			);
			runOnlyForDeploymentPostprocessing = 0;
			shellPath = /bin/sh;
			shellScript = "TAGS=\"TODO:|FIXME:\"\nERRORTAG=\"ERROR:\"\nfind \"${SRCROOT}/\" \\( -name \"*.h\" -or -name \"*.m\" -or -name \"*.swift\" \\) -print0 | xargs -0 egrep --with-filename --line-number --only-matching \"($TAGS).*\\$|($ERRORTAG).*\\$\" | perl -p -e \"s/($TAGS)/ warning: \\$1/\" | perl -p -e \"s/($ERRORTAG)/ error: \\$1/\"";
		};
/* End PBXShellScriptBuildPhase section */

/* Begin PBXSourcesBuildPhase section */
		658C7CA4207E7E6500E2B46B /* Sources */ = {
			isa = PBXSourcesBuildPhase;
			buildActionMask = 2147483647;
			files = (
				6558838C209C915D004C412F /* NSBezierPath+CGPath.swift in Sources */,
				6553C96220927D6E00E6737B /* ReaderViewController.swift in Sources */,
				65AFA6AE20A748B000B9C5E5 /* DialogView.swift in Sources */,
				65F85487209E61850067A95C /* NSColor+Hex.swift in Sources */,
				65C8C06620A83C7D00CDEDD9 /* MainViewController.swift in Sources */,
				65AFA6A820A7230500B9C5E5 /* GraphBGView.swift in Sources */,
				65AFA6AA20A736F500B9C5E5 /* LinkableView.swift in Sources */,
				652102522083BD390028212B /* StoryTestViewController.swift in Sources */,
				658C7CAC207E7E6500E2B46B /* AppDelegate.swift in Sources */,
				6558838A209C8C19004C412F /* CurveHelper.swift in Sources */,
				65264CAF20A76EC3002BF136 /* PinViewLink.swift in Sources */,
				65AFA6AC20A739E200B9C5E5 /* MarqueeView.swift in Sources */,
				65588384209C6295004C412F /* CommandSystem.swift in Sources */,
				65264CAD20A76DA8002BF136 /* PinView.swift in Sources */,
				65711AD220873A23005E44AF /* JSONTestViewController.swift in Sources */,
				65AFA6A120A7166900B9C5E5 /* GraphView.swift in Sources */,
				65F5DFA9207EC1090041FB0D /* VariableFolderTestViewController.swift in Sources */,
				654A155D20AA110500C99141 /* GraphBoundsView.swift in Sources */,
				65CEA213209FB412008C49AE /* MainWindowController.swift in Sources */,
				65264CAB20A7641B002BF136 /* GraphViewCommands.swift in Sources */,
				65264CB120A7742F002BF136 /* PinViewBranch.swift in Sources */,
			);
			runOnlyForDeploymentPostprocessing = 0;
		};
		658C7CB6207E7E6600E2B46B /* Sources */ = {
			isa = PBXSourcesBuildPhase;
			buildActionMask = 2147483647;
			files = (
				658C7CBF207E7E6600E2B46B /* NovellaTests.swift in Sources */,
			);
			runOnlyForDeploymentPostprocessing = 0;
		};
		658C7CC1207E7E6600E2B46B /* Sources */ = {
			isa = PBXSourcesBuildPhase;
			buildActionMask = 2147483647;
			files = (
				658C7CCA207E7E6600E2B46B /* NovellaUITests.swift in Sources */,
			);
			runOnlyForDeploymentPostprocessing = 0;
		};
		65E67DC620A458A500ED7BED /* Sources */ = {
			isa = PBXSourcesBuildPhase;
			buildActionMask = 2147483647;
			files = (
				6546806C20A45DDB0036B770 /* NVTransfer.swift in Sources */,
				6546806D20A45DDB0036B770 /* NVBranch.swift in Sources */,
				6546807120A45DDB0036B770 /* NVLink.swift in Sources */,
				6546805720A45D8E0036B770 /* NVSimulator.swift in Sources */,
				6546806220A45DAE0036B770 /* NVCutscene.swift in Sources */,
				6546807E20A45E050036B770 /* NVIdentifiable.swift in Sources */,
				6546806120A45DAE0036B770 /* NVNode.swift in Sources */,
				6546807720A45DE90036B770 /* NVGraph.swift in Sources */,
				6546806E20A45DDB0036B770 /* NVCondition.swift in Sources */,
				6546805420A45D740036B770 /* NVVariable.swift in Sources */,
				6546806B20A45DDB0036B770 /* NVLinkable.swift in Sources */,
				6546807020A45DDB0036B770 /* NVBaseLink.swift in Sources */,
				6546805F20A45DAE0036B770 /* NVDialog.swift in Sources */,
				6546807620A45DE90036B770 /* NVListener.swift in Sources */,
				6546808220A45E050036B770 /* NVError.swift in Sources */,
				6546806020A45DAE0036B770 /* NVContext.swift in Sources */,
				6546807820A45DE90036B770 /* NVExitNode.swift in Sources */,
				6546806F20A45DDB0036B770 /* NVFunction.swift in Sources */,
				6546807220A45DDB0036B770 /* NVSwitch.swift in Sources */,
				6546807F20A45E050036B770 /* NVPath.swift in Sources */,
				6546805820A45D8E0036B770 /* NVSimulation.swift in Sources */,
				6546805220A45D740036B770 /* NVFolder.swift in Sources */,
				6546808020A45E050036B770 /* NVStory.swift in Sources */,
				6546808120A45E050036B770 /* NVStory+JSON.swift in Sources */,
				6546805320A45D740036B770 /* NVDataType.swift in Sources */,
				6546805E20A45DAE0036B770 /* NVDelivery.swift in Sources */,
			);
			runOnlyForDeploymentPostprocessing = 0;
		};
/* End PBXSourcesBuildPhase section */

/* Begin PBXTargetDependency section */
		658C7CBC207E7E6600E2B46B /* PBXTargetDependency */ = {
			isa = PBXTargetDependency;
			target = 658C7CA7207E7E6500E2B46B /* Novella */;
			targetProxy = 658C7CBB207E7E6600E2B46B /* PBXContainerItemProxy */;
		};
		658C7CC7207E7E6600E2B46B /* PBXTargetDependency */ = {
			isa = PBXTargetDependency;
			target = 658C7CA7207E7E6500E2B46B /* Novella */;
			targetProxy = 658C7CC6207E7E6600E2B46B /* PBXContainerItemProxy */;
		};
		65E67DD120A458A500ED7BED /* PBXTargetDependency */ = {
			isa = PBXTargetDependency;
			target = 65E67DCA20A458A500ED7BED /* NovellaModel */;
			targetProxy = 65E67DD020A458A500ED7BED /* PBXContainerItemProxy */;
		};
/* End PBXTargetDependency section */

/* Begin PBXVariantGroup section */
		658C7CB1207E7E6600E2B46B /* Main.storyboard */ = {
			isa = PBXVariantGroup;
			children = (
				658C7CB2207E7E6600E2B46B /* Base */,
			);
			name = Main.storyboard;
			sourceTree = "<group>";
		};
/* End PBXVariantGroup section */

/* Begin XCBuildConfiguration section */
		658C7CCC207E7E6600E2B46B /* Debug */ = {
			isa = XCBuildConfiguration;
			buildSettings = {
				ALWAYS_SEARCH_USER_PATHS = NO;
				CLANG_ANALYZER_NONNULL = YES;
				CLANG_ANALYZER_NUMBER_OBJECT_CONVERSION = YES_AGGRESSIVE;
				CLANG_CXX_LANGUAGE_STANDARD = "gnu++14";
				CLANG_CXX_LIBRARY = "libc++";
				CLANG_ENABLE_MODULES = YES;
				CLANG_ENABLE_OBJC_ARC = YES;
				CLANG_ENABLE_OBJC_WEAK = YES;
				CLANG_WARN_BLOCK_CAPTURE_AUTORELEASING = YES;
				CLANG_WARN_BOOL_CONVERSION = YES;
				CLANG_WARN_COMMA = YES;
				CLANG_WARN_CONSTANT_CONVERSION = YES;
				CLANG_WARN_DEPRECATED_OBJC_IMPLEMENTATIONS = YES;
				CLANG_WARN_DIRECT_OBJC_ISA_USAGE = YES_ERROR;
				CLANG_WARN_DOCUMENTATION_COMMENTS = YES;
				CLANG_WARN_EMPTY_BODY = YES;
				CLANG_WARN_ENUM_CONVERSION = YES;
				CLANG_WARN_INFINITE_RECURSION = YES;
				CLANG_WARN_INT_CONVERSION = YES;
				CLANG_WARN_NON_LITERAL_NULL_CONVERSION = YES;
				CLANG_WARN_OBJC_IMPLICIT_RETAIN_SELF = YES;
				CLANG_WARN_OBJC_LITERAL_CONVERSION = YES;
				CLANG_WARN_OBJC_ROOT_CLASS = YES_ERROR;
				CLANG_WARN_RANGE_LOOP_ANALYSIS = YES;
				CLANG_WARN_STRICT_PROTOTYPES = YES;
				CLANG_WARN_SUSPICIOUS_MOVE = YES;
				CLANG_WARN_UNGUARDED_AVAILABILITY = YES_AGGRESSIVE;
				CLANG_WARN_UNREACHABLE_CODE = YES;
				CLANG_WARN__DUPLICATE_METHOD_MATCH = YES;
				CODE_SIGN_IDENTITY = "Mac Developer";
				COPY_PHASE_STRIP = NO;
				DEBUG_INFORMATION_FORMAT = dwarf;
				ENABLE_STRICT_OBJC_MSGSEND = YES;
				ENABLE_TESTABILITY = YES;
				GCC_C_LANGUAGE_STANDARD = gnu11;
				GCC_DYNAMIC_NO_PIC = NO;
				GCC_NO_COMMON_BLOCKS = YES;
				GCC_OPTIMIZATION_LEVEL = 0;
				GCC_PREPROCESSOR_DEFINITIONS = (
					"DEBUG=1",
					"$(inherited)",
				);
				GCC_WARN_64_TO_32_BIT_CONVERSION = YES;
				GCC_WARN_ABOUT_RETURN_TYPE = YES_ERROR;
				GCC_WARN_UNDECLARED_SELECTOR = YES;
				GCC_WARN_UNINITIALIZED_AUTOS = YES_AGGRESSIVE;
				GCC_WARN_UNUSED_FUNCTION = YES;
				GCC_WARN_UNUSED_VARIABLE = YES;
				MACOSX_DEPLOYMENT_TARGET = 10.13;
				MTL_ENABLE_DEBUG_INFO = YES;
				ONLY_ACTIVE_ARCH = YES;
				SDKROOT = macosx;
				SWIFT_ACTIVE_COMPILATION_CONDITIONS = DEBUG;
				SWIFT_OPTIMIZATION_LEVEL = "-Onone";
			};
			name = Debug;
		};
		658C7CCD207E7E6600E2B46B /* Release */ = {
			isa = XCBuildConfiguration;
			buildSettings = {
				ALWAYS_SEARCH_USER_PATHS = NO;
				CLANG_ANALYZER_NONNULL = YES;
				CLANG_ANALYZER_NUMBER_OBJECT_CONVERSION = YES_AGGRESSIVE;
				CLANG_CXX_LANGUAGE_STANDARD = "gnu++14";
				CLANG_CXX_LIBRARY = "libc++";
				CLANG_ENABLE_MODULES = YES;
				CLANG_ENABLE_OBJC_ARC = YES;
				CLANG_ENABLE_OBJC_WEAK = YES;
				CLANG_WARN_BLOCK_CAPTURE_AUTORELEASING = YES;
				CLANG_WARN_BOOL_CONVERSION = YES;
				CLANG_WARN_COMMA = YES;
				CLANG_WARN_CONSTANT_CONVERSION = YES;
				CLANG_WARN_DEPRECATED_OBJC_IMPLEMENTATIONS = YES;
				CLANG_WARN_DIRECT_OBJC_ISA_USAGE = YES_ERROR;
				CLANG_WARN_DOCUMENTATION_COMMENTS = YES;
				CLANG_WARN_EMPTY_BODY = YES;
				CLANG_WARN_ENUM_CONVERSION = YES;
				CLANG_WARN_INFINITE_RECURSION = YES;
				CLANG_WARN_INT_CONVERSION = YES;
				CLANG_WARN_NON_LITERAL_NULL_CONVERSION = YES;
				CLANG_WARN_OBJC_IMPLICIT_RETAIN_SELF = YES;
				CLANG_WARN_OBJC_LITERAL_CONVERSION = YES;
				CLANG_WARN_OBJC_ROOT_CLASS = YES_ERROR;
				CLANG_WARN_RANGE_LOOP_ANALYSIS = YES;
				CLANG_WARN_STRICT_PROTOTYPES = YES;
				CLANG_WARN_SUSPICIOUS_MOVE = YES;
				CLANG_WARN_UNGUARDED_AVAILABILITY = YES_AGGRESSIVE;
				CLANG_WARN_UNREACHABLE_CODE = YES;
				CLANG_WARN__DUPLICATE_METHOD_MATCH = YES;
				CODE_SIGN_IDENTITY = "Mac Developer";
				COPY_PHASE_STRIP = NO;
				DEBUG_INFORMATION_FORMAT = "dwarf-with-dsym";
				ENABLE_NS_ASSERTIONS = NO;
				ENABLE_STRICT_OBJC_MSGSEND = YES;
				GCC_C_LANGUAGE_STANDARD = gnu11;
				GCC_NO_COMMON_BLOCKS = YES;
				GCC_WARN_64_TO_32_BIT_CONVERSION = YES;
				GCC_WARN_ABOUT_RETURN_TYPE = YES_ERROR;
				GCC_WARN_UNDECLARED_SELECTOR = YES;
				GCC_WARN_UNINITIALIZED_AUTOS = YES_AGGRESSIVE;
				GCC_WARN_UNUSED_FUNCTION = YES;
				GCC_WARN_UNUSED_VARIABLE = YES;
				MACOSX_DEPLOYMENT_TARGET = 10.13;
				MTL_ENABLE_DEBUG_INFO = NO;
				SDKROOT = macosx;
				SWIFT_COMPILATION_MODE = wholemodule;
				SWIFT_OPTIMIZATION_LEVEL = "-O";
			};
			name = Release;
		};
		658C7CCF207E7E6600E2B46B /* Debug */ = {
			isa = XCBuildConfiguration;
			buildSettings = {
				ALWAYS_EMBED_SWIFT_STANDARD_LIBRARIES = YES;
				ASSETCATALOG_COMPILER_APPICON_NAME = AppIcon;
				CODE_SIGN_ENTITLEMENTS = Novella/Novella.entitlements;
				CODE_SIGN_STYLE = Automatic;
				COMBINE_HIDPI_IMAGES = YES;
				DEVELOPMENT_TEAM = 59LJ6Z4X2Z;
				FRAMEWORK_SEARCH_PATHS = (
					"$(inherited)",
					"$(PROJECT_DIR)/Carthage/Build/Mac",
				);
				INFOPLIST_FILE = Novella/Info.plist;
				LD_RUNPATH_SEARCH_PATHS = (
					"$(inherited)",
					"@executable_path/../Frameworks",
				);
				PRODUCT_BUNDLE_IDENTIFIER = me.dgreen.Novella;
				PRODUCT_NAME = "$(TARGET_NAME)";
				SWIFT_VERSION = 4.0;
			};
			name = Debug;
		};
		658C7CD0207E7E6600E2B46B /* Release */ = {
			isa = XCBuildConfiguration;
			buildSettings = {
				ALWAYS_EMBED_SWIFT_STANDARD_LIBRARIES = YES;
				ASSETCATALOG_COMPILER_APPICON_NAME = AppIcon;
				CODE_SIGN_ENTITLEMENTS = Novella/Novella.entitlements;
				CODE_SIGN_STYLE = Automatic;
				COMBINE_HIDPI_IMAGES = YES;
				DEVELOPMENT_TEAM = 59LJ6Z4X2Z;
				FRAMEWORK_SEARCH_PATHS = (
					"$(inherited)",
					"$(PROJECT_DIR)/Carthage/Build/Mac",
				);
				INFOPLIST_FILE = Novella/Info.plist;
				LD_RUNPATH_SEARCH_PATHS = (
					"$(inherited)",
					"@executable_path/../Frameworks",
				);
				PRODUCT_BUNDLE_IDENTIFIER = me.dgreen.Novella;
				PRODUCT_NAME = "$(TARGET_NAME)";
				SWIFT_VERSION = 4.0;
			};
			name = Release;
		};
		658C7CD2207E7E6600E2B46B /* Debug */ = {
			isa = XCBuildConfiguration;
			buildSettings = {
				ALWAYS_EMBED_SWIFT_STANDARD_LIBRARIES = YES;
				BUNDLE_LOADER = "$(TEST_HOST)";
				CODE_SIGN_STYLE = Automatic;
				COMBINE_HIDPI_IMAGES = YES;
				DEVELOPMENT_TEAM = 59LJ6Z4X2Z;
				INFOPLIST_FILE = NovellaTests/Info.plist;
				LD_RUNPATH_SEARCH_PATHS = (
					"$(inherited)",
					"@executable_path/../Frameworks",
					"@loader_path/../Frameworks",
				);
				PRODUCT_BUNDLE_IDENTIFIER = me.dgreen.NovellaTests;
				PRODUCT_NAME = "$(TARGET_NAME)";
				SWIFT_VERSION = 4.0;
				TEST_HOST = "$(BUILT_PRODUCTS_DIR)/Novella.app/Contents/MacOS/Novella";
			};
			name = Debug;
		};
		658C7CD3207E7E6600E2B46B /* Release */ = {
			isa = XCBuildConfiguration;
			buildSettings = {
				ALWAYS_EMBED_SWIFT_STANDARD_LIBRARIES = YES;
				BUNDLE_LOADER = "$(TEST_HOST)";
				CODE_SIGN_STYLE = Automatic;
				COMBINE_HIDPI_IMAGES = YES;
				DEVELOPMENT_TEAM = 59LJ6Z4X2Z;
				INFOPLIST_FILE = NovellaTests/Info.plist;
				LD_RUNPATH_SEARCH_PATHS = (
					"$(inherited)",
					"@executable_path/../Frameworks",
					"@loader_path/../Frameworks",
				);
				PRODUCT_BUNDLE_IDENTIFIER = me.dgreen.NovellaTests;
				PRODUCT_NAME = "$(TARGET_NAME)";
				SWIFT_VERSION = 4.0;
				TEST_HOST = "$(BUILT_PRODUCTS_DIR)/Novella.app/Contents/MacOS/Novella";
			};
			name = Release;
		};
		658C7CD5207E7E6600E2B46B /* Debug */ = {
			isa = XCBuildConfiguration;
			buildSettings = {
				ALWAYS_EMBED_SWIFT_STANDARD_LIBRARIES = YES;
				CODE_SIGN_STYLE = Automatic;
				COMBINE_HIDPI_IMAGES = YES;
				DEVELOPMENT_TEAM = 59LJ6Z4X2Z;
				INFOPLIST_FILE = NovellaUITests/Info.plist;
				LD_RUNPATH_SEARCH_PATHS = (
					"$(inherited)",
					"@executable_path/../Frameworks",
					"@loader_path/../Frameworks",
				);
				PRODUCT_BUNDLE_IDENTIFIER = me.dgreen.NovellaUITests;
				PRODUCT_NAME = "$(TARGET_NAME)";
				SWIFT_VERSION = 4.0;
				TEST_TARGET_NAME = Novella;
			};
			name = Debug;
		};
		658C7CD6207E7E6600E2B46B /* Release */ = {
			isa = XCBuildConfiguration;
			buildSettings = {
				ALWAYS_EMBED_SWIFT_STANDARD_LIBRARIES = YES;
				CODE_SIGN_STYLE = Automatic;
				COMBINE_HIDPI_IMAGES = YES;
				DEVELOPMENT_TEAM = 59LJ6Z4X2Z;
				INFOPLIST_FILE = NovellaUITests/Info.plist;
				LD_RUNPATH_SEARCH_PATHS = (
					"$(inherited)",
					"@executable_path/../Frameworks",
					"@loader_path/../Frameworks",
				);
				PRODUCT_BUNDLE_IDENTIFIER = me.dgreen.NovellaUITests;
				PRODUCT_NAME = "$(TARGET_NAME)";
				SWIFT_VERSION = 4.0;
				TEST_TARGET_NAME = Novella;
			};
			name = Release;
		};
		65E67DD520A458A500ED7BED /* Debug */ = {
			isa = XCBuildConfiguration;
			buildSettings = {
				CLANG_ENABLE_MODULES = YES;
				CODE_SIGN_IDENTITY = "";
				CODE_SIGN_STYLE = Automatic;
				COMBINE_HIDPI_IMAGES = YES;
				CURRENT_PROJECT_VERSION = 1;
				DEFINES_MODULE = YES;
				DEVELOPMENT_TEAM = 59LJ6Z4X2Z;
				DYLIB_COMPATIBILITY_VERSION = 1;
				DYLIB_CURRENT_VERSION = 1;
				DYLIB_INSTALL_NAME_BASE = "@rpath";
				FRAMEWORK_SEARCH_PATHS = (
					"$(inherited)",
					"$(PROJECT_DIR)/Carthage/Build/Mac",
				);
				FRAMEWORK_VERSION = A;
				INFOPLIST_FILE = NovellaModel/Info.plist;
				INSTALL_PATH = "$(LOCAL_LIBRARY_DIR)/Frameworks";
				LD_RUNPATH_SEARCH_PATHS = (
					"$(inherited)",
					"@executable_path/../Frameworks",
					"@loader_path/Frameworks",
				);
				PRODUCT_BUNDLE_IDENTIFIER = me.dgreen.NovellaModel;
				PRODUCT_NAME = "$(TARGET_NAME:c99extidentifier)";
				SKIP_INSTALL = YES;
				SWIFT_OPTIMIZATION_LEVEL = "-Onone";
				SWIFT_VERSION = 4.0;
				VERSIONING_SYSTEM = "apple-generic";
				VERSION_INFO_PREFIX = "";
			};
			name = Debug;
		};
		65E67DD620A458A500ED7BED /* Release */ = {
			isa = XCBuildConfiguration;
			buildSettings = {
				CLANG_ENABLE_MODULES = YES;
				CODE_SIGN_IDENTITY = "";
				CODE_SIGN_STYLE = Automatic;
				COMBINE_HIDPI_IMAGES = YES;
				CURRENT_PROJECT_VERSION = 1;
				DEFINES_MODULE = YES;
				DEVELOPMENT_TEAM = 59LJ6Z4X2Z;
				DYLIB_COMPATIBILITY_VERSION = 1;
				DYLIB_CURRENT_VERSION = 1;
				DYLIB_INSTALL_NAME_BASE = "@rpath";
				FRAMEWORK_SEARCH_PATHS = (
					"$(inherited)",
					"$(PROJECT_DIR)/Carthage/Build/Mac",
				);
				FRAMEWORK_VERSION = A;
				INFOPLIST_FILE = NovellaModel/Info.plist;
				INSTALL_PATH = "$(LOCAL_LIBRARY_DIR)/Frameworks";
				LD_RUNPATH_SEARCH_PATHS = (
					"$(inherited)",
					"@executable_path/../Frameworks",
					"@loader_path/Frameworks",
				);
				PRODUCT_BUNDLE_IDENTIFIER = me.dgreen.NovellaModel;
				PRODUCT_NAME = "$(TARGET_NAME:c99extidentifier)";
				SKIP_INSTALL = YES;
				SWIFT_VERSION = 4.0;
				VERSIONING_SYSTEM = "apple-generic";
				VERSION_INFO_PREFIX = "";
			};
			name = Release;
		};
/* End XCBuildConfiguration section */

/* Begin XCConfigurationList section */
		658C7CA3207E7E6500E2B46B /* Build configuration list for PBXProject "Novella" */ = {
			isa = XCConfigurationList;
			buildConfigurations = (
				658C7CCC207E7E6600E2B46B /* Debug */,
				658C7CCD207E7E6600E2B46B /* Release */,
			);
			defaultConfigurationIsVisible = 0;
			defaultConfigurationName = Release;
		};
		658C7CCE207E7E6600E2B46B /* Build configuration list for PBXNativeTarget "Novella" */ = {
			isa = XCConfigurationList;
			buildConfigurations = (
				658C7CCF207E7E6600E2B46B /* Debug */,
				658C7CD0207E7E6600E2B46B /* Release */,
			);
			defaultConfigurationIsVisible = 0;
			defaultConfigurationName = Release;
		};
		658C7CD1207E7E6600E2B46B /* Build configuration list for PBXNativeTarget "NovellaTests" */ = {
			isa = XCConfigurationList;
			buildConfigurations = (
				658C7CD2207E7E6600E2B46B /* Debug */,
				658C7CD3207E7E6600E2B46B /* Release */,
			);
			defaultConfigurationIsVisible = 0;
			defaultConfigurationName = Release;
		};
		658C7CD4207E7E6600E2B46B /* Build configuration list for PBXNativeTarget "NovellaUITests" */ = {
			isa = XCConfigurationList;
			buildConfigurations = (
				658C7CD5207E7E6600E2B46B /* Debug */,
				658C7CD6207E7E6600E2B46B /* Release */,
			);
			defaultConfigurationIsVisible = 0;
			defaultConfigurationName = Release;
		};
		65E67DD420A458A500ED7BED /* Build configuration list for PBXNativeTarget "NovellaModel" */ = {
			isa = XCConfigurationList;
			buildConfigurations = (
				65E67DD520A458A500ED7BED /* Debug */,
				65E67DD620A458A500ED7BED /* Release */,
			);
			defaultConfigurationIsVisible = 0;
			defaultConfigurationName = Release;
		};
/* End XCConfigurationList section */
	};
	rootObject = 658C7CA0207E7E6500E2B46B /* Project object */;
}
