// !$*UTF8*$!
{
	archiveVersion = 1;
	classes = {
	};
	objectVersion = 50;
	objects = {

/* Begin PBXBuildFile section */
		650864A520D001C300201542 /* ReaderViewController.swift in Sources */ = {isa = PBXBuildFile; fileRef = 650864A420D001C300201542 /* ReaderViewController.swift */; };
		650864A720D0024F00201542 /* ReaderWindowController.swift in Sources */ = {isa = PBXBuildFile; fileRef = 650864A620D0024F00201542 /* ReaderWindowController.swift */; };
		650C652020E3C7A300EF5305 /* CustomImageView.swift in Sources */ = {isa = PBXBuildFile; fileRef = 650C651F20E3C7A300EF5305 /* CustomImageView.swift */; };
		6513104420C30F050078C30C /* NVSwitch.swift in Sources */ = {isa = PBXBuildFile; fileRef = 6513102820C30F030078C30C /* NVSwitch.swift */; };
		6513104520C30F050078C30C /* NVPath.swift in Sources */ = {isa = PBXBuildFile; fileRef = 6513102920C30F030078C30C /* NVPath.swift */; };
		6513104620C30F050078C30C /* NVStoryManager+JSON.swift in Sources */ = {isa = PBXBuildFile; fileRef = 6513102A20C30F030078C30C /* NVStoryManager+JSON.swift */; };
		6513104720C30F050078C30C /* NVFolder.swift in Sources */ = {isa = PBXBuildFile; fileRef = 6513102B20C30F030078C30C /* NVFolder.swift */; };
		6513104820C30F050078C30C /* NVExitNode.swift in Sources */ = {isa = PBXBuildFile; fileRef = 6513102C20C30F030078C30C /* NVExitNode.swift */; };
		6513104920C30F050078C30C /* NVDataType.swift in Sources */ = {isa = PBXBuildFile; fileRef = 6513102D20C30F030078C30C /* NVDataType.swift */; };
		6513104A20C30F050078C30C /* NVCutscene.swift in Sources */ = {isa = PBXBuildFile; fileRef = 6513102E20C30F030078C30C /* NVCutscene.swift */; };
		6513104B20C30F050078C30C /* NVNode.swift in Sources */ = {isa = PBXBuildFile; fileRef = 6513102F20C30F030078C30C /* NVNode.swift */; };
		6513104C20C30F050078C30C /* NVBaseLink.swift in Sources */ = {isa = PBXBuildFile; fileRef = 6513103020C30F030078C30C /* NVBaseLink.swift */; };
		6513104D20C30F050078C30C /* NVTransfer.swift in Sources */ = {isa = PBXBuildFile; fileRef = 6513103120C30F030078C30C /* NVTransfer.swift */; };
		6513104E20C30F050078C30C /* NVVariable.swift in Sources */ = {isa = PBXBuildFile; fileRef = 6513103220C30F040078C30C /* NVVariable.swift */; };
		6513104F20C30F050078C30C /* NVContext.swift in Sources */ = {isa = PBXBuildFile; fileRef = 6513103320C30F040078C30C /* NVContext.swift */; };
		6513105020C30F050078C30C /* NVCondition.swift in Sources */ = {isa = PBXBuildFile; fileRef = 6513103420C30F040078C30C /* NVCondition.swift */; };
		6513105120C30F050078C30C /* NVFunction.swift in Sources */ = {isa = PBXBuildFile; fileRef = 6513103520C30F040078C30C /* NVFunction.swift */; };
		6513105220C30F050078C30C /* NVError.swift in Sources */ = {isa = PBXBuildFile; fileRef = 6513103620C30F040078C30C /* NVError.swift */; };
		6513105320C30F050078C30C /* NVStoryDelegate.swift in Sources */ = {isa = PBXBuildFile; fileRef = 6513103720C30F040078C30C /* NVStoryDelegate.swift */; };
		6513105420C30F050078C30C /* NVStoryManager.swift in Sources */ = {isa = PBXBuildFile; fileRef = 6513103820C30F040078C30C /* NVStoryManager.swift */; };
		6513105520C30F050078C30C /* NVDialog.swift in Sources */ = {isa = PBXBuildFile; fileRef = 6513103920C30F040078C30C /* NVDialog.swift */; };
		6513105620C30F050078C30C /* NVLink.swift in Sources */ = {isa = PBXBuildFile; fileRef = 6513103A20C30F040078C30C /* NVLink.swift */; };
		6513105820C30F050078C30C /* NVListener.swift in Sources */ = {isa = PBXBuildFile; fileRef = 6513103C20C30F040078C30C /* NVListener.swift */; };
		6513105920C30F050078C30C /* NVGraph.swift in Sources */ = {isa = PBXBuildFile; fileRef = 6513103D20C30F040078C30C /* NVGraph.swift */; };
		6513105B20C30F050078C30C /* NVBranch.swift in Sources */ = {isa = PBXBuildFile; fileRef = 6513103F20C30F040078C30C /* NVBranch.swift */; };
		6513105E20C30F050078C30C /* NVStory.swift in Sources */ = {isa = PBXBuildFile; fileRef = 6513104220C30F050078C30C /* NVStory.swift */; };
		6513105F20C30F050078C30C /* NVDelivery.swift in Sources */ = {isa = PBXBuildFile; fileRef = 6513104320C30F050078C30C /* NVDelivery.swift */; };
		6513106120C30F470078C30C /* JSONSchema.framework in Frameworks */ = {isa = PBXBuildFile; fileRef = 6513106020C30F470078C30C /* JSONSchema.framework */; };
		65223B5320C68D4E008E8A95 /* PinBoard.swift in Sources */ = {isa = PBXBuildFile; fileRef = 65223B5220C68D4E008E8A95 /* PinBoard.swift */; };
		654918E320D42165008467FF /* NVReader.swift in Sources */ = {isa = PBXBuildFile; fileRef = 654918E220D42165008467FF /* NVReader.swift */; };
		654918E520D6946B008467FF /* ChoiceWheelView.swift in Sources */ = {isa = PBXBuildFile; fileRef = 654918E420D6946B008467FF /* ChoiceWheelView.swift */; };
		654918E620D6A7FA008467FF /* CGPoint+Math.swift in Sources */ = {isa = PBXBuildFile; fileRef = 658C9EF020CA5CCD00D82145 /* CGPoint+Math.swift */; };
		655F9FAF20C3087300B20EFE /* AppDelegate.swift in Sources */ = {isa = PBXBuildFile; fileRef = 655F9FAE20C3087300B20EFE /* AppDelegate.swift */; };
		655F9FB520C3087400B20EFE /* Assets.xcassets in Resources */ = {isa = PBXBuildFile; fileRef = 655F9FB420C3087400B20EFE /* Assets.xcassets */; };
		655F9FB820C3087400B20EFE /* Main.storyboard in Resources */ = {isa = PBXBuildFile; fileRef = 655F9FB620C3087400B20EFE /* Main.storyboard */; };
		655F9FF720C30EAA00B20EFE /* NovellaModel.h in Headers */ = {isa = PBXBuildFile; fileRef = 655F9FF520C30EAA00B20EFE /* NovellaModel.h */; settings = {ATTRIBUTES = (Public, ); }; };
		655F9FFA20C30EAA00B20EFE /* NovellaModel.framework in Frameworks */ = {isa = PBXBuildFile; fileRef = 655F9FF320C30EAA00B20EFE /* NovellaModel.framework */; };
		655F9FFB20C30EAA00B20EFE /* NovellaModel.framework in Embed Frameworks */ = {isa = PBXBuildFile; fileRef = 655F9FF320C30EAA00B20EFE /* NovellaModel.framework */; settings = {ATTRIBUTES = (CodeSignOnCopy, RemoveHeadersOnCopy, ); }; };
		658C9EF520CA609B00D82145 /* CGPoint+Math.swift in Sources */ = {isa = PBXBuildFile; fileRef = 658C9EF020CA5CCD00D82145 /* CGPoint+Math.swift */; };
		65940AD720E19B2D00C777BF /* NVEntity.swift in Sources */ = {isa = PBXBuildFile; fileRef = 65940AD620E19B2D00C777BF /* NVEntity.swift */; };
		65940AD920E2323500C777BF /* EntityTabViewController.swift in Sources */ = {isa = PBXBuildFile; fileRef = 65940AD820E2323500C777BF /* EntityTabViewController.swift */; };
		65A2180F20D13FC900EA4594 /* NVObject.swift in Sources */ = {isa = PBXBuildFile; fileRef = 65A2180E20D13FC900EA4594 /* NVObject.swift */; };
		65C6C2BB20CE6AEF00558EAA /* NovellaDocument.swift in Sources */ = {isa = PBXBuildFile; fileRef = 65C6C2BA20CE6AEF00558EAA /* NovellaDocument.swift */; };
		65CDA4FD20E01C440043C8D3 /* TypewriterLabel.swift in Sources */ = {isa = PBXBuildFile; fileRef = 65CDA4FC20E01C440043C8D3 /* TypewriterLabel.swift */; };
		65DD6CC820C3412B0078CB28 /* MainWindowController.swift in Sources */ = {isa = PBXBuildFile; fileRef = 65DD6CC720C3412B0078CB28 /* MainWindowController.swift */; };
		65DD6CCA20C345390078CB28 /* Alerts.swift in Sources */ = {isa = PBXBuildFile; fileRef = 65DD6CC920C345390078CB28 /* Alerts.swift */; };
		65DD6CCC20C3E5E70078CB28 /* RoundedTextFieldCell.swift in Sources */ = {isa = PBXBuildFile; fileRef = 65DD6CCB20C3E5E60078CB28 /* RoundedTextFieldCell.swift */; };
		65F7F83120C313F6004663D6 /* SwiftyJSON.framework in Frameworks */ = {isa = PBXBuildFile; fileRef = 65F7F83020C313F6004663D6 /* SwiftyJSON.framework */; };
		65F7F83A20C31637004663D6 /* String+FromAny.swift in Sources */ = {isa = PBXBuildFile; fileRef = 65F7F83420C31636004663D6 /* String+FromAny.swift */; };
		65F7F83B20C31637004663D6 /* UserDefaults+Color.swift in Sources */ = {isa = PBXBuildFile; fileRef = 65F7F83520C31636004663D6 /* UserDefaults+Color.swift */; };
		65F7F83C20C31637004663D6 /* NSColor+Saturation.swift in Sources */ = {isa = PBXBuildFile; fileRef = 65F7F83620C31636004663D6 /* NSColor+Saturation.swift */; };
		65F7F83D20C31637004663D6 /* NSColor+Hex.swift in Sources */ = {isa = PBXBuildFile; fileRef = 65F7F83720C31637004663D6 /* NSColor+Hex.swift */; };
		65F7F83E20C31637004663D6 /* NSBezierPath+CGPath.swift in Sources */ = {isa = PBXBuildFile; fileRef = 65F7F83820C31637004663D6 /* NSBezierPath+CGPath.swift */; };
		65F7F83F20C31637004663D6 /* NSView+Toast.swift in Sources */ = {isa = PBXBuildFile; fileRef = 65F7F83920C31637004663D6 /* NSView+Toast.swift */; };
		65F7F84320C3168A004663D6 /* CommandSystem.swift in Sources */ = {isa = PBXBuildFile; fileRef = 65F7F84120C3168A004663D6 /* CommandSystem.swift */; };
		65F7F84420C3168A004663D6 /* CurveHelper.swift in Sources */ = {isa = PBXBuildFile; fileRef = 65F7F84220C3168A004663D6 /* CurveHelper.swift */; };
		65F7F85B20C31714004663D6 /* MarqueeView.swift in Sources */ = {isa = PBXBuildFile; fileRef = 65F7F84620C31713004663D6 /* MarqueeView.swift */; };
		65F7F85C20C31714004663D6 /* LinkableView.swift in Sources */ = {isa = PBXBuildFile; fileRef = 65F7F84720C31713004663D6 /* LinkableView.swift */; };
		65F7F85D20C31714004663D6 /* ConditionPopover.swift in Sources */ = {isa = PBXBuildFile; fileRef = 65F7F84820C31713004663D6 /* ConditionPopover.swift */; };
		65F7F85E20C31714004663D6 /* GraphBGView.swift in Sources */ = {isa = PBXBuildFile; fileRef = 65F7F84920C31713004663D6 /* GraphBGView.swift */; };
		65F7F85F20C31714004663D6 /* SelectionHandler.swift in Sources */ = {isa = PBXBuildFile; fileRef = 65F7F84A20C31713004663D6 /* SelectionHandler.swift */; };
		65F7F86020C31714004663D6 /* ContextLinkableView.swift in Sources */ = {isa = PBXBuildFile; fileRef = 65F7F84B20C31713004663D6 /* ContextLinkableView.swift */; };
		65F7F86120C31714004663D6 /* ContextPopover.swift in Sources */ = {isa = PBXBuildFile; fileRef = 65F7F84C20C31713004663D6 /* ContextPopover.swift */; };
		65F7F86220C31714004663D6 /* GraphBoundsView.swift in Sources */ = {isa = PBXBuildFile; fileRef = 65F7F84D20C31713004663D6 /* GraphBoundsView.swift */; };
		65F7F86320C31714004663D6 /* PinView.swift in Sources */ = {isa = PBXBuildFile; fileRef = 65F7F84E20C31713004663D6 /* PinView.swift */; };
		65F7F86420C31714004663D6 /* GraphLinkableView.swift in Sources */ = {isa = PBXBuildFile; fileRef = 65F7F84F20C31713004663D6 /* GraphLinkableView.swift */; };
		65F7F86520C31714004663D6 /* GraphView.swift in Sources */ = {isa = PBXBuildFile; fileRef = 65F7F85020C31713004663D6 /* GraphView.swift */; };
		65F7F86620C31714004663D6 /* PinViewBranch.swift in Sources */ = {isa = PBXBuildFile; fileRef = 65F7F85120C31713004663D6 /* PinViewBranch.swift */; };
		65F7F86720C31714004663D6 /* DialogPopover.swift in Sources */ = {isa = PBXBuildFile; fileRef = 65F7F85220C31713004663D6 /* DialogPopover.swift */; };
		65F7F86820C31714004663D6 /* PinViewLink.swift in Sources */ = {isa = PBXBuildFile; fileRef = 65F7F85320C31713004663D6 /* PinViewLink.swift */; };
		65F7F86920C31714004663D6 /* GraphViewDelegate.swift in Sources */ = {isa = PBXBuildFile; fileRef = 65F7F85420C31713004663D6 /* GraphViewDelegate.swift */; };
		65F7F86A20C31714004663D6 /* DeliveryLinkableView.swift in Sources */ = {isa = PBXBuildFile; fileRef = 65F7F85520C31713004663D6 /* DeliveryLinkableView.swift */; };
		65F7F86B20C31714004663D6 /* GenericPopover.swift in Sources */ = {isa = PBXBuildFile; fileRef = 65F7F85620C31714004663D6 /* GenericPopover.swift */; };
		65F7F86C20C31714004663D6 /* DeliveryPopover.swift in Sources */ = {isa = PBXBuildFile; fileRef = 65F7F85720C31714004663D6 /* DeliveryPopover.swift */; };
		65F7F86D20C31714004663D6 /* DialogLinkableView.swift in Sources */ = {isa = PBXBuildFile; fileRef = 65F7F85820C31714004663D6 /* DialogLinkableView.swift */; };
		65F7F86E20C31714004663D6 /* FunctionPopover.swift in Sources */ = {isa = PBXBuildFile; fileRef = 65F7F85920C31714004663D6 /* FunctionPopover.swift */; };
		65F7F86F20C31714004663D6 /* GraphViewCommands.swift in Sources */ = {isa = PBXBuildFile; fileRef = 65F7F85A20C31714004663D6 /* GraphViewCommands.swift */; };
		65F7F88920C317DD004663D6 /* Outliner.swift in Sources */ = {isa = PBXBuildFile; fileRef = 65F7F88120C317DD004663D6 /* Outliner.swift */; };
		65F7F88A20C317DD004663D6 /* Inspector.swift in Sources */ = {isa = PBXBuildFile; fileRef = 65F7F88220C317DD004663D6 /* Inspector.swift */; };
		65F7F88C20C317DD004663D6 /* ColoredView.swift in Sources */ = {isa = PBXBuildFile; fileRef = 65F7F88420C317DD004663D6 /* ColoredView.swift */; };
		65F7F88D20C317DD004663D6 /* StoryDelegate.swift in Sources */ = {isa = PBXBuildFile; fileRef = 65F7F88520C317DD004663D6 /* StoryDelegate.swift */; };
		65F7F88E20C317DD004663D6 /* MainViewController.swift in Sources */ = {isa = PBXBuildFile; fileRef = 65F7F88620C317DD004663D6 /* MainViewController.swift */; };
		65F7F88F20C317DD004663D6 /* TabItem.swift in Sources */ = {isa = PBXBuildFile; fileRef = 65F7F88720C317DD004663D6 /* TabItem.swift */; };
		65F7F89020C317DD004663D6 /* TabsDataSource.swift in Sources */ = {isa = PBXBuildFile; fileRef = 65F7F88820C317DD004663D6 /* TabsDataSource.swift */; };
		65F7F89720C317F4004663D6 /* DialogPopoverViewController.swift in Sources */ = {isa = PBXBuildFile; fileRef = 65F7F89220C317F4004663D6 /* DialogPopoverViewController.swift */; };
		65F7F89820C317F4004663D6 /* ContextPopoverViewController.swift in Sources */ = {isa = PBXBuildFile; fileRef = 65F7F89320C317F4004663D6 /* ContextPopoverViewController.swift */; };
		65F7F89920C317F4004663D6 /* FunctionPopoverViewController.swift in Sources */ = {isa = PBXBuildFile; fileRef = 65F7F89420C317F4004663D6 /* FunctionPopoverViewController.swift */; };
		65F7F89A20C317F4004663D6 /* DeliveryPopoverViewController.swift in Sources */ = {isa = PBXBuildFile; fileRef = 65F7F89520C317F4004663D6 /* DeliveryPopoverViewController.swift */; };
		65F7F89B20C317F4004663D6 /* ConditionPopoverViewController.swift in Sources */ = {isa = PBXBuildFile; fileRef = 65F7F89620C317F4004663D6 /* ConditionPopoverViewController.swift */; };
		65F7F89F20C31815004663D6 /* PreferencesWindowController.swift in Sources */ = {isa = PBXBuildFile; fileRef = 65F7F89D20C31815004663D6 /* PreferencesWindowController.swift */; };
		65F7F8A020C31815004663D6 /* PreferencesViewController.swift in Sources */ = {isa = PBXBuildFile; fileRef = 65F7F89E20C31815004663D6 /* PreferencesViewController.swift */; };
		65F7F8A420C3182F004663D6 /* GraphTabViewController.swift in Sources */ = {isa = PBXBuildFile; fileRef = 65F7F8A220C3182F004663D6 /* GraphTabViewController.swift */; };
		65F7F8A520C3182F004663D6 /* VariableTabViewController.swift in Sources */ = {isa = PBXBuildFile; fileRef = 65F7F8A320C3182F004663D6 /* VariableTabViewController.swift */; };
		65F7F8AF20C3187E004663D6 /* Settings.swift in Sources */ = {isa = PBXBuildFile; fileRef = 65F7F8AD20C3187E004663D6 /* Settings.swift */; };
		65F7F8B320C3195A004663D6 /* KPCTabsControl.framework in Frameworks */ = {isa = PBXBuildFile; fileRef = 65F7F8B120C3195A004663D6 /* KPCTabsControl.framework */; };
		65F7F8B420C3195A004663D6 /* Highlightr.framework in Frameworks */ = {isa = PBXBuildFile; fileRef = 65F7F8B220C3195A004663D6 /* Highlightr.framework */; };
		65F7F8BD20C31A07004663D6 /* Popovers.storyboard in Resources */ = {isa = PBXBuildFile; fileRef = 65F7F8B720C31A06004663D6 /* Popovers.storyboard */; };
		65F7F8BE20C31A07004663D6 /* TabPages.storyboard in Resources */ = {isa = PBXBuildFile; fileRef = 65F7F8B820C31A06004663D6 /* TabPages.storyboard */; };
		65F7F8BF20C31A07004663D6 /* Preferences.storyboard in Resources */ = {isa = PBXBuildFile; fileRef = 65F7F8B920C31A06004663D6 /* Preferences.storyboard */; };
/* End PBXBuildFile section */

/* Begin PBXContainerItemProxy section */
		655F9FF820C30EAA00B20EFE /* PBXContainerItemProxy */ = {
			isa = PBXContainerItemProxy;
			containerPortal = 655F9FA320C3087300B20EFE /* Project object */;
			proxyType = 1;
			remoteGlobalIDString = 655F9FF220C30EAA00B20EFE;
			remoteInfo = NovellaModel;
		};
/* End PBXContainerItemProxy section */

/* Begin PBXCopyFilesBuildPhase section */
		655F9FED20C30E3A00B20EFE /* Embed Frameworks */ = {
			isa = PBXCopyFilesBuildPhase;
			buildActionMask = 2147483647;
			dstPath = "";
			dstSubfolderSpec = 10;
			files = (
				655F9FFB20C30EAA00B20EFE /* NovellaModel.framework in Embed Frameworks */,
			);
			name = "Embed Frameworks";
			runOnlyForDeploymentPostprocessing = 0;
		};
/* End PBXCopyFilesBuildPhase section */

/* Begin PBXFileReference section */
		650864A420D001C300201542 /* ReaderViewController.swift */ = {isa = PBXFileReference; lastKnownFileType = sourcecode.swift; path = ReaderViewController.swift; sourceTree = "<group>"; };
		650864A620D0024F00201542 /* ReaderWindowController.swift */ = {isa = PBXFileReference; lastKnownFileType = sourcecode.swift; path = ReaderWindowController.swift; sourceTree = "<group>"; };
		650C651F20E3C7A300EF5305 /* CustomImageView.swift */ = {isa = PBXFileReference; lastKnownFileType = sourcecode.swift; path = CustomImageView.swift; sourceTree = "<group>"; };
		6513102820C30F030078C30C /* NVSwitch.swift */ = {isa = PBXFileReference; fileEncoding = 4; lastKnownFileType = sourcecode.swift; path = NVSwitch.swift; sourceTree = "<group>"; };
		6513102920C30F030078C30C /* NVPath.swift */ = {isa = PBXFileReference; fileEncoding = 4; lastKnownFileType = sourcecode.swift; path = NVPath.swift; sourceTree = "<group>"; };
		6513102A20C30F030078C30C /* NVStoryManager+JSON.swift */ = {isa = PBXFileReference; fileEncoding = 4; lastKnownFileType = sourcecode.swift; path = "NVStoryManager+JSON.swift"; sourceTree = "<group>"; };
		6513102B20C30F030078C30C /* NVFolder.swift */ = {isa = PBXFileReference; fileEncoding = 4; lastKnownFileType = sourcecode.swift; path = NVFolder.swift; sourceTree = "<group>"; };
		6513102C20C30F030078C30C /* NVExitNode.swift */ = {isa = PBXFileReference; fileEncoding = 4; lastKnownFileType = sourcecode.swift; path = NVExitNode.swift; sourceTree = "<group>"; };
		6513102D20C30F030078C30C /* NVDataType.swift */ = {isa = PBXFileReference; fileEncoding = 4; lastKnownFileType = sourcecode.swift; path = NVDataType.swift; sourceTree = "<group>"; };
		6513102E20C30F030078C30C /* NVCutscene.swift */ = {isa = PBXFileReference; fileEncoding = 4; lastKnownFileType = sourcecode.swift; path = NVCutscene.swift; sourceTree = "<group>"; };
		6513102F20C30F030078C30C /* NVNode.swift */ = {isa = PBXFileReference; fileEncoding = 4; lastKnownFileType = sourcecode.swift; path = NVNode.swift; sourceTree = "<group>"; };
		6513103020C30F030078C30C /* NVBaseLink.swift */ = {isa = PBXFileReference; fileEncoding = 4; lastKnownFileType = sourcecode.swift; path = NVBaseLink.swift; sourceTree = "<group>"; };
		6513103120C30F030078C30C /* NVTransfer.swift */ = {isa = PBXFileReference; fileEncoding = 4; lastKnownFileType = sourcecode.swift; path = NVTransfer.swift; sourceTree = "<group>"; };
		6513103220C30F040078C30C /* NVVariable.swift */ = {isa = PBXFileReference; fileEncoding = 4; lastKnownFileType = sourcecode.swift; path = NVVariable.swift; sourceTree = "<group>"; };
		6513103320C30F040078C30C /* NVContext.swift */ = {isa = PBXFileReference; fileEncoding = 4; lastKnownFileType = sourcecode.swift; path = NVContext.swift; sourceTree = "<group>"; };
		6513103420C30F040078C30C /* NVCondition.swift */ = {isa = PBXFileReference; fileEncoding = 4; lastKnownFileType = sourcecode.swift; path = NVCondition.swift; sourceTree = "<group>"; };
		6513103520C30F040078C30C /* NVFunction.swift */ = {isa = PBXFileReference; fileEncoding = 4; lastKnownFileType = sourcecode.swift; path = NVFunction.swift; sourceTree = "<group>"; };
		6513103620C30F040078C30C /* NVError.swift */ = {isa = PBXFileReference; fileEncoding = 4; lastKnownFileType = sourcecode.swift; path = NVError.swift; sourceTree = "<group>"; };
		6513103720C30F040078C30C /* NVStoryDelegate.swift */ = {isa = PBXFileReference; fileEncoding = 4; lastKnownFileType = sourcecode.swift; path = NVStoryDelegate.swift; sourceTree = "<group>"; };
		6513103820C30F040078C30C /* NVStoryManager.swift */ = {isa = PBXFileReference; fileEncoding = 4; lastKnownFileType = sourcecode.swift; path = NVStoryManager.swift; sourceTree = "<group>"; };
		6513103920C30F040078C30C /* NVDialog.swift */ = {isa = PBXFileReference; fileEncoding = 4; lastKnownFileType = sourcecode.swift; path = NVDialog.swift; sourceTree = "<group>"; };
		6513103A20C30F040078C30C /* NVLink.swift */ = {isa = PBXFileReference; fileEncoding = 4; lastKnownFileType = sourcecode.swift; path = NVLink.swift; sourceTree = "<group>"; };
		6513103C20C30F040078C30C /* NVListener.swift */ = {isa = PBXFileReference; fileEncoding = 4; lastKnownFileType = sourcecode.swift; path = NVListener.swift; sourceTree = "<group>"; };
		6513103D20C30F040078C30C /* NVGraph.swift */ = {isa = PBXFileReference; fileEncoding = 4; lastKnownFileType = sourcecode.swift; path = NVGraph.swift; sourceTree = "<group>"; };
		6513103F20C30F040078C30C /* NVBranch.swift */ = {isa = PBXFileReference; fileEncoding = 4; lastKnownFileType = sourcecode.swift; path = NVBranch.swift; sourceTree = "<group>"; };
		6513104220C30F050078C30C /* NVStory.swift */ = {isa = PBXFileReference; fileEncoding = 4; lastKnownFileType = sourcecode.swift; path = NVStory.swift; sourceTree = "<group>"; };
		6513104320C30F050078C30C /* NVDelivery.swift */ = {isa = PBXFileReference; fileEncoding = 4; lastKnownFileType = sourcecode.swift; path = NVDelivery.swift; sourceTree = "<group>"; };
		6513106020C30F470078C30C /* JSONSchema.framework */ = {isa = PBXFileReference; lastKnownFileType = wrapper.framework; name = JSONSchema.framework; path = Carthage/Build/Mac/JSONSchema.framework; sourceTree = "<group>"; };
		65223B5220C68D4E008E8A95 /* PinBoard.swift */ = {isa = PBXFileReference; lastKnownFileType = sourcecode.swift; path = PinBoard.swift; sourceTree = "<group>"; };
		654918E220D42165008467FF /* NVReader.swift */ = {isa = PBXFileReference; lastKnownFileType = sourcecode.swift; path = NVReader.swift; sourceTree = "<group>"; };
		654918E420D6946B008467FF /* ChoiceWheelView.swift */ = {isa = PBXFileReference; lastKnownFileType = sourcecode.swift; path = ChoiceWheelView.swift; sourceTree = "<group>"; };
		655F9FAB20C3087300B20EFE /* Novella.app */ = {isa = PBXFileReference; explicitFileType = wrapper.application; includeInIndex = 0; path = Novella.app; sourceTree = BUILT_PRODUCTS_DIR; };
		655F9FAE20C3087300B20EFE /* AppDelegate.swift */ = {isa = PBXFileReference; lastKnownFileType = sourcecode.swift; path = AppDelegate.swift; sourceTree = "<group>"; };
		655F9FB420C3087400B20EFE /* Assets.xcassets */ = {isa = PBXFileReference; lastKnownFileType = folder.assetcatalog; path = Assets.xcassets; sourceTree = "<group>"; };
		655F9FB720C3087400B20EFE /* Base */ = {isa = PBXFileReference; lastKnownFileType = file.storyboard; name = Base; path = Base.lproj/Main.storyboard; sourceTree = "<group>"; };
		655F9FB920C3087400B20EFE /* Info.plist */ = {isa = PBXFileReference; lastKnownFileType = text.plist.xml; path = Info.plist; sourceTree = "<group>"; };
		655F9FBA20C3087400B20EFE /* Novella.entitlements */ = {isa = PBXFileReference; lastKnownFileType = text.plist.entitlements; path = Novella.entitlements; sourceTree = "<group>"; };
		655F9FF320C30EAA00B20EFE /* NovellaModel.framework */ = {isa = PBXFileReference; explicitFileType = wrapper.framework; includeInIndex = 0; path = NovellaModel.framework; sourceTree = BUILT_PRODUCTS_DIR; };
		655F9FF520C30EAA00B20EFE /* NovellaModel.h */ = {isa = PBXFileReference; lastKnownFileType = sourcecode.c.h; path = NovellaModel.h; sourceTree = "<group>"; };
		655F9FF620C30EAA00B20EFE /* Info.plist */ = {isa = PBXFileReference; lastKnownFileType = text.plist.xml; path = Info.plist; sourceTree = "<group>"; };
		658C9EF020CA5CCD00D82145 /* CGPoint+Math.swift */ = {isa = PBXFileReference; lastKnownFileType = sourcecode.swift; path = "CGPoint+Math.swift"; sourceTree = "<group>"; };
		65940AD620E19B2D00C777BF /* NVEntity.swift */ = {isa = PBXFileReference; lastKnownFileType = sourcecode.swift; path = NVEntity.swift; sourceTree = "<group>"; };
		65940AD820E2323500C777BF /* EntityTabViewController.swift */ = {isa = PBXFileReference; lastKnownFileType = sourcecode.swift; path = EntityTabViewController.swift; sourceTree = "<group>"; };
		65A2180E20D13FC900EA4594 /* NVObject.swift */ = {isa = PBXFileReference; lastKnownFileType = sourcecode.swift; path = NVObject.swift; sourceTree = "<group>"; };
		65C6C2BA20CE6AEF00558EAA /* NovellaDocument.swift */ = {isa = PBXFileReference; fileEncoding = 4; lastKnownFileType = sourcecode.swift; path = NovellaDocument.swift; sourceTree = "<group>"; };
		65CDA4FC20E01C440043C8D3 /* TypewriterLabel.swift */ = {isa = PBXFileReference; lastKnownFileType = sourcecode.swift; path = TypewriterLabel.swift; sourceTree = "<group>"; };
		65DD6CC720C3412B0078CB28 /* MainWindowController.swift */ = {isa = PBXFileReference; lastKnownFileType = sourcecode.swift; path = MainWindowController.swift; sourceTree = "<group>"; };
		65DD6CC920C345390078CB28 /* Alerts.swift */ = {isa = PBXFileReference; lastKnownFileType = sourcecode.swift; path = Alerts.swift; sourceTree = "<group>"; };
		65DD6CCB20C3E5E60078CB28 /* RoundedTextFieldCell.swift */ = {isa = PBXFileReference; lastKnownFileType = sourcecode.swift; path = RoundedTextFieldCell.swift; sourceTree = "<group>"; };
		65F7F83020C313F6004663D6 /* SwiftyJSON.framework */ = {isa = PBXFileReference; lastKnownFileType = wrapper.framework; name = SwiftyJSON.framework; path = Carthage/Build/Mac/SwiftyJSON.framework; sourceTree = "<group>"; };
		65F7F83420C31636004663D6 /* String+FromAny.swift */ = {isa = PBXFileReference; fileEncoding = 4; lastKnownFileType = sourcecode.swift; path = "String+FromAny.swift"; sourceTree = "<group>"; };
		65F7F83520C31636004663D6 /* UserDefaults+Color.swift */ = {isa = PBXFileReference; fileEncoding = 4; lastKnownFileType = sourcecode.swift; path = "UserDefaults+Color.swift"; sourceTree = "<group>"; };
		65F7F83620C31636004663D6 /* NSColor+Saturation.swift */ = {isa = PBXFileReference; fileEncoding = 4; lastKnownFileType = sourcecode.swift; path = "NSColor+Saturation.swift"; sourceTree = "<group>"; };
		65F7F83720C31637004663D6 /* NSColor+Hex.swift */ = {isa = PBXFileReference; fileEncoding = 4; lastKnownFileType = sourcecode.swift; path = "NSColor+Hex.swift"; sourceTree = "<group>"; };
		65F7F83820C31637004663D6 /* NSBezierPath+CGPath.swift */ = {isa = PBXFileReference; fileEncoding = 4; lastKnownFileType = sourcecode.swift; path = "NSBezierPath+CGPath.swift"; sourceTree = "<group>"; };
		65F7F83920C31637004663D6 /* NSView+Toast.swift */ = {isa = PBXFileReference; fileEncoding = 4; lastKnownFileType = sourcecode.swift; path = "NSView+Toast.swift"; sourceTree = "<group>"; };
		65F7F84120C3168A004663D6 /* CommandSystem.swift */ = {isa = PBXFileReference; fileEncoding = 4; lastKnownFileType = sourcecode.swift; path = CommandSystem.swift; sourceTree = "<group>"; };
		65F7F84220C3168A004663D6 /* CurveHelper.swift */ = {isa = PBXFileReference; fileEncoding = 4; lastKnownFileType = sourcecode.swift; path = CurveHelper.swift; sourceTree = "<group>"; };
		65F7F84620C31713004663D6 /* MarqueeView.swift */ = {isa = PBXFileReference; fileEncoding = 4; lastKnownFileType = sourcecode.swift; path = MarqueeView.swift; sourceTree = "<group>"; };
		65F7F84720C31713004663D6 /* LinkableView.swift */ = {isa = PBXFileReference; fileEncoding = 4; lastKnownFileType = sourcecode.swift; path = LinkableView.swift; sourceTree = "<group>"; };
		65F7F84820C31713004663D6 /* ConditionPopover.swift */ = {isa = PBXFileReference; fileEncoding = 4; lastKnownFileType = sourcecode.swift; path = ConditionPopover.swift; sourceTree = "<group>"; };
		65F7F84920C31713004663D6 /* GraphBGView.swift */ = {isa = PBXFileReference; fileEncoding = 4; lastKnownFileType = sourcecode.swift; path = GraphBGView.swift; sourceTree = "<group>"; };
		65F7F84A20C31713004663D6 /* SelectionHandler.swift */ = {isa = PBXFileReference; fileEncoding = 4; lastKnownFileType = sourcecode.swift; path = SelectionHandler.swift; sourceTree = "<group>"; };
		65F7F84B20C31713004663D6 /* ContextLinkableView.swift */ = {isa = PBXFileReference; fileEncoding = 4; lastKnownFileType = sourcecode.swift; path = ContextLinkableView.swift; sourceTree = "<group>"; };
		65F7F84C20C31713004663D6 /* ContextPopover.swift */ = {isa = PBXFileReference; fileEncoding = 4; lastKnownFileType = sourcecode.swift; path = ContextPopover.swift; sourceTree = "<group>"; };
		65F7F84D20C31713004663D6 /* GraphBoundsView.swift */ = {isa = PBXFileReference; fileEncoding = 4; lastKnownFileType = sourcecode.swift; path = GraphBoundsView.swift; sourceTree = "<group>"; };
		65F7F84E20C31713004663D6 /* PinView.swift */ = {isa = PBXFileReference; fileEncoding = 4; lastKnownFileType = sourcecode.swift; path = PinView.swift; sourceTree = "<group>"; };
		65F7F84F20C31713004663D6 /* GraphLinkableView.swift */ = {isa = PBXFileReference; fileEncoding = 4; lastKnownFileType = sourcecode.swift; path = GraphLinkableView.swift; sourceTree = "<group>"; };
		65F7F85020C31713004663D6 /* GraphView.swift */ = {isa = PBXFileReference; fileEncoding = 4; lastKnownFileType = sourcecode.swift; path = GraphView.swift; sourceTree = "<group>"; };
		65F7F85120C31713004663D6 /* PinViewBranch.swift */ = {isa = PBXFileReference; fileEncoding = 4; lastKnownFileType = sourcecode.swift; path = PinViewBranch.swift; sourceTree = "<group>"; };
		65F7F85220C31713004663D6 /* DialogPopover.swift */ = {isa = PBXFileReference; fileEncoding = 4; lastKnownFileType = sourcecode.swift; path = DialogPopover.swift; sourceTree = "<group>"; };
		65F7F85320C31713004663D6 /* PinViewLink.swift */ = {isa = PBXFileReference; fileEncoding = 4; lastKnownFileType = sourcecode.swift; path = PinViewLink.swift; sourceTree = "<group>"; };
		65F7F85420C31713004663D6 /* GraphViewDelegate.swift */ = {isa = PBXFileReference; fileEncoding = 4; lastKnownFileType = sourcecode.swift; path = GraphViewDelegate.swift; sourceTree = "<group>"; };
		65F7F85520C31713004663D6 /* DeliveryLinkableView.swift */ = {isa = PBXFileReference; fileEncoding = 4; lastKnownFileType = sourcecode.swift; path = DeliveryLinkableView.swift; sourceTree = "<group>"; };
		65F7F85620C31714004663D6 /* GenericPopover.swift */ = {isa = PBXFileReference; fileEncoding = 4; lastKnownFileType = sourcecode.swift; path = GenericPopover.swift; sourceTree = "<group>"; };
		65F7F85720C31714004663D6 /* DeliveryPopover.swift */ = {isa = PBXFileReference; fileEncoding = 4; lastKnownFileType = sourcecode.swift; path = DeliveryPopover.swift; sourceTree = "<group>"; };
		65F7F85820C31714004663D6 /* DialogLinkableView.swift */ = {isa = PBXFileReference; fileEncoding = 4; lastKnownFileType = sourcecode.swift; path = DialogLinkableView.swift; sourceTree = "<group>"; };
		65F7F85920C31714004663D6 /* FunctionPopover.swift */ = {isa = PBXFileReference; fileEncoding = 4; lastKnownFileType = sourcecode.swift; path = FunctionPopover.swift; sourceTree = "<group>"; };
		65F7F85A20C31714004663D6 /* GraphViewCommands.swift */ = {isa = PBXFileReference; fileEncoding = 4; lastKnownFileType = sourcecode.swift; path = GraphViewCommands.swift; sourceTree = "<group>"; };
		65F7F88120C317DD004663D6 /* Outliner.swift */ = {isa = PBXFileReference; fileEncoding = 4; lastKnownFileType = sourcecode.swift; path = Outliner.swift; sourceTree = "<group>"; };
		65F7F88220C317DD004663D6 /* Inspector.swift */ = {isa = PBXFileReference; fileEncoding = 4; lastKnownFileType = sourcecode.swift; path = Inspector.swift; sourceTree = "<group>"; };
		65F7F88420C317DD004663D6 /* ColoredView.swift */ = {isa = PBXFileReference; fileEncoding = 4; lastKnownFileType = sourcecode.swift; path = ColoredView.swift; sourceTree = "<group>"; };
		65F7F88520C317DD004663D6 /* StoryDelegate.swift */ = {isa = PBXFileReference; fileEncoding = 4; lastKnownFileType = sourcecode.swift; path = StoryDelegate.swift; sourceTree = "<group>"; };
		65F7F88620C317DD004663D6 /* MainViewController.swift */ = {isa = PBXFileReference; fileEncoding = 4; lastKnownFileType = sourcecode.swift; path = MainViewController.swift; sourceTree = "<group>"; };
		65F7F88720C317DD004663D6 /* TabItem.swift */ = {isa = PBXFileReference; fileEncoding = 4; lastKnownFileType = sourcecode.swift; path = TabItem.swift; sourceTree = "<group>"; };
		65F7F88820C317DD004663D6 /* TabsDataSource.swift */ = {isa = PBXFileReference; fileEncoding = 4; lastKnownFileType = sourcecode.swift; path = TabsDataSource.swift; sourceTree = "<group>"; };
		65F7F89220C317F4004663D6 /* DialogPopoverViewController.swift */ = {isa = PBXFileReference; fileEncoding = 4; lastKnownFileType = sourcecode.swift; path = DialogPopoverViewController.swift; sourceTree = "<group>"; };
		65F7F89320C317F4004663D6 /* ContextPopoverViewController.swift */ = {isa = PBXFileReference; fileEncoding = 4; lastKnownFileType = sourcecode.swift; path = ContextPopoverViewController.swift; sourceTree = "<group>"; };
		65F7F89420C317F4004663D6 /* FunctionPopoverViewController.swift */ = {isa = PBXFileReference; fileEncoding = 4; lastKnownFileType = sourcecode.swift; path = FunctionPopoverViewController.swift; sourceTree = "<group>"; };
		65F7F89520C317F4004663D6 /* DeliveryPopoverViewController.swift */ = {isa = PBXFileReference; fileEncoding = 4; lastKnownFileType = sourcecode.swift; path = DeliveryPopoverViewController.swift; sourceTree = "<group>"; };
		65F7F89620C317F4004663D6 /* ConditionPopoverViewController.swift */ = {isa = PBXFileReference; fileEncoding = 4; lastKnownFileType = sourcecode.swift; path = ConditionPopoverViewController.swift; sourceTree = "<group>"; };
		65F7F89D20C31815004663D6 /* PreferencesWindowController.swift */ = {isa = PBXFileReference; fileEncoding = 4; lastKnownFileType = sourcecode.swift; path = PreferencesWindowController.swift; sourceTree = "<group>"; };
		65F7F89E20C31815004663D6 /* PreferencesViewController.swift */ = {isa = PBXFileReference; fileEncoding = 4; lastKnownFileType = sourcecode.swift; path = PreferencesViewController.swift; sourceTree = "<group>"; };
		65F7F8A220C3182F004663D6 /* GraphTabViewController.swift */ = {isa = PBXFileReference; fileEncoding = 4; lastKnownFileType = sourcecode.swift; path = GraphTabViewController.swift; sourceTree = "<group>"; };
		65F7F8A320C3182F004663D6 /* VariableTabViewController.swift */ = {isa = PBXFileReference; fileEncoding = 4; lastKnownFileType = sourcecode.swift; path = VariableTabViewController.swift; sourceTree = "<group>"; };
		65F7F8AD20C3187E004663D6 /* Settings.swift */ = {isa = PBXFileReference; fileEncoding = 4; lastKnownFileType = sourcecode.swift; path = Settings.swift; sourceTree = "<group>"; };
		65F7F8B120C3195A004663D6 /* KPCTabsControl.framework */ = {isa = PBXFileReference; lastKnownFileType = wrapper.framework; name = KPCTabsControl.framework; path = Carthage/Build/Mac/KPCTabsControl.framework; sourceTree = "<group>"; };
		65F7F8B220C3195A004663D6 /* Highlightr.framework */ = {isa = PBXFileReference; lastKnownFileType = wrapper.framework; name = Highlightr.framework; path = Carthage/Build/Mac/Highlightr.framework; sourceTree = "<group>"; };
		65F7F8B720C31A06004663D6 /* Popovers.storyboard */ = {isa = PBXFileReference; fileEncoding = 4; lastKnownFileType = file.storyboard; path = Popovers.storyboard; sourceTree = "<group>"; };
		65F7F8B820C31A06004663D6 /* TabPages.storyboard */ = {isa = PBXFileReference; fileEncoding = 4; lastKnownFileType = file.storyboard; path = TabPages.storyboard; sourceTree = "<group>"; };
		65F7F8B920C31A06004663D6 /* Preferences.storyboard */ = {isa = PBXFileReference; fileEncoding = 4; lastKnownFileType = file.storyboard; path = Preferences.storyboard; sourceTree = "<group>"; };
/* End PBXFileReference section */

/* Begin PBXFrameworksBuildPhase section */
		655F9FA820C3087300B20EFE /* Frameworks */ = {
			isa = PBXFrameworksBuildPhase;
			buildActionMask = 2147483647;
			files = (
				655F9FFA20C30EAA00B20EFE /* NovellaModel.framework in Frameworks */,
				65F7F8B320C3195A004663D6 /* KPCTabsControl.framework in Frameworks */,
				65F7F8B420C3195A004663D6 /* Highlightr.framework in Frameworks */,
			);
			runOnlyForDeploymentPostprocessing = 0;
		};
		655F9FEF20C30EAA00B20EFE /* Frameworks */ = {
			isa = PBXFrameworksBuildPhase;
			buildActionMask = 2147483647;
			files = (
				6513106120C30F470078C30C /* JSONSchema.framework in Frameworks */,
				65F7F83120C313F6004663D6 /* SwiftyJSON.framework in Frameworks */,
			);
			runOnlyForDeploymentPostprocessing = 0;
		};
/* End PBXFrameworksBuildPhase section */

/* Begin PBXGroup section */
		655B0D0220C42C6C00CDE92F /* Main */ = {
			isa = PBXGroup;
			children = (
				655F9FB620C3087400B20EFE /* Main.storyboard */,
				65DD6CC720C3412B0078CB28 /* MainWindowController.swift */,
				65F7F88620C317DD004663D6 /* MainViewController.swift */,
				65F7F88220C317DD004663D6 /* Inspector.swift */,
				65F7F88120C317DD004663D6 /* Outliner.swift */,
				65F7F88520C317DD004663D6 /* StoryDelegate.swift */,
				65F7F88720C317DD004663D6 /* TabItem.swift */,
				65F7F88820C317DD004663D6 /* TabsDataSource.swift */,
			);
			path = Main;
			sourceTree = "<group>";
		};
		655F9FA220C3087300B20EFE = {
			isa = PBXGroup;
			children = (
				655F9FC020C30CA300B20EFE /* Frameworks */,
				655F9FAD20C3087300B20EFE /* Novella */,
				655F9FF420C30EAA00B20EFE /* NovellaModel */,
				655F9FAC20C3087300B20EFE /* Products */,
			);
			sourceTree = "<group>";
		};
		655F9FAC20C3087300B20EFE /* Products */ = {
			isa = PBXGroup;
			children = (
				655F9FAB20C3087300B20EFE /* Novella.app */,
				655F9FF320C30EAA00B20EFE /* NovellaModel.framework */,
			);
			name = Products;
			sourceTree = "<group>";
		};
		655F9FAD20C3087300B20EFE /* Novella */ = {
			isa = PBXGroup;
			children = (
				65C6C2BA20CE6AEF00558EAA /* NovellaDocument.swift */,
				655F9FAE20C3087300B20EFE /* AppDelegate.swift */,
				655F9FBA20C3087400B20EFE /* Novella.entitlements */,
				655F9FB920C3087400B20EFE /* Info.plist */,
				655F9FB420C3087400B20EFE /* Assets.xcassets */,
				65F7F83320C31611004663D6 /* Extensions */,
				65F7F84020C31676004663D6 /* Utilities */,
				655B0D0220C42C6C00CDE92F /* Main */,
				65F7F84520C31707004663D6 /* GraphSystem */,
				65F7F8B620C319D6004663D6 /* Storyboards */,
				65F7F87020C31722004663D6 /* ViewControllers */,
				654918E420D6946B008467FF /* ChoiceWheelView.swift */,
				65CDA4FC20E01C440043C8D3 /* TypewriterLabel.swift */,
				650C651F20E3C7A300EF5305 /* CustomImageView.swift */,
			);
			path = Novella;
			sourceTree = "<group>";
		};
		655F9FC020C30CA300B20EFE /* Frameworks */ = {
			isa = PBXGroup;
			children = (
				65F7F8B220C3195A004663D6 /* Highlightr.framework */,
				65F7F8B120C3195A004663D6 /* KPCTabsControl.framework */,
				65F7F83020C313F6004663D6 /* SwiftyJSON.framework */,
				6513106020C30F470078C30C /* JSONSchema.framework */,
			);
			name = Frameworks;
			sourceTree = "<group>";
		};
		655F9FF420C30EAA00B20EFE /* NovellaModel */ = {
			isa = PBXGroup;
			children = (
				65AE16D420C32624006A921F /* Variables */,
				65AE16D320C32614006A921F /* Reading */,
				65AE16D220C32603006A921F /* Nodes */,
				65AE16D120C325EA006A921F /* Links */,
				65AE16D020C325D4006A921F /* Graphs */,
				6513103620C30F040078C30C /* NVError.swift */,
				6513102920C30F030078C30C /* NVPath.swift */,
				6513104220C30F050078C30C /* NVStory.swift */,
				6513103720C30F040078C30C /* NVStoryDelegate.swift */,
				6513103820C30F040078C30C /* NVStoryManager.swift */,
				6513102A20C30F030078C30C /* NVStoryManager+JSON.swift */,
				655F9FF520C30EAA00B20EFE /* NovellaModel.h */,
				655F9FF620C30EAA00B20EFE /* Info.plist */,
				65A2180E20D13FC900EA4594 /* NVObject.swift */,
				65940AD620E19B2D00C777BF /* NVEntity.swift */,
			);
			path = NovellaModel;
			sourceTree = "<group>";
		};
		65AE16CA20C32544006A921F /* Popovers */ = {
			isa = PBXGroup;
			children = (
				65F7F84820C31713004663D6 /* ConditionPopover.swift */,
				65F7F84C20C31713004663D6 /* ContextPopover.swift */,
				65F7F85720C31714004663D6 /* DeliveryPopover.swift */,
				65F7F85220C31713004663D6 /* DialogPopover.swift */,
				65F7F85920C31714004663D6 /* FunctionPopover.swift */,
				65F7F85620C31714004663D6 /* GenericPopover.swift */,
			);
			name = Popovers;
			sourceTree = "<group>";
		};
		65AE16CC20C32579006A921F /* PinViews */ = {
			isa = PBXGroup;
			children = (
				65F7F84E20C31713004663D6 /* PinView.swift */,
				65F7F85120C31713004663D6 /* PinViewBranch.swift */,
				65F7F85320C31713004663D6 /* PinViewLink.swift */,
			);
			name = PinViews;
			sourceTree = "<group>";
		};
		65AE16CE20C32586006A921F /* LinkableViews */ = {
			isa = PBXGroup;
			children = (
				65223B5220C68D4E008E8A95 /* PinBoard.swift */,
				65F7F84B20C31713004663D6 /* ContextLinkableView.swift */,
				65F7F85520C31713004663D6 /* DeliveryLinkableView.swift */,
				65F7F85820C31714004663D6 /* DialogLinkableView.swift */,
				65F7F84F20C31713004663D6 /* GraphLinkableView.swift */,
				65F7F84720C31713004663D6 /* LinkableView.swift */,
			);
			name = LinkableViews;
			sourceTree = "<group>";
		};
		65AE16CF20C325AB006A921F /* OtherViews */ = {
			isa = PBXGroup;
			children = (
				65F7F84920C31713004663D6 /* GraphBGView.swift */,
				65F7F84D20C31713004663D6 /* GraphBoundsView.swift */,
				65F7F84620C31713004663D6 /* MarqueeView.swift */,
			);
			name = OtherViews;
			sourceTree = "<group>";
		};
		65AE16D020C325D4006A921F /* Graphs */ = {
			isa = PBXGroup;
			children = (
				6513102C20C30F030078C30C /* NVExitNode.swift */,
				6513103D20C30F040078C30C /* NVGraph.swift */,
			);
			name = Graphs;
			sourceTree = "<group>";
		};
		65AE16D120C325EA006A921F /* Links */ = {
			isa = PBXGroup;
			children = (
				6513103020C30F030078C30C /* NVBaseLink.swift */,
				6513103F20C30F040078C30C /* NVBranch.swift */,
				6513103420C30F040078C30C /* NVCondition.swift */,
				6513103520C30F040078C30C /* NVFunction.swift */,
				6513103A20C30F040078C30C /* NVLink.swift */,
				6513102820C30F030078C30C /* NVSwitch.swift */,
				6513103120C30F030078C30C /* NVTransfer.swift */,
			);
			name = Links;
			sourceTree = "<group>";
		};
		65AE16D220C32603006A921F /* Nodes */ = {
			isa = PBXGroup;
			children = (
				6513103C20C30F040078C30C /* NVListener.swift */,
				6513103320C30F040078C30C /* NVContext.swift */,
				6513102E20C30F030078C30C /* NVCutscene.swift */,
				6513104320C30F050078C30C /* NVDelivery.swift */,
				6513103920C30F040078C30C /* NVDialog.swift */,
				6513102F20C30F030078C30C /* NVNode.swift */,
			);
			name = Nodes;
			sourceTree = "<group>";
		};
		65AE16D320C32614006A921F /* Reading */ = {
			isa = PBXGroup;
			children = (
				654918E220D42165008467FF /* NVReader.swift */,
			);
			name = Reading;
			sourceTree = "<group>";
		};
		65AE16D420C32624006A921F /* Variables */ = {
			isa = PBXGroup;
			children = (
				6513102D20C30F030078C30C /* NVDataType.swift */,
				6513102B20C30F030078C30C /* NVFolder.swift */,
				6513103220C30F040078C30C /* NVVariable.swift */,
			);
			name = Variables;
			sourceTree = "<group>";
		};
		65F7F83320C31611004663D6 /* Extensions */ = {
			isa = PBXGroup;
			children = (
				658C9EF020CA5CCD00D82145 /* CGPoint+Math.swift */,
				65F7F83820C31637004663D6 /* NSBezierPath+CGPath.swift */,
				65F7F83720C31637004663D6 /* NSColor+Hex.swift */,
				65F7F83620C31636004663D6 /* NSColor+Saturation.swift */,
				65F7F83920C31637004663D6 /* NSView+Toast.swift */,
				65F7F83420C31636004663D6 /* String+FromAny.swift */,
				65F7F83520C31636004663D6 /* UserDefaults+Color.swift */,
			);
			path = Extensions;
			sourceTree = "<group>";
		};
		65F7F84020C31676004663D6 /* Utilities */ = {
			isa = PBXGroup;
			children = (
				65DD6CC920C345390078CB28 /* Alerts.swift */,
				65F7F88420C317DD004663D6 /* ColoredView.swift */,
				65F7F84120C3168A004663D6 /* CommandSystem.swift */,
				65F7F84220C3168A004663D6 /* CurveHelper.swift */,
				65DD6CCB20C3E5E60078CB28 /* RoundedTextFieldCell.swift */,
				65F7F8AD20C3187E004663D6 /* Settings.swift */,
			);
			path = Utilities;
			sourceTree = "<group>";
		};
		65F7F84520C31707004663D6 /* GraphSystem */ = {
			isa = PBXGroup;
			children = (
				65F7F85020C31713004663D6 /* GraphView.swift */,
				65F7F85A20C31714004663D6 /* GraphViewCommands.swift */,
				65F7F85420C31713004663D6 /* GraphViewDelegate.swift */,
				65F7F84A20C31713004663D6 /* SelectionHandler.swift */,
				65AE16CE20C32586006A921F /* LinkableViews */,
				65AE16CF20C325AB006A921F /* OtherViews */,
				65AE16CC20C32579006A921F /* PinViews */,
				65AE16CA20C32544006A921F /* Popovers */,
			);
			path = GraphSystem;
			sourceTree = "<group>";
		};
		65F7F87020C31722004663D6 /* ViewControllers */ = {
			isa = PBXGroup;
			children = (
				65F7F89120C317E6004663D6 /* Popovers */,
				65F7F89C20C31806004663D6 /* Preferences */,
				65F7F8A120C3181C004663D6 /* Tabs */,
				650864A420D001C300201542 /* ReaderViewController.swift */,
				650864A620D0024F00201542 /* ReaderWindowController.swift */,
			);
			path = ViewControllers;
			sourceTree = "<group>";
		};
		65F7F89120C317E6004663D6 /* Popovers */ = {
			isa = PBXGroup;
			children = (
				65F7F89620C317F4004663D6 /* ConditionPopoverViewController.swift */,
				65F7F89320C317F4004663D6 /* ContextPopoverViewController.swift */,
				65F7F89520C317F4004663D6 /* DeliveryPopoverViewController.swift */,
				65F7F89220C317F4004663D6 /* DialogPopoverViewController.swift */,
				65F7F89420C317F4004663D6 /* FunctionPopoverViewController.swift */,
			);
			path = Popovers;
			sourceTree = "<group>";
		};
		65F7F89C20C31806004663D6 /* Preferences */ = {
			isa = PBXGroup;
			children = (
				65F7F89E20C31815004663D6 /* PreferencesViewController.swift */,
				65F7F89D20C31815004663D6 /* PreferencesWindowController.swift */,
			);
			path = Preferences;
			sourceTree = "<group>";
		};
		65F7F8A120C3181C004663D6 /* Tabs */ = {
			isa = PBXGroup;
			children = (
				65F7F8A220C3182F004663D6 /* GraphTabViewController.swift */,
				65F7F8A320C3182F004663D6 /* VariableTabViewController.swift */,
				65940AD820E2323500C777BF /* EntityTabViewController.swift */,
			);
			path = Tabs;
			sourceTree = "<group>";
		};
		65F7F8B620C319D6004663D6 /* Storyboards */ = {
			isa = PBXGroup;
			children = (
				65F7F8B720C31A06004663D6 /* Popovers.storyboard */,
				65F7F8B920C31A06004663D6 /* Preferences.storyboard */,
				65F7F8B820C31A06004663D6 /* TabPages.storyboard */,
			);
			path = Storyboards;
			sourceTree = "<group>";
		};
/* End PBXGroup section */

/* Begin PBXHeadersBuildPhase section */
		655F9FF020C30EAA00B20EFE /* Headers */ = {
			isa = PBXHeadersBuildPhase;
			buildActionMask = 2147483647;
			files = (
				655F9FF720C30EAA00B20EFE /* NovellaModel.h in Headers */,
			);
			runOnlyForDeploymentPostprocessing = 0;
		};
/* End PBXHeadersBuildPhase section */

/* Begin PBXNativeTarget section */
		655F9FAA20C3087300B20EFE /* Novella */ = {
			isa = PBXNativeTarget;
			buildConfigurationList = 655F9FBD20C3087400B20EFE /* Build configuration list for PBXNativeTarget "Novella" */;
			buildPhases = (
				655F9FA720C3087300B20EFE /* Sources */,
				655F9FA820C3087300B20EFE /* Frameworks */,
				655F9FA920C3087300B20EFE /* Resources */,
				655F9FED20C30E3A00B20EFE /* Embed Frameworks */,
				65F7F8B520C3196E004663D6 /* ShellScript */,
			);
			buildRules = (
			);
			dependencies = (
				655F9FF920C30EAA00B20EFE /* PBXTargetDependency */,
			);
			name = Novella;
			productName = Novella;
			productReference = 655F9FAB20C3087300B20EFE /* Novella.app */;
			productType = "com.apple.product-type.application";
		};
		655F9FF220C30EAA00B20EFE /* NovellaModel */ = {
			isa = PBXNativeTarget;
			buildConfigurationList = 655F9FFC20C30EAA00B20EFE /* Build configuration list for PBXNativeTarget "NovellaModel" */;
			buildPhases = (
				65F7F83220C31453004663D6 /* ShellScript */,
				655F9FEE20C30EAA00B20EFE /* Sources */,
				655F9FEF20C30EAA00B20EFE /* Frameworks */,
				655F9FF020C30EAA00B20EFE /* Headers */,
				655F9FF120C30EAA00B20EFE /* Resources */,
				65F7F82F20C3135C004663D6 /* ShellScript */,
			);
			buildRules = (
			);
			dependencies = (
			);
			name = NovellaModel;
			productName = NovellaModel;
			productReference = 655F9FF320C30EAA00B20EFE /* NovellaModel.framework */;
			productType = "com.apple.product-type.framework";
		};
/* End PBXNativeTarget section */

/* Begin PBXProject section */
		655F9FA320C3087300B20EFE /* Project object */ = {
			isa = PBXProject;
			attributes = {
				LastSwiftUpdateCheck = 0940;
				LastUpgradeCheck = 0940;
				ORGANIZATIONNAME = "Daniel Green";
				TargetAttributes = {
					655F9FAA20C3087300B20EFE = {
						CreatedOnToolsVersion = 9.4;
					};
					655F9FF220C30EAA00B20EFE = {
						CreatedOnToolsVersion = 9.4;
						LastSwiftMigration = 0940;
					};
				};
			};
			buildConfigurationList = 655F9FA620C3087300B20EFE /* Build configuration list for PBXProject "Novella" */;
			compatibilityVersion = "Xcode 9.3";
			developmentRegion = en;
			hasScannedForEncodings = 0;
			knownRegions = (
				en,
				Base,
			);
			mainGroup = 655F9FA220C3087300B20EFE;
			productRefGroup = 655F9FAC20C3087300B20EFE /* Products */;
			projectDirPath = "";
			projectRoot = "";
			targets = (
				655F9FAA20C3087300B20EFE /* Novella */,
				655F9FF220C30EAA00B20EFE /* NovellaModel */,
			);
		};
/* End PBXProject section */

/* Begin PBXResourcesBuildPhase section */
		655F9FA920C3087300B20EFE /* Resources */ = {
			isa = PBXResourcesBuildPhase;
			buildActionMask = 2147483647;
			files = (
				655F9FB520C3087400B20EFE /* Assets.xcassets in Resources */,
				65F7F8BE20C31A07004663D6 /* TabPages.storyboard in Resources */,
				655F9FB820C3087400B20EFE /* Main.storyboard in Resources */,
				65F7F8BF20C31A07004663D6 /* Preferences.storyboard in Resources */,
				65F7F8BD20C31A07004663D6 /* Popovers.storyboard in Resources */,
			);
			runOnlyForDeploymentPostprocessing = 0;
		};
		655F9FF120C30EAA00B20EFE /* Resources */ = {
			isa = PBXResourcesBuildPhase;
			buildActionMask = 2147483647;
			files = (
			);
			runOnlyForDeploymentPostprocessing = 0;
		};
/* End PBXResourcesBuildPhase section */

/* Begin PBXShellScriptBuildPhase section */
		65F7F82F20C3135C004663D6 /* ShellScript */ = {
			isa = PBXShellScriptBuildPhase;
			buildActionMask = 2147483647;
			files = (
			);
			inputPaths = (
				"$(SRCROOT)/Carthage/Build/Mac/JSONSchema.framework",
				"$(SRCROOT)/Carthage/Build/Mac/SwiftyJSON.framework",
			);
			outputPaths = (
				"$(BUILT_PRODUCTS_DIR)/$(FRAMEWORKS_FOLDER_PATH)/JSONSchema.framework",
				"$(BUILT_PRODUCTS_DIR)/$(FRAMEWORKS_FOLDER_PATH)/SwiftyJSON.framework",
			);
			runOnlyForDeploymentPostprocessing = 0;
			shellPath = /bin/sh;
			shellScript = "/usr/local/bin/carthage copy-frameworks";
		};
		65F7F83220C31453004663D6 /* ShellScript */ = {
			isa = PBXShellScriptBuildPhase;
			buildActionMask = 2147483647;
			files = (
			);
			inputPaths = (
			);
			outputPaths = (
			);
			runOnlyForDeploymentPostprocessing = 0;
			shellPath = /bin/sh;
			shellScript = "TAGS=\"TODO:|FIXME:\"\nERRORTAG=\"ERROR:\"\nfind \"${SRCROOT}/\" \\( -name \"*.h\" -or -name \"*.m\" -or -name \"*.swift\" \\) -print0 | xargs -0 egrep --with-filename --line-number --only-matching \"($TAGS).*\\$|($ERRORTAG).*\\$\" | perl -p -e \"s/($TAGS)/ warning: \\$1/\" | perl -p -e \"s/($ERRORTAG)/ error: \\$1/\"";
		};
		65F7F8B520C3196E004663D6 /* ShellScript */ = {
			isa = PBXShellScriptBuildPhase;
			buildActionMask = 2147483647;
			files = (
			);
			inputPaths = (
				"$(SRCROOT)/Carthage/Build/Mac/Highlightr.framework",
				"$(SRCROOT)/Carthage/Build/Mac/KPCTabsControl.framework",
			);
			outputPaths = (
				"$(BUILT_PRODUCTS_DIR)/$(FRAMEWORKS_FOLDER_PATH)/Highlightr.framework",
				"$(BUILT_PRODUCTS_DIR)/$(FRAMEWORKS_FOLDER_PATH)/KPCTabsControl.framework",
			);
			runOnlyForDeploymentPostprocessing = 0;
			shellPath = /bin/sh;
			shellScript = "/usr/local/bin/carthage copy-frameworks";
		};
/* End PBXShellScriptBuildPhase section */

/* Begin PBXSourcesBuildPhase section */
		655F9FA720C3087300B20EFE /* Sources */ = {
			isa = PBXSourcesBuildPhase;
			buildActionMask = 2147483647;
			files = (
				65F7F88C20C317DD004663D6 /* ColoredView.swift in Sources */,
				65F7F89920C317F4004663D6 /* FunctionPopoverViewController.swift in Sources */,
				65F7F88920C317DD004663D6 /* Outliner.swift in Sources */,
				65F7F86120C31714004663D6 /* ContextPopover.swift in Sources */,
				65F7F86E20C31714004663D6 /* FunctionPopover.swift in Sources */,
				650864A520D001C300201542 /* ReaderViewController.swift in Sources */,
				65CDA4FD20E01C440043C8D3 /* TypewriterLabel.swift in Sources */,
				65F7F88A20C317DD004663D6 /* Inspector.swift in Sources */,
				65DD6CCC20C3E5E70078CB28 /* RoundedTextFieldCell.swift in Sources */,
				650864A720D0024F00201542 /* ReaderWindowController.swift in Sources */,
				65F7F86D20C31714004663D6 /* DialogLinkableView.swift in Sources */,
				65F7F86820C31714004663D6 /* PinViewLink.swift in Sources */,
				65F7F83F20C31637004663D6 /* NSView+Toast.swift in Sources */,
				65F7F8A020C31815004663D6 /* PreferencesViewController.swift in Sources */,
				65F7F86520C31714004663D6 /* GraphView.swift in Sources */,
				65F7F83D20C31637004663D6 /* NSColor+Hex.swift in Sources */,
				65F7F83A20C31637004663D6 /* String+FromAny.swift in Sources */,
				65223B5320C68D4E008E8A95 /* PinBoard.swift in Sources */,
				65F7F86B20C31714004663D6 /* GenericPopover.swift in Sources */,
				65F7F85E20C31714004663D6 /* GraphBGView.swift in Sources */,
				65F7F85F20C31714004663D6 /* SelectionHandler.swift in Sources */,
				65F7F84320C3168A004663D6 /* CommandSystem.swift in Sources */,
				65F7F86720C31714004663D6 /* DialogPopover.swift in Sources */,
				65F7F83B20C31637004663D6 /* UserDefaults+Color.swift in Sources */,
				65F7F84420C3168A004663D6 /* CurveHelper.swift in Sources */,
				65F7F86320C31714004663D6 /* PinView.swift in Sources */,
				65F7F89B20C317F4004663D6 /* ConditionPopoverViewController.swift in Sources */,
				654918E520D6946B008467FF /* ChoiceWheelView.swift in Sources */,
				65F7F8AF20C3187E004663D6 /* Settings.swift in Sources */,
				65F7F8A520C3182F004663D6 /* VariableTabViewController.swift in Sources */,
				65F7F86F20C31714004663D6 /* GraphViewCommands.swift in Sources */,
				65DD6CC820C3412B0078CB28 /* MainWindowController.swift in Sources */,
				655F9FAF20C3087300B20EFE /* AppDelegate.swift in Sources */,
				65F7F83E20C31637004663D6 /* NSBezierPath+CGPath.swift in Sources */,
				65F7F86420C31714004663D6 /* GraphLinkableView.swift in Sources */,
				65F7F85D20C31714004663D6 /* ConditionPopover.swift in Sources */,
				65F7F86920C31714004663D6 /* GraphViewDelegate.swift in Sources */,
				65F7F88E20C317DD004663D6 /* MainViewController.swift in Sources */,
				65F7F83C20C31637004663D6 /* NSColor+Saturation.swift in Sources */,
				654918E620D6A7FA008467FF /* CGPoint+Math.swift in Sources */,
				65DD6CCA20C345390078CB28 /* Alerts.swift in Sources */,
				65F7F8A420C3182F004663D6 /* GraphTabViewController.swift in Sources */,
				65F7F86220C31714004663D6 /* GraphBoundsView.swift in Sources */,
				65F7F86C20C31714004663D6 /* DeliveryPopover.swift in Sources */,
				650C652020E3C7A300EF5305 /* CustomImageView.swift in Sources */,
				65F7F85C20C31714004663D6 /* LinkableView.swift in Sources */,
				65F7F89F20C31815004663D6 /* PreferencesWindowController.swift in Sources */,
				65F7F86020C31714004663D6 /* ContextLinkableView.swift in Sources */,
				65F7F89720C317F4004663D6 /* DialogPopoverViewController.swift in Sources */,
				65F7F89820C317F4004663D6 /* ContextPopoverViewController.swift in Sources */,
				65F7F89020C317DD004663D6 /* TabsDataSource.swift in Sources */,
				65F7F86620C31714004663D6 /* PinViewBranch.swift in Sources */,
				65940AD920E2323500C777BF /* EntityTabViewController.swift in Sources */,
				65F7F86A20C31714004663D6 /* DeliveryLinkableView.swift in Sources */,
				65F7F88D20C317DD004663D6 /* StoryDelegate.swift in Sources */,
				65C6C2BB20CE6AEF00558EAA /* NovellaDocument.swift in Sources */,
				65F7F88F20C317DD004663D6 /* TabItem.swift in Sources */,
				65F7F85B20C31714004663D6 /* MarqueeView.swift in Sources */,
				65F7F89A20C317F4004663D6 /* DeliveryPopoverViewController.swift in Sources */,
			);
			runOnlyForDeploymentPostprocessing = 0;
		};
		655F9FEE20C30EAA00B20EFE /* Sources */ = {
			isa = PBXSourcesBuildPhase;
			buildActionMask = 2147483647;
			files = (
				6513105320C30F050078C30C /* NVStoryDelegate.swift in Sources */,
				6513105220C30F050078C30C /* NVError.swift in Sources */,
				65940AD720E19B2D00C777BF /* NVEntity.swift in Sources */,
				6513104620C30F050078C30C /* NVStoryManager+JSON.swift in Sources */,
				6513105520C30F050078C30C /* NVDialog.swift in Sources */,
				6513105120C30F050078C30C /* NVFunction.swift in Sources */,
				6513104B20C30F050078C30C /* NVNode.swift in Sources */,
				6513105020C30F050078C30C /* NVCondition.swift in Sources */,
				6513104720C30F050078C30C /* NVFolder.swift in Sources */,
				6513104520C30F050078C30C /* NVPath.swift in Sources */,
				6513104920C30F050078C30C /* NVDataType.swift in Sources */,
				654918E320D42165008467FF /* NVReader.swift in Sources */,
				6513104420C30F050078C30C /* NVSwitch.swift in Sources */,
				6513105B20C30F050078C30C /* NVBranch.swift in Sources */,
				6513105420C30F050078C30C /* NVStoryManager.swift in Sources */,
				65A2180F20D13FC900EA4594 /* NVObject.swift in Sources */,
				6513105920C30F050078C30C /* NVGraph.swift in Sources */,
				6513105E20C30F050078C30C /* NVStory.swift in Sources */,
				6513105820C30F050078C30C /* NVListener.swift in Sources */,
				6513104D20C30F050078C30C /* NVTransfer.swift in Sources */,
				6513104A20C30F050078C30C /* NVCutscene.swift in Sources */,
				6513105F20C30F050078C30C /* NVDelivery.swift in Sources */,
				6513104E20C30F050078C30C /* NVVariable.swift in Sources */,
				6513104820C30F050078C30C /* NVExitNode.swift in Sources */,
				6513105620C30F050078C30C /* NVLink.swift in Sources */,
				6513104C20C30F050078C30C /* NVBaseLink.swift in Sources */,
				6513104F20C30F050078C30C /* NVContext.swift in Sources */,
				658C9EF520CA609B00D82145 /* CGPoint+Math.swift in Sources */,
			);
			runOnlyForDeploymentPostprocessing = 0;
		};
/* End PBXSourcesBuildPhase section */

/* Begin PBXTargetDependency section */
		655F9FF920C30EAA00B20EFE /* PBXTargetDependency */ = {
			isa = PBXTargetDependency;
			target = 655F9FF220C30EAA00B20EFE /* NovellaModel */;
			targetProxy = 655F9FF820C30EAA00B20EFE /* PBXContainerItemProxy */;
		};
/* End PBXTargetDependency section */

/* Begin PBXVariantGroup section */
		655F9FB620C3087400B20EFE /* Main.storyboard */ = {
			isa = PBXVariantGroup;
			children = (
				655F9FB720C3087400B20EFE /* Base */,
			);
			name = Main.storyboard;
			sourceTree = "<group>";
		};
/* End PBXVariantGroup section */

/* Begin XCBuildConfiguration section */
		655F9FBB20C3087400B20EFE /* Debug */ = {
			isa = XCBuildConfiguration;
			buildSettings = {
				ALWAYS_SEARCH_USER_PATHS = NO;
				CLANG_ANALYZER_NONNULL = YES;
				CLANG_ANALYZER_NUMBER_OBJECT_CONVERSION = YES_AGGRESSIVE;
				CLANG_CXX_LANGUAGE_STANDARD = "gnu++14";
				CLANG_CXX_LIBRARY = "libc++";
				CLANG_ENABLE_MODULES = YES;
				CLANG_ENABLE_OBJC_ARC = YES;
				CLANG_ENABLE_OBJC_WEAK = YES;
				CLANG_WARN_BLOCK_CAPTURE_AUTORELEASING = YES;
				CLANG_WARN_BOOL_CONVERSION = YES;
				CLANG_WARN_COMMA = YES;
				CLANG_WARN_CONSTANT_CONVERSION = YES;
				CLANG_WARN_DEPRECATED_OBJC_IMPLEMENTATIONS = YES;
				CLANG_WARN_DIRECT_OBJC_ISA_USAGE = YES_ERROR;
				CLANG_WARN_DOCUMENTATION_COMMENTS = YES;
				CLANG_WARN_EMPTY_BODY = YES;
				CLANG_WARN_ENUM_CONVERSION = YES;
				CLANG_WARN_INFINITE_RECURSION = YES;
				CLANG_WARN_INT_CONVERSION = YES;
				CLANG_WARN_NON_LITERAL_NULL_CONVERSION = YES;
				CLANG_WARN_OBJC_IMPLICIT_RETAIN_SELF = YES;
				CLANG_WARN_OBJC_LITERAL_CONVERSION = YES;
				CLANG_WARN_OBJC_ROOT_CLASS = YES_ERROR;
				CLANG_WARN_RANGE_LOOP_ANALYSIS = YES;
				CLANG_WARN_STRICT_PROTOTYPES = YES;
				CLANG_WARN_SUSPICIOUS_MOVE = YES;
				CLANG_WARN_UNGUARDED_AVAILABILITY = YES_AGGRESSIVE;
				CLANG_WARN_UNREACHABLE_CODE = YES;
				CLANG_WARN__DUPLICATE_METHOD_MATCH = YES;
				CODE_SIGN_IDENTITY = "Mac Developer";
				COPY_PHASE_STRIP = NO;
				DEBUG_INFORMATION_FORMAT = dwarf;
				ENABLE_STRICT_OBJC_MSGSEND = YES;
				ENABLE_TESTABILITY = YES;
				GCC_C_LANGUAGE_STANDARD = gnu11;
				GCC_DYNAMIC_NO_PIC = NO;
				GCC_NO_COMMON_BLOCKS = YES;
				GCC_OPTIMIZATION_LEVEL = 0;
				GCC_PREPROCESSOR_DEFINITIONS = (
					"DEBUG=1",
					"$(inherited)",
				);
				GCC_WARN_64_TO_32_BIT_CONVERSION = YES;
				GCC_WARN_ABOUT_RETURN_TYPE = YES_ERROR;
				GCC_WARN_UNDECLARED_SELECTOR = YES;
				GCC_WARN_UNINITIALIZED_AUTOS = YES_AGGRESSIVE;
				GCC_WARN_UNUSED_FUNCTION = YES;
				GCC_WARN_UNUSED_VARIABLE = YES;
				MACOSX_DEPLOYMENT_TARGET = 10.13;
				MTL_ENABLE_DEBUG_INFO = YES;
				ONLY_ACTIVE_ARCH = YES;
				SDKROOT = macosx;
				SWIFT_ACTIVE_COMPILATION_CONDITIONS = DEBUG;
				SWIFT_OPTIMIZATION_LEVEL = "-Onone";
			};
			name = Debug;
		};
		655F9FBC20C3087400B20EFE /* Release */ = {
			isa = XCBuildConfiguration;
			buildSettings = {
				ALWAYS_SEARCH_USER_PATHS = NO;
				CLANG_ANALYZER_NONNULL = YES;
				CLANG_ANALYZER_NUMBER_OBJECT_CONVERSION = YES_AGGRESSIVE;
				CLANG_CXX_LANGUAGE_STANDARD = "gnu++14";
				CLANG_CXX_LIBRARY = "libc++";
				CLANG_ENABLE_MODULES = YES;
				CLANG_ENABLE_OBJC_ARC = YES;
				CLANG_ENABLE_OBJC_WEAK = YES;
				CLANG_WARN_BLOCK_CAPTURE_AUTORELEASING = YES;
				CLANG_WARN_BOOL_CONVERSION = YES;
				CLANG_WARN_COMMA = YES;
				CLANG_WARN_CONSTANT_CONVERSION = YES;
				CLANG_WARN_DEPRECATED_OBJC_IMPLEMENTATIONS = YES;
				CLANG_WARN_DIRECT_OBJC_ISA_USAGE = YES_ERROR;
				CLANG_WARN_DOCUMENTATION_COMMENTS = YES;
				CLANG_WARN_EMPTY_BODY = YES;
				CLANG_WARN_ENUM_CONVERSION = YES;
				CLANG_WARN_INFINITE_RECURSION = YES;
				CLANG_WARN_INT_CONVERSION = YES;
				CLANG_WARN_NON_LITERAL_NULL_CONVERSION = YES;
				CLANG_WARN_OBJC_IMPLICIT_RETAIN_SELF = YES;
				CLANG_WARN_OBJC_LITERAL_CONVERSION = YES;
				CLANG_WARN_OBJC_ROOT_CLASS = YES_ERROR;
				CLANG_WARN_RANGE_LOOP_ANALYSIS = YES;
				CLANG_WARN_STRICT_PROTOTYPES = YES;
				CLANG_WARN_SUSPICIOUS_MOVE = YES;
				CLANG_WARN_UNGUARDED_AVAILABILITY = YES_AGGRESSIVE;
				CLANG_WARN_UNREACHABLE_CODE = YES;
				CLANG_WARN__DUPLICATE_METHOD_MATCH = YES;
				CODE_SIGN_IDENTITY = "Mac Developer";
				COPY_PHASE_STRIP = NO;
				DEBUG_INFORMATION_FORMAT = "dwarf-with-dsym";
				ENABLE_NS_ASSERTIONS = NO;
				ENABLE_STRICT_OBJC_MSGSEND = YES;
				GCC_C_LANGUAGE_STANDARD = gnu11;
				GCC_NO_COMMON_BLOCKS = YES;
				GCC_WARN_64_TO_32_BIT_CONVERSION = YES;
				GCC_WARN_ABOUT_RETURN_TYPE = YES_ERROR;
				GCC_WARN_UNDECLARED_SELECTOR = YES;
				GCC_WARN_UNINITIALIZED_AUTOS = YES_AGGRESSIVE;
				GCC_WARN_UNUSED_FUNCTION = YES;
				GCC_WARN_UNUSED_VARIABLE = YES;
				MACOSX_DEPLOYMENT_TARGET = 10.13;
				MTL_ENABLE_DEBUG_INFO = NO;
				SDKROOT = macosx;
				SWIFT_COMPILATION_MODE = wholemodule;
				SWIFT_OPTIMIZATION_LEVEL = "-O";
			};
			name = Release;
		};
		655F9FBE20C3087400B20EFE /* Debug */ = {
			isa = XCBuildConfiguration;
			buildSettings = {
				ALWAYS_EMBED_SWIFT_STANDARD_LIBRARIES = YES;
				ASSETCATALOG_COMPILER_APPICON_NAME = AppIcon;
				CODE_SIGN_STYLE = Automatic;
				COMBINE_HIDPI_IMAGES = YES;
				DEVELOPMENT_TEAM = 59LJ6Z4X2Z;
				FRAMEWORK_SEARCH_PATHS = (
					"$(inherited)",
					"$(PROJECT_DIR)/Carthage/Build/Mac",
				);
				INFOPLIST_FILE = Novella/Info.plist;
				LD_RUNPATH_SEARCH_PATHS = (
					"$(inherited)",
					"@executable_path/../Frameworks",
					"$(FRAMEWORK_SEARCH_PATHS)",
				);
				PRODUCT_BUNDLE_IDENTIFIER = me.dgreen.Novella;
				PRODUCT_NAME = "$(TARGET_NAME)";
				SWIFT_VERSION = 4.0;
			};
			name = Debug;
		};
		655F9FBF20C3087400B20EFE /* Release */ = {
			isa = XCBuildConfiguration;
			buildSettings = {
				ALWAYS_EMBED_SWIFT_STANDARD_LIBRARIES = YES;
				ASSETCATALOG_COMPILER_APPICON_NAME = AppIcon;
				CODE_SIGN_STYLE = Automatic;
				COMBINE_HIDPI_IMAGES = YES;
				DEVELOPMENT_TEAM = 59LJ6Z4X2Z;
				FRAMEWORK_SEARCH_PATHS = (
					"$(inherited)",
					"$(PROJECT_DIR)/Carthage/Build/Mac",
				);
				INFOPLIST_FILE = Novella/Info.plist;
				LD_RUNPATH_SEARCH_PATHS = (
					"$(inherited)",
					"@executable_path/../Frameworks",
					"$(FRAMEWORK_SEARCH_PATHS)",
				);
				PRODUCT_BUNDLE_IDENTIFIER = me.dgreen.Novella;
				PRODUCT_NAME = "$(TARGET_NAME)";
				SWIFT_VERSION = 4.0;
			};
			name = Release;
		};
		655F9FFD20C30EAA00B20EFE /* Debug */ = {
			isa = XCBuildConfiguration;
			buildSettings = {
				CLANG_ENABLE_MODULES = YES;
				CODE_SIGN_IDENTITY = "Mac Developer";
				CODE_SIGN_STYLE = Automatic;
				COMBINE_HIDPI_IMAGES = YES;
				CURRENT_PROJECT_VERSION = 1;
				DEFINES_MODULE = YES;
				DEVELOPMENT_TEAM = 59LJ6Z4X2Z;
				DYLIB_COMPATIBILITY_VERSION = 1;
				DYLIB_CURRENT_VERSION = 1;
				DYLIB_INSTALL_NAME_BASE = "@rpath";
				FRAMEWORK_SEARCH_PATHS = (
					"$(inherited)",
					"$(PROJECT_DIR)/Carthage/Build/Mac",
				);
				FRAMEWORK_VERSION = A;
				INFOPLIST_FILE = NovellaModel/Info.plist;
				INSTALL_PATH = "$(LOCAL_LIBRARY_DIR)/Frameworks";
				LD_RUNPATH_SEARCH_PATHS = (
					"$(inherited)",
					"@executable_path/../Frameworks",
					"@loader_path/Frameworks",
				);
				PRODUCT_BUNDLE_IDENTIFIER = me.dgreen.NovellaModel;
				PRODUCT_NAME = "$(TARGET_NAME:c99extidentifier)";
				SKIP_INSTALL = YES;
				SWIFT_OPTIMIZATION_LEVEL = "-Onone";
				SWIFT_VERSION = 4.0;
				VERSIONING_SYSTEM = "apple-generic";
				VERSION_INFO_PREFIX = "";
			};
			name = Debug;
		};
		655F9FFE20C30EAA00B20EFE /* Release */ = {
			isa = XCBuildConfiguration;
			buildSettings = {
				CLANG_ENABLE_MODULES = YES;
				CODE_SIGN_IDENTITY = "Mac Developer";
				CODE_SIGN_STYLE = Automatic;
				COMBINE_HIDPI_IMAGES = YES;
				CURRENT_PROJECT_VERSION = 1;
				DEFINES_MODULE = YES;
				DEVELOPMENT_TEAM = 59LJ6Z4X2Z;
				DYLIB_COMPATIBILITY_VERSION = 1;
				DYLIB_CURRENT_VERSION = 1;
				DYLIB_INSTALL_NAME_BASE = "@rpath";
				FRAMEWORK_SEARCH_PATHS = (
					"$(inherited)",
					"$(PROJECT_DIR)/Carthage/Build/Mac",
				);
				FRAMEWORK_VERSION = A;
				INFOPLIST_FILE = NovellaModel/Info.plist;
				INSTALL_PATH = "$(LOCAL_LIBRARY_DIR)/Frameworks";
				LD_RUNPATH_SEARCH_PATHS = (
					"$(inherited)",
					"@executable_path/../Frameworks",
					"@loader_path/Frameworks",
				);
				PRODUCT_BUNDLE_IDENTIFIER = me.dgreen.NovellaModel;
				PRODUCT_NAME = "$(TARGET_NAME:c99extidentifier)";
				SKIP_INSTALL = YES;
				SWIFT_VERSION = 4.0;
				VERSIONING_SYSTEM = "apple-generic";
				VERSION_INFO_PREFIX = "";
			};
			name = Release;
		};
/* End XCBuildConfiguration section */

/* Begin XCConfigurationList section */
		655F9FA620C3087300B20EFE /* Build configuration list for PBXProject "Novella" */ = {
			isa = XCConfigurationList;
			buildConfigurations = (
				655F9FBB20C3087400B20EFE /* Debug */,
				655F9FBC20C3087400B20EFE /* Release */,
			);
			defaultConfigurationIsVisible = 0;
			defaultConfigurationName = Release;
		};
		655F9FBD20C3087400B20EFE /* Build configuration list for PBXNativeTarget "Novella" */ = {
			isa = XCConfigurationList;
			buildConfigurations = (
				655F9FBE20C3087400B20EFE /* Debug */,
				655F9FBF20C3087400B20EFE /* Release */,
			);
			defaultConfigurationIsVisible = 0;
			defaultConfigurationName = Release;
		};
		655F9FFC20C30EAA00B20EFE /* Build configuration list for PBXNativeTarget "NovellaModel" */ = {
			isa = XCConfigurationList;
			buildConfigurations = (
				655F9FFD20C30EAA00B20EFE /* Debug */,
				655F9FFE20C30EAA00B20EFE /* Release */,
			);
			defaultConfigurationIsVisible = 0;
			defaultConfigurationName = Release;
		};
/* End XCConfigurationList section */
	};
	rootObject = 655F9FA320C3087300B20EFE /* Project object */;
}
